<?xml version="1.0" encoding="utf-8"?>
<Project ToolsVersion="4.0" xmlns="http://schemas.microsoft.com/developer/msbuild/2003">
  <ItemGroup>
    <Filter Include="Source Files">
      <UniqueIdentifier>{4FC737F1-C7A5-4376-A066-2A32D752A2FF}</UniqueIdentifier>
      <Extensions>cpp;c;cc;cxx;def;odl;idl;hpj;bat;asm;asmx</Extensions>
    </Filter>
    <Filter Include="Header Files">
      <UniqueIdentifier>{93995380-89BD-4b04-88EB-625FBE52EBFB}</UniqueIdentifier>
      <Extensions>h;hpp;hxx;hm;inl;inc;xsd</Extensions>
    </Filter>
    <Filter Include="Resource Files">
      <UniqueIdentifier>{67DA6AB6-F800-4c08-8B7A-83BB121AAD01}</UniqueIdentifier>
      <Extensions>rc;ico;cur;bmp;dlg;rc2;rct;bin;rgs;gif;jpg;jpeg;jpe;resx;tiff;tif;png;wav;mfcribbon-ms</Extensions>
    </Filter>
  </ItemGroup>
  <ItemGroup>
    <ClInclude Include="foundation\Axis.Core.hpp">
      <Filter>Header Files</Filter>
    </ClInclude>
    <ClInclude Include="services\logging\LogFile.hpp">
      <Filter>Header Files</Filter>
    </ClInclude>
    <ClInclude Include="services\management\GlobalProviderCatalogImpl.hpp">
      <Filter>Header Files</Filter>
    </ClInclude>
    <ClInclude Include="services\management\PluginConnector.hpp">
      <Filter>Header Files</Filter>
    </ClInclude>
    <ClInclude Include="services\management\PluginLayer.hpp">
      <Filter>Header Files</Filter>
    </ClInclude>
    <ClInclude Include="services\management\PluginLibrarian.hpp">
      <Filter>Header Files</Filter>
    </ClInclude>
    <ClInclude Include="services\management\ProviderProxy.hpp">
      <Filter>Header Files</Filter>
    </ClInclude>
    <ClInclude Include="services\management\SystemModuleProxy.hpp">
      <Filter>Header Files</Filter>
    </ClInclude>
    <ClInclude Include="services\management\UserModuleProxy.hpp">
      <Filter>Header Files</Filter>
    </ClInclude>
    <ClInclude Include="services\management\WindowsPluginConnector.hpp">
      <Filter>Header Files</Filter>
    </ClInclude>
    <ClInclude Include="services\management\WindowsPluginLibrarian.hpp">
      <Filter>Header Files</Filter>
    </ClInclude>
    <ClInclude Include="application\agents\messages\ParseFinishMessage.hpp">
      <Filter>Header Files</Filter>
    </ClInclude>
    <ClInclude Include="application\agents\messages\ParseRoundEndMessage.hpp">
      <Filter>Header Files</Filter>
    </ClInclude>
    <ClInclude Include="application\agents\AnalysisAgent.hpp">
      <Filter>Header Files</Filter>
    </ClInclude>
    <ClInclude Include="application\agents\BootstrapAgent.hpp">
      <Filter>Header Files</Filter>
    </ClInclude>
    <ClInclude Include="application\agents\ConfigurationLoaderAgent.hpp">
      <Filter>Header Files</Filter>
    </ClInclude>
    <ClInclude Include="application\agents\CorePluginAgent.hpp">
      <Filter>Header Files</Filter>
    </ClInclude>
    <ClInclude Include="application\agents\ExternalPluginAgent.hpp">
      <Filter>Header Files</Filter>
    </ClInclude>
    <ClInclude Include="application\agents\ParserAgent.hpp">
      <Filter>Header Files</Filter>
    </ClInclude>
    <ClInclude Include="application\agents\ParserAgentDispatcher.hpp">
      <Filter>Header Files</Filter>
    </ClInclude>
    <ClInclude Include="application\agents\ParserAgentImpl.hpp">
      <Filter>Header Files</Filter>
    </ClInclude>
    <ClInclude Include="application\agents\ParserEngine.hpp">
      <Filter>Header Files</Filter>
    </ClInclude>
    <ClInclude Include="application\agents\ParserEngineImpl.hpp">
      <Filter>Header Files</Filter>
    </ClInclude>
    <ClInclude Include="application\jobs\FiniteElementAnalysis.hpp">
      <Filter>Header Files</Filter>
    </ClInclude>
    <ClInclude Include="application\jobs\FiniteElementAnalysis_Pimpl.hpp">
      <Filter>Header Files</Filter>
    </ClInclude>
    <ClInclude Include="application\jobs\JobRequest.hpp">
      <Filter>Header Files</Filter>
    </ClInclude>
    <ClInclude Include="application\jobs\JobRequest_Pimpl.hpp">
      <Filter>Header Files</Filter>
    </ClInclude>
    <ClInclude Include="application\runnable\AxisApplication.hpp">
      <Filter>Header Files</Filter>
    </ClInclude>
    <ClInclude Include="application\runnable\AxisApplicationFacade.hpp">
      <Filter>Header Files</Filter>
    </ClInclude>
    <ClInclude Include="application\runnable\ConfigurationManager.hpp">
      <Filter>Header Files</Filter>
    </ClInclude>
    <ClInclude Include="application\runnable\ConfigurationManagerImpl.hpp">
      <Filter>Header Files</Filter>
    </ClInclude>
    <ClInclude Include="log_messages\errors\general_error.hpp">
      <Filter>Header Files</Filter>
    </ClInclude>
    <ClInclude Include="log_messages\errors\input_read_error.hpp">
      <Filter>Header Files</Filter>
    </ClInclude>
    <ClInclude Include="log_messages\manager_messages.hpp">
      <Filter>Header Files</Filter>
    </ClInclude>
    <ClInclude Include="log_messages\message_base.hpp">
      <Filter>Header Files</Filter>
    </ClInclude>
    <ClInclude Include="log_messages\parser_messages.hpp">
      <Filter>Header Files</Filter>
    </ClInclude>
    <ClInclude Include="application\factories\elements\NodeFactory.hpp">
      <Filter>Header Files</Filter>
    </ClInclude>
    <ClInclude Include="application\factories\parsers\AnalysisBlockParserProvider.hpp">
      <Filter>Header Files</Filter>
    </ClInclude>
    <ClInclude Include="application\factories\parsers\CurveScopeProvider.hpp">
      <Filter>Header Files</Filter>
    </ClInclude>
    <ClInclude Include="application\factories\parsers\ElementSetParserProvider.hpp">
      <Filter>Header Files</Filter>
    </ClInclude>
    <ClInclude Include="application\factories\parsers\LoadScopeProvider.hpp">
      <Filter>Header Files</Filter>
    </ClInclude>
    <ClInclude Include="application\factories\parsers\NodeParserProvider.hpp">
      <Filter>Header Files</Filter>
    </ClInclude>
    <ClInclude Include="application\factories\parsers\NodeSetParserProvider.hpp">
      <Filter>Header Files</Filter>
    </ClInclude>
    <ClInclude Include="application\factories\parsers\PartParserProvider.hpp">
      <Filter>Header Files</Filter>
    </ClInclude>
    <ClInclude Include="application\factories\parsers\RootParserProvider.hpp">
      <Filter>Header Files</Filter>
    </ClInclude>
    <ClInclude Include="application\parsing\core\ParseContextConcrete.hpp">
      <Filter>Header Files</Filter>
    </ClInclude>
    <ClInclude Include="application\parsing\core\ParseContextConcrete_Pimpl.hpp">
      <Filter>Header Files</Filter>
    </ClInclude>
    <ClInclude Include="application\parsing\core\StatementDecoder.hpp">
      <Filter>Header Files</Filter>
    </ClInclude>
    <ClInclude Include="application\parsing\parsers\AnalysisBlockParser.hpp">
      <Filter>Header Files</Filter>
    </ClInclude>
    <ClInclude Include="application\parsing\parsers\ElementSetParser.hpp">
      <Filter>Header Files</Filter>
    </ClInclude>
    <ClInclude Include="application\parsing\parsers\NodeParser.hpp">
      <Filter>Header Files</Filter>
    </ClInclude>
    <ClInclude Include="application\parsing\parsers\NodeSetParser.hpp">
      <Filter>Header Files</Filter>
    </ClInclude>
    <ClInclude Include="application\parsing\parsers\PartParser.hpp">
      <Filter>Header Files</Filter>
    </ClInclude>
    <ClInclude Include="application\parsing\parsers\RootParser.hpp">
      <Filter>Header Files</Filter>
    </ClInclude>
    <ClInclude Include="application\parsing\parsers\SolverParser.hpp">
      <Filter>Header Files</Filter>
    </ClInclude>
    <ClInclude Include="application\parsing\preprocessing\ExistenceExpressionParser.hpp">
      <Filter>Header Files</Filter>
    </ClInclude>
    <ClInclude Include="application\parsing\preprocessing\InputStack.hpp">
      <Filter>Header Files</Filter>
    </ClInclude>
    <ClInclude Include="application\parsing\preprocessing\InstructionFeeder.hpp">
      <Filter>Header Files</Filter>
    </ClInclude>
    <ClInclude Include="application\parsing\preprocessing\PreProcessor.hpp">
      <Filter>Header Files</Filter>
    </ClInclude>
    <ClInclude Include="application\parsing\preprocessing\Symbol.hpp">
      <Filter>Header Files</Filter>
    </ClInclude>
    <ClInclude Include="application\parsing\preprocessing\SymbolTable.hpp">
      <Filter>Header Files</Filter>
    </ClInclude>
    <ClInclude Include="unit_tests\BogusFileReader.hpp">
      <Filter>Header Files</Filter>
    </ClInclude>
    <ClInclude Include="unit_tests\MockSolverFactoryLocator.hpp">
      <Filter>Header Files</Filter>
    </ClInclude>
    <ClInclude Include="unit_tests\unit_tests.hpp">
      <Filter>Header Files</Filter>
    </ClInclude>
    <ClInclude Include="unit_tests\MockSolver.hpp">
      <Filter>Header Files</Filter>
    </ClInclude>
    <ClInclude Include="unit_tests\MockProviders.hpp">
      <Filter>Header Files</Filter>
    </ClInclude>
    <ClInclude Include="unit_tests\MockResultBucket.hpp">
      <Filter>Header Files</Filter>
    </ClInclude>
    <ClInclude Include="unit_tests\MockClockwork.hpp">
      <Filter>Header Files</Filter>
    </ClInclude>
    <ClInclude Include="unit_tests\MockModuleManager.hpp">
      <Filter>Header Files</Filter>
    </ClInclude>
    <ClInclude Include="unit_tests\MockBlockParser.hpp">
      <Filter>Header Files</Filter>
    </ClInclude>
  </ItemGroup>
  <ItemGroup>
    <ClCompile Include="services\logging\LogFile.cpp">
      <Filter>Source Files</Filter>
    </ClCompile>
    <ClCompile Include="services\management\GlobalProviderCatalogImpl.cpp">
      <Filter>Source Files</Filter>
    </ClCompile>
    <ClCompile Include="services\management\PluginConnector.cpp">
      <Filter>Source Files</Filter>
    </ClCompile>
    <ClCompile Include="services\management\PluginLayer.cpp">
      <Filter>Source Files</Filter>
    </ClCompile>
    <ClCompile Include="services\management\PluginLibrarian.cpp">
      <Filter>Source Files</Filter>
    </ClCompile>
    <ClCompile Include="services\management\ProviderProxy.cpp">
      <Filter>Source Files</Filter>
    </ClCompile>
    <ClCompile Include="services\management\SystemModuleProxy.cpp">
      <Filter>Source Files</Filter>
    </ClCompile>
    <ClCompile Include="services\management\UserModuleProxy.cpp">
      <Filter>Source Files</Filter>
    </ClCompile>
    <ClCompile Include="services\management\WindowsPluginConnector.cpp">
      <Filter>Source Files</Filter>
    </ClCompile>
    <ClCompile Include="services\management\WindowsPluginLibrarian.cpp">
      <Filter>Source Files</Filter>
    </ClCompile>
    <ClCompile Include="application\agents\messages\ParseFinishMessage.cpp">
      <Filter>Source Files</Filter>
    </ClCompile>
    <ClCompile Include="application\agents\messages\ParseRoundEndMessage.cpp">
      <Filter>Source Files</Filter>
    </ClCompile>
    <ClCompile Include="application\agents\AnalysisAgent.cpp">
      <Filter>Source Files</Filter>
    </ClCompile>
    <ClCompile Include="application\agents\BootstrapAgent.cpp">
      <Filter>Source Files</Filter>
    </ClCompile>
    <ClCompile Include="application\agents\ConfigurationLoaderAgent.cpp">
      <Filter>Source Files</Filter>
    </ClCompile>
    <ClCompile Include="application\agents\CorePluginAgent.cpp">
      <Filter>Source Files</Filter>
    </ClCompile>
    <ClCompile Include="application\agents\ExternalPluginAgent.cpp">
      <Filter>Source Files</Filter>
    </ClCompile>
    <ClCompile Include="application\agents\ParserAgent.cpp">
      <Filter>Source Files</Filter>
    </ClCompile>
    <ClCompile Include="application\agents\ParserAgentDispatcher.cpp">
      <Filter>Source Files</Filter>
    </ClCompile>
    <ClCompile Include="application\agents\ParserAgentImpl.cpp">
      <Filter>Source Files</Filter>
    </ClCompile>
    <ClCompile Include="application\agents\ParserEngine.cpp">
      <Filter>Source Files</Filter>
    </ClCompile>
    <ClCompile Include="application\agents\ParserEngineImpl.cpp">
      <Filter>Source Files</Filter>
    </ClCompile>
    <ClCompile Include="application\jobs\FiniteElementAnalysis.cpp">
      <Filter>Source Files</Filter>
    </ClCompile>
    <ClCompile Include="application\jobs\FiniteElementAnalysis_Pimpl.cpp">
      <Filter>Source Files</Filter>
    </ClCompile>
    <ClCompile Include="application\jobs\JobRequest.cpp">
      <Filter>Source Files</Filter>
    </ClCompile>
    <ClCompile Include="application\runnable\AxisApplication.cpp">
      <Filter>Source Files</Filter>
    </ClCompile>
    <ClCompile Include="application\runnable\AxisApplicationFacade.cpp">
      <Filter>Source Files</Filter>
    </ClCompile>
    <ClCompile Include="application\runnable\ConfigurationManager.cpp">
      <Filter>Source Files</Filter>
    </ClCompile>
    <ClCompile Include="application\runnable\ConfigurationManagerImpl.cpp">
      <Filter>Source Files</Filter>
    </ClCompile>
    <ClCompile Include="application\factories\elements\NodeFactory.cpp">
      <Filter>Source Files</Filter>
    </ClCompile>
    <ClCompile Include="application\factories\parsers\AnalysisBlockParserProvider.cpp">
      <Filter>Source Files</Filter>
    </ClCompile>
    <ClCompile Include="application\factories\parsers\CurveScopeProvider.cpp">
      <Filter>Source Files</Filter>
    </ClCompile>
    <ClCompile Include="application\factories\parsers\ElementSetParserProvider.cpp">
      <Filter>Source Files</Filter>
    </ClCompile>
    <ClCompile Include="application\factories\parsers\LoadScopeProvider.cpp">
      <Filter>Source Files</Filter>
    </ClCompile>
    <ClCompile Include="application\factories\parsers\NodeParserProvider.cpp">
      <Filter>Source Files</Filter>
    </ClCompile>
    <ClCompile Include="application\factories\parsers\NodeSetParserProvider.cpp">
      <Filter>Source Files</Filter>
    </ClCompile>
    <ClCompile Include="application\factories\parsers\PartParserProvider.cpp">
      <Filter>Source Files</Filter>
    </ClCompile>
    <ClCompile Include="application\factories\parsers\RootParserProvider.cpp">
      <Filter>Source Files</Filter>
    </ClCompile>
    <ClCompile Include="application\parsing\core\ParseContextConcrete.cpp">
      <Filter>Source Files</Filter>
    </ClCompile>
    <ClCompile Include="application\parsing\core\StatementDecoder.cpp">
      <Filter>Source Files</Filter>
    </ClCompile>
    <ClCompile Include="application\parsing\parsers\AnalysisBlockParser.cpp">
      <Filter>Source Files</Filter>
    </ClCompile>
    <ClCompile Include="application\parsing\parsers\ElementSetParser.cpp">
      <Filter>Source Files</Filter>
    </ClCompile>
    <ClCompile Include="application\parsing\parsers\NodeParser.cpp">
      <Filter>Source Files</Filter>
    </ClCompile>
    <ClCompile Include="application\parsing\parsers\NodeSetParser.cpp">
      <Filter>Source Files</Filter>
    </ClCompile>
    <ClCompile Include="application\parsing\parsers\PartParser.cpp">
      <Filter>Source Files</Filter>
    </ClCompile>
    <ClCompile Include="application\parsing\parsers\RootParser.cpp">
      <Filter>Source Files</Filter>
    </ClCompile>
    <ClCompile Include="application\parsing\parsers\SolverParser.cpp">
      <Filter>Source Files</Filter>
    </ClCompile>
    <ClCompile Include="application\parsing\preprocessing\ExistenceExpressionParser.cpp">
      <Filter>Source Files</Filter>
    </ClCompile>
    <ClCompile Include="application\parsing\preprocessing\InputStack.cpp">
      <Filter>Source Files</Filter>
    </ClCompile>
    <ClCompile Include="application\parsing\preprocessing\InstructionFeeder.cpp">
      <Filter>Source Files</Filter>
    </ClCompile>
    <ClCompile Include="application\parsing\preprocessing\PreProcessor.cpp">
      <Filter>Source Files</Filter>
    </ClCompile>
    <ClCompile Include="application\parsing\preprocessing\Symbol.cpp">
      <Filter>Source Files</Filter>
    </ClCompile>
    <ClCompile Include="application\parsing\preprocessing\SymbolTable.cpp">
      <Filter>Source Files</Filter>
    </ClCompile>
    <ClCompile Include="unit_tests\WindowsPluginLoaderTest.cpp">
      <Filter>Source Files</Filter>
    </ClCompile>
    <ClCompile Include="unit_tests\StepParserProviderTest.cpp">
      <Filter>Source Files</Filter>
    </ClCompile>
    <ClCompile Include="unit_tests\StatementDecoderTest.cpp">
      <Filter>Source Files</Filter>
    </ClCompile>
    <ClCompile Include="unit_tests\PreProcessorTest.cpp">
      <Filter>Source Files</Filter>
    </ClCompile>
    <ClCompile Include="unit_tests\PartParserTest.cpp">
      <Filter>Source Files</Filter>
    </ClCompile>
    <ClCompile Include="unit_tests\NodeSetParserTest.cpp">
      <Filter>Source Files</Filter>
    </ClCompile>
    <ClCompile Include="unit_tests\NodeParserTest.cpp">
      <Filter>Source Files</Filter>
    </ClCompile>
    <ClCompile Include="unit_tests\AnalysisAgentTest.cpp">
      <Filter>Source Files</Filter>
    </ClCompile>
    <ClCompile Include="unit_tests\AxisApplicationTest.cpp">
      <Filter>Source Files</Filter>
    </ClCompile>
    <ClCompile Include="unit_tests\BogusFileReader.cpp">
      <Filter>Source Files</Filter>
    </ClCompile>
    <ClCompile Include="unit_tests\MockSolverFactoryLocator.cpp">
      <Filter>Source Files</Filter>
    </ClCompile>
    <ClCompile Include="unit_tests\MockSolver.cpp">
      <Filter>Source Files</Filter>
    </ClCompile>
    <ClCompile Include="unit_tests\MockResultBucket.cpp">
      <Filter>Source Files</Filter>
    </ClCompile>
    <ClCompile Include="unit_tests\MockProviders.cpp">
      <Filter>Source Files</Filter>
    </ClCompile>
    <ClCompile Include="unit_tests\MockClockwork.cpp">
      <Filter>Source Files</Filter>
    </ClCompile>
    <ClCompile Include="unit_tests\MockModuleManager.cpp">
      <Filter>Source Files</Filter>
    </ClCompile>
    <ClCompile Include="unit_tests\MockBlockParser.cpp">
      <Filter>Source Files</Filter>
    </ClCompile>
    <ClCompile Include="unit_tests\SolverTest.cpp">
      <Filter>Source Files</Filter>
    </ClCompile>
  </ItemGroup>
</Project>