<?xml version="1.0" encoding="utf-8"?>
<Project ToolsVersion="4.0" xmlns="http://schemas.microsoft.com/developer/msbuild/2003">
  <ItemGroup>
    <Filter Include="Source Files">
      <UniqueIdentifier>{4FC737F1-C7A5-4376-A066-2A32D752A2FF}</UniqueIdentifier>
      <Extensions>cpp;c;cc;cxx;def;odl;idl;hpj;bat;asm;asmx</Extensions>
    </Filter>
    <Filter Include="Header Files">
      <UniqueIdentifier>{93995380-89BD-4b04-88EB-625FBE52EBFB}</UniqueIdentifier>
      <Extensions>h;hpp;hxx;hm;inl;inc;xsd</Extensions>
    </Filter>
    <Filter Include="Resource Files">
      <UniqueIdentifier>{67DA6AB6-F800-4c08-8B7A-83BB121AAD01}</UniqueIdentifier>
      <Extensions>rc;ico;cur;bmp;dlg;rc2;rct;bin;rgs;gif;jpg;jpeg;jpe;resx;tiff;tif;png;wav;mfcribbon-ms</Extensions>
    </Filter>
  </ItemGroup>
  <ItemGroup>
    <ClInclude Include="foundation\Axis.Orange.hpp">
      <Filter>Header Files</Filter>
    </ClInclude>
    <ClInclude Include="domain\boundary_conditions\LockConstraint.hpp">
      <Filter>Header Files</Filter>
    </ClInclude>
    <ClInclude Include="domain\boundary_conditions\VariableConstraint.hpp">
      <Filter>Header Files</Filter>
    </ClInclude>
    <ClInclude Include="domain\curves\MultiLineCurve.hpp">
      <Filter>Header Files</Filter>
    </ClInclude>
    <ClInclude Include="application\factories\boundary_conditions\LockConstraintFactory.hpp">
      <Filter>Header Files</Filter>
    </ClInclude>
    <ClInclude Include="application\factories\boundary_conditions\NodalVelocityConstraintFactory.hpp">
      <Filter>Header Files</Filter>
    </ClInclude>
    <ClInclude Include="application\factories\boundary_conditions\PrescribedDisplacementConstraintFactory.hpp">
      <Filter>Header Files</Filter>
    </ClInclude>
    <ClInclude Include="application\factories\boundary_conditions\VariableConstraintFactory.hpp">
      <Filter>Header Files</Filter>
    </ClInclude>
    <ClInclude Include="application\factories\parsers\MultiLineCurveParserProvider.hpp">
      <Filter>Header Files</Filter>
    </ClInclude>
    <ClInclude Include="application\factories\parsers\NodalLoadParserProvider.hpp">
      <Filter>Header Files</Filter>
    </ClInclude>
    <ClInclude Include="application\parsing\parsers\MultiLineCurveParser.hpp">
      <Filter>Header Files</Filter>
    </ClInclude>
    <ClInclude Include="application\parsing\parsers\NodalLoadParser.hpp">
      <Filter>Header Files</Filter>
    </ClInclude>
    <ClInclude Include="services\management\EssentialsPluginLoader.hpp">
      <Filter>Header Files</Filter>
    </ClInclude>
    <ClInclude Include="CLoader_Essentials.hpp">
      <Filter>Header Files</Filter>
    </ClInclude>
    <ClInclude Include="unit_tests\MockSolver.hpp">
      <Filter>Header Files</Filter>
    </ClInclude>
    <ClInclude Include="unit_tests\MockClockwork.hpp">
      <Filter>Header Files</Filter>
    </ClInclude>
    <ClInclude Include="unit_tests\MockParseContext.hpp">
      <Filter>Header Files</Filter>
    </ClInclude>
    <ClInclude Include="unit_tests\MockResultBucket.hpp">
      <Filter>Header Files</Filter>
    </ClInclude>
    <ClInclude Include="unit_tests\unit_tests.hpp">
      <Filter>Header Files</Filter>
    </ClInclude>
    <ClInclude Include="domain\curves\MultiLineCurve_GPU.hpp">
      <Filter>Header Files</Filter>
    </ClInclude>
    <ClInclude Include="services\management\MyEssentialsHook.hpp">
      <Filter>Header Files</Filter>
    </ClInclude>
    <ClInclude Include="domain\boundary_conditions\LockConstraintCommand.hpp">
      <Filter>Header Files</Filter>
    </ClInclude>
    <ClInclude Include="domain\boundary_conditions\lock_constraint_kernel.hpp">
      <Filter>Header Files</Filter>
    </ClInclude>
    <ClInclude Include="domain\boundary_conditions\VariableConstraintCommand.hpp">
      <Filter>Header Files</Filter>
    </ClInclude>
    <ClInclude Include="domain\boundary_conditions\variable_constraint_kernel.hpp">
      <Filter>Header Files</Filter>
    </ClInclude>
    <ClInclude Include="domain\curves\MultiLineCurveCommand.hpp">
      <Filter>Header Files</Filter>
    </ClInclude>
    <ClInclude Include="domain\curves\multi_line_curve_kernel.hpp">
      <Filter>Header Files</Filter>
    </ClInclude>
  </ItemGroup>
  <ItemGroup>
    <ClCompile Include="domain\boundary_conditions\LockConstraint.cpp">
      <Filter>Source Files</Filter>
    </ClCompile>
    <ClCompile Include="domain\boundary_conditions\VariableConstraint.cpp">
      <Filter>Source Files</Filter>
    </ClCompile>
    <ClCompile Include="domain\curves\MultiLineCurve.cpp">
      <Filter>Source Files</Filter>
    </ClCompile>
    <ClCompile Include="application\factories\boundary_conditions\LockConstraintFactory.cpp">
      <Filter>Source Files</Filter>
    </ClCompile>
    <ClCompile Include="application\factories\boundary_conditions\NodalVelocityConstraintFactory.cpp">
      <Filter>Source Files</Filter>
    </ClCompile>
    <ClCompile Include="application\factories\boundary_conditions\PrescribedDisplacementConstraintFactory.cpp">
      <Filter>Source Files</Filter>
    </ClCompile>
    <ClCompile Include="application\factories\boundary_conditions\VariableConstraintFactory.cpp">
      <Filter>Source Files</Filter>
    </ClCompile>
    <ClCompile Include="application\factories\parsers\MultiLineCurveParserProvider.cpp">
      <Filter>Source Files</Filter>
    </ClCompile>
    <ClCompile Include="application\factories\parsers\NodalLoadParserProvider.cpp">
      <Filter>Source Files</Filter>
    </ClCompile>
    <ClCompile Include="application\parsing\parsers\MultiLineCurveParser.cpp">
      <Filter>Source Files</Filter>
    </ClCompile>
    <ClCompile Include="application\parsing\parsers\NodalLoadParser.cpp">
      <Filter>Source Files</Filter>
    </ClCompile>
    <ClCompile Include="CLoader_Essentials.cpp">
      <Filter>Source Files</Filter>
    </ClCompile>
    <ClCompile Include="unit_tests\NodalLoadParserTest.cpp">
      <Filter>Source Files</Filter>
    </ClCompile>
    <ClCompile Include="unit_tests\MultiLineCurveParserTest.cpp">
      <Filter>Source Files</Filter>
    </ClCompile>
    <ClCompile Include="unit_tests\ConstraintParserTest.cpp">
      <Filter>Source Files</Filter>
    </ClCompile>
    <ClCompile Include="unit_tests\MockClockwork.cpp">
      <Filter>Source Files</Filter>
    </ClCompile>
    <ClCompile Include="unit_tests\MockParseContext.cpp">
      <Filter>Source Files</Filter>
    </ClCompile>
    <ClCompile Include="unit_tests\MockResultBucket.cpp">
      <Filter>Source Files</Filter>
    </ClCompile>
    <ClCompile Include="unit_tests\MockSolver.cpp">
      <Filter>Source Files</Filter>
    </ClCompile>
    <ClCompile Include="services\management\EssentialsPluginLoader.cpp">
      <Filter>Source Files</Filter>
    </ClCompile>
    <ClCompile Include="domain\boundary_conditions\LockConstraintCommand.cpp">
      <Filter>Source Files</Filter>
    </ClCompile>
    <ClCompile Include="domain\boundary_conditions\VariableConstraintCommand.cpp">
      <Filter>Source Files</Filter>
    </ClCompile>
    <ClCompile Include="domain\curves\MultiLineCurveCommand.cpp">
      <Filter>Source Files</Filter>
    </ClCompile>
  </ItemGroup>
  <ItemGroup>
    <CudaCompile Include="domain\curves\MultiLineCurve_GPU.cu" />
    <CudaCompile Include="services\management\MyEssentialsHook.cpp">
      <Filter>Source Files</Filter>
    </CudaCompile>
    <CudaCompile Include="domain\boundary_conditions\lock_constraint_kernel.cu" />
    <CudaCompile Include="domain\boundary_conditions\variable_constraint_kernel.cu" />
    <CudaCompile Include="domain\curves\multi_line_curve_kernel.cu" />
  </ItemGroup>
</Project>