<?xml version="1.0" encoding="utf-8"?>
<Project ToolsVersion="4.0" xmlns="http://schemas.microsoft.com/developer/msbuild/2003">
  <ItemGroup>
    <Filter Include="Source Files">
      <UniqueIdentifier>{4FC737F1-C7A5-4376-A066-2A32D752A2FF}</UniqueIdentifier>
      <Extensions>cpp;c;cc;cxx;def;odl;idl;hpj;bat;asm;asmx</Extensions>
    </Filter>
    <Filter Include="Header Files">
      <UniqueIdentifier>{93995380-89BD-4b04-88EB-625FBE52EBFB}</UniqueIdentifier>
      <Extensions>h;hpp;hxx;hm;inl;inc;xsd</Extensions>
    </Filter>
    <Filter Include="Resource Files">
      <UniqueIdentifier>{67DA6AB6-F800-4c08-8B7A-83BB121AAD01}</UniqueIdentifier>
      <Extensions>rc;ico;cur;bmp;dlg;rc2;rct;bin;rgs;gif;jpg;jpeg;jpe;resx;tiff;tif;png;wav;mfcribbon-ms</Extensions>
    </Filter>
  </ItemGroup>
  <ItemGroup>
    <ClInclude Include="stdafx.h">
      <Filter>Header Files</Filter>
    </ClInclude>
    <ClInclude Include="targetver.h">
      <Filter>Header Files</Filter>
    </ClInclude>
    <ClInclude Include="application\output\workbooks\MatlabDatasetWorkbook.hpp">
      <Filter>Header Files</Filter>
    </ClInclude>
    <ClInclude Include="application\output\recordsets\MatlabDatasetRecordset.hpp">
      <Filter>Header Files</Filter>
    </ClInclude>
    <ClInclude Include="foundation\Axis.Echinopsis.hpp">
      <Filter>Header Files</Filter>
    </ClInclude>
    <ClInclude Include="services\management\EchinopsisPluginLoader.hpp">
      <Filter>Header Files</Filter>
    </ClInclude>
    <ClInclude Include="application\factories\workbooks\MatlabDatasetWorkbookFactory.hpp">
      <Filter>Header Files</Filter>
    </ClInclude>
    <ClInclude Include="services\management\EchinopsisPluginLoader_Pimpl.hpp">
      <Filter>Header Files</Filter>
    </ClInclude>
    <ClInclude Include="application\factories\collectors\MatlabDatasetCollectorFactory.hpp">
      <Filter>Header Files</Filter>
    </ClInclude>
    <ClInclude Include="EchinopsisStartup.hpp">
      <Filter>Header Files</Filter>
    </ClInclude>
    <ClInclude Include="application\output\workbooks\TextReportWorkbook.hpp">
      <Filter>Header Files</Filter>
    </ClInclude>
    <ClInclude Include="application\output\recordsets\TextReportRecordset.hpp">
      <Filter>Header Files</Filter>
    </ClInclude>
    <ClInclude Include="application\output\collectors\TextReportNode3DCollector.hpp">
      <Filter>Header Files</Filter>
    </ClInclude>
    <ClInclude Include="application\output\collectors\TextReportNode6DCollector.hpp">
      <Filter>Header Files</Filter>
    </ClInclude>
    <ClInclude Include="application\output\collectors\TextReportElement6DCollector.hpp">
      <Filter>Header Files</Filter>
    </ClInclude>
    <ClInclude Include="application\output\collectors\TextReportNodeDisplacementCollector.hpp">
      <Filter>Header Files</Filter>
    </ClInclude>
    <ClInclude Include="application\output\collectors\TextReportNodeAccelerationCollector.hpp">
      <Filter>Header Files</Filter>
    </ClInclude>
    <ClInclude Include="application\output\collectors\TextReportNodeVelocityCollector.hpp">
      <Filter>Header Files</Filter>
    </ClInclude>
    <ClInclude Include="application\output\collectors\TextReportNodeReactionForceCollector.hpp">
      <Filter>Header Files</Filter>
    </ClInclude>
    <ClInclude Include="application\output\collectors\TextReportNodeLoadCollector.hpp">
      <Filter>Header Files</Filter>
    </ClInclude>
    <ClInclude Include="application\output\collectors\TextReportNodeStrainCollector.hpp">
      <Filter>Header Files</Filter>
    </ClInclude>
    <ClInclude Include="application\output\collectors\TextReportNodeStressCollector.hpp">
      <Filter>Header Files</Filter>
    </ClInclude>
    <ClInclude Include="application\output\collectors\TextReportElementStrainCollector.hpp">
      <Filter>Header Files</Filter>
    </ClInclude>
    <ClInclude Include="application\output\collectors\TextReportElementStressCollector.hpp">
      <Filter>Header Files</Filter>
    </ClInclude>
    <ClInclude Include="application\factories\collectors\TextReportNodeCollectorParser.hpp">
      <Filter>Header Files</Filter>
    </ClInclude>
    <ClInclude Include="application\factories\collectors\TextReportNodeCollectorFactory_Pimpl.hpp">
      <Filter>Header Files</Filter>
    </ClInclude>
    <ClInclude Include="application\factories\collectors\TextReportNodeCollectorFactory.hpp">
      <Filter>Header Files</Filter>
    </ClInclude>
    <ClInclude Include="application\factories\collectors\TextReportElementCollectorFactory.hpp">
      <Filter>Header Files</Filter>
    </ClInclude>
    <ClInclude Include="application\factories\collectors\TextReportElementCollectorFactory_Pimpl.hpp">
      <Filter>Header Files</Filter>
    </ClInclude>
    <ClInclude Include="application\factories\collectors\TextReportElementCollectorParser.hpp">
      <Filter>Header Files</Filter>
    </ClInclude>
    <ClInclude Include="application\factories\workbooks\TextReportWorkbookFactory.hpp">
      <Filter>Header Files</Filter>
    </ClInclude>
    <ClInclude Include="application\output\workbooks\HyperworksWorkbook.hpp">
      <Filter>Header Files</Filter>
    </ClInclude>
    <ClInclude Include="application\output\recordsets\HyperworksNodeRecordset.hpp">
      <Filter>Header Files</Filter>
    </ClInclude>
    <ClInclude Include="application\output\recordsets\HyperworksElementRecordset.hpp">
      <Filter>Header Files</Filter>
    </ClInclude>
    <ClInclude Include="application\factories\collectors\HyperworksNodeCollectorBuilder.hpp">
      <Filter>Header Files</Filter>
    </ClInclude>
    <ClInclude Include="application\factories\collectors\HyperworksElementCollectorBuilder.hpp">
      <Filter>Header Files</Filter>
    </ClInclude>
    <ClInclude Include="application\factories\collectors\HyperworksElementCollectorFactory.hpp">
      <Filter>Header Files</Filter>
    </ClInclude>
    <ClInclude Include="application\factories\collectors\HyperworksNodeCollectorFactory.hpp">
      <Filter>Header Files</Filter>
    </ClInclude>
    <ClInclude Include="application\factories\workbooks\HyperworksWorkbookFactory.hpp">
      <Filter>Header Files</Filter>
    </ClInclude>
  </ItemGroup>
  <ItemGroup>
    <ClCompile Include="stdafx.cpp">
      <Filter>Source Files</Filter>
    </ClCompile>
    <ClCompile Include="dllmain.cpp">
      <Filter>Source Files</Filter>
    </ClCompile>
    <ClCompile Include="application\output\workbooks\MatlabDatasetWorkbook.cpp">
      <Filter>Source Files</Filter>
    </ClCompile>
    <ClCompile Include="application\output\recordsets\MatlabDatasetRecordset.cpp">
      <Filter>Source Files</Filter>
    </ClCompile>
    <ClCompile Include="services\management\EchinopsisPluginLoader.cpp">
      <Filter>Source Files</Filter>
    </ClCompile>
    <ClCompile Include="application\factories\workbooks\MatlabDatasetWorkbookFactory.cpp">
      <Filter>Source Files</Filter>
    </ClCompile>
    <ClCompile Include="application\factories\collectors\MatlabDatasetCollectorFactory.cpp">
      <Filter>Source Files</Filter>
    </ClCompile>
    <ClCompile Include="EchinopsisStartup.cpp">
      <Filter>Source Files</Filter>
    </ClCompile>
    <ClCompile Include="services\management\EchinopsisPluginLoader_Pimpl.cpp">
      <Filter>Source Files</Filter>
    </ClCompile>
    <ClCompile Include="application\output\workbooks\TextReportWorkbook.cpp">
      <Filter>Source Files</Filter>
    </ClCompile>
    <ClCompile Include="application\output\recordsets\TextReportRecordset.cpp">
      <Filter>Source Files</Filter>
    </ClCompile>
    <ClCompile Include="application\output\collectors\TextReportNode3DCollector.cpp">
      <Filter>Source Files</Filter>
    </ClCompile>
    <ClCompile Include="application\output\collectors\TextReportNode6DCollector.cpp">
      <Filter>Source Files</Filter>
    </ClCompile>
    <ClCompile Include="application\output\collectors\TextReportElement6DCollector.cpp">
      <Filter>Source Files</Filter>
    </ClCompile>
    <ClCompile Include="application\output\collectors\TextReportNodeDisplacementCollector.cpp">
      <Filter>Source Files</Filter>
    </ClCompile>
    <ClCompile Include="application\output\collectors\TextReportNodeAccelerationCollector.cpp">
      <Filter>Source Files</Filter>
    </ClCompile>
    <ClCompile Include="application\output\collectors\TextReportNodeVelocityCollector.cpp">
      <Filter>Source Files</Filter>
    </ClCompile>
    <ClCompile Include="application\output\collectors\TextReportNodeReactionForceCollector.cpp">
      <Filter>Source Files</Filter>
    </ClCompile>
    <ClCompile Include="application\output\collectors\TextReportNodeLoadCollector.cpp">
      <Filter>Source Files</Filter>
    </ClCompile>
    <ClCompile Include="application\output\collectors\TextReportNodeStrainCollector.cpp">
      <Filter>Source Files</Filter>
    </ClCompile>
    <ClCompile Include="application\output\collectors\TextReportNodeStressCollector.cpp">
      <Filter>Source Files</Filter>
    </ClCompile>
    <ClCompile Include="application\output\collectors\TextReportElementStrainCollector.cpp">
      <Filter>Source Files</Filter>
    </ClCompile>
    <ClCompile Include="application\output\collectors\TextReportElementStressCollector.cpp">
      <Filter>Source Files</Filter>
    </ClCompile>
    <ClCompile Include="application\factories\collectors\TextReportNodeCollectorParser.cpp">
      <Filter>Source Files</Filter>
    </ClCompile>
    <ClCompile Include="application\factories\collectors\TextReportNodeCollectorFactory_Pimpl.cpp">
      <Filter>Source Files</Filter>
    </ClCompile>
    <ClCompile Include="application\factories\collectors\TextReportNodeCollectorFactory.cpp">
      <Filter>Source Files</Filter>
    </ClCompile>
    <ClCompile Include="application\factories\collectors\TextReportElementCollectorFactory.cpp">
      <Filter>Source Files</Filter>
    </ClCompile>
    <ClCompile Include="application\factories\collectors\TextReportElementCollectorFactory_Pimpl.cpp">
      <Filter>Source Files</Filter>
    </ClCompile>
    <ClCompile Include="application\factories\collectors\TextReportElementCollectorParser.cpp">
      <Filter>Source Files</Filter>
    </ClCompile>
    <ClCompile Include="application\factories\workbooks\TextReportWorkbookFactory.cpp">
      <Filter>Source Files</Filter>
    </ClCompile>
    <ClCompile Include="application\output\workbooks\HyperworksWorkbook.cpp">
      <Filter>Source Files</Filter>
    </ClCompile>
    <ClCompile Include="application\output\recordsets\HyperworksNodeRecordset.cpp">
      <Filter>Source Files</Filter>
    </ClCompile>
    <ClCompile Include="application\output\recordsets\HyperworksElementRecordset.cpp">
      <Filter>Source Files</Filter>
    </ClCompile>
    <ClCompile Include="application\factories\collectors\HyperworksNodeCollectorBuilder.cpp">
      <Filter>Source Files</Filter>
    </ClCompile>
    <ClCompile Include="application\factories\collectors\HyperworksElementCollectorBuilder.cpp">
      <Filter>Source Files</Filter>
    </ClCompile>
    <ClCompile Include="application\factories\collectors\HyperworksElementCollectorFactory.cpp">
      <Filter>Source Files</Filter>
    </ClCompile>
    <ClCompile Include="application\factories\collectors\HyperworksNodeCollectorFactory.cpp">
      <Filter>Source Files</Filter>
    </ClCompile>
    <ClCompile Include="application\factories\workbooks\HyperworksWorkbookFactory.cpp">
      <Filter>Source Files</Filter>
    </ClCompile>
  </ItemGroup>
</Project>