<?xml version="1.0" encoding="utf-8"?>
<Project ToolsVersion="4.0" xmlns="http://schemas.microsoft.com/developer/msbuild/2003">
  <ItemGroup>
    <Filter Include="Source Files">
      <UniqueIdentifier>{4FC737F1-C7A5-4376-A066-2A32D752A2FF}</UniqueIdentifier>
      <Extensions>cpp;c;cc;cxx;def;odl;idl;hpj;bat;asm;asmx</Extensions>
    </Filter>
    <Filter Include="Header Files">
      <UniqueIdentifier>{93995380-89BD-4b04-88EB-625FBE52EBFB}</UniqueIdentifier>
      <Extensions>h;hpp;hxx;hm;inl;inc;xsd</Extensions>
    </Filter>
    <Filter Include="Resource Files">
      <UniqueIdentifier>{67DA6AB6-F800-4c08-8B7A-83BB121AAD01}</UniqueIdentifier>
      <Extensions>rc;ico;cur;bmp;dlg;rc2;rct;bin;rgs;gif;jpg;jpeg;jpe;resx;tiff;tif;png;wav;mfcribbon-ms</Extensions>
    </Filter>
  </ItemGroup>
  <ItemGroup>
    <Text Include="ReadMe.txt" />
  </ItemGroup>
  <ItemGroup>
    <ClInclude Include="stdafx.h">
      <Filter>Header Files</Filter>
    </ClInclude>
    <ClInclude Include="targetver.h">
      <Filter>Header Files</Filter>
    </ClInclude>
    <ClInclude Include="services\language\actions\CallbackAction.hpp">
      <Filter>Header Files</Filter>
    </ClInclude>
    <ClInclude Include="services\language\actions\ChainedAction.hpp">
      <Filter>Header Files</Filter>
    </ClInclude>
    <ClInclude Include="services\language\actions\NopAction.hpp">
      <Filter>Header Files</Filter>
    </ClInclude>
    <ClInclude Include="services\language\actions\ParserAction.hpp">
      <Filter>Header Files</Filter>
    </ClInclude>
    <ClInclude Include="services\language\actions\ParserCallback.hpp">
      <Filter>Header Files</Filter>
    </ClInclude>
    <ClInclude Include="services\language\factories\AxisGrammar.hpp">
      <Filter>Header Files</Filter>
    </ClInclude>
    <ClInclude Include="services\language\factories\IteratorFactory.hpp">
      <Filter>Header Files</Filter>
    </ClInclude>
    <ClInclude Include="services\language\iterators\InputIterator.hpp">
      <Filter>Header Files</Filter>
    </ClInclude>
    <ClInclude Include="services\language\iterators\IteratorLogic.hpp">
      <Filter>Header Files</Filter>
    </ClInclude>
    <ClInclude Include="services\language\iterators\StringIteratorLogic.hpp">
      <Filter>Header Files</Filter>
    </ClInclude>
    <ClInclude Include="services\language\parsing\AssignmentExpression.hpp">
      <Filter>Header Files</Filter>
    </ClInclude>
    <ClInclude Include="services\language\parsing\EmptyNode.hpp">
      <Filter>Header Files</Filter>
    </ClInclude>
    <ClInclude Include="services\language\parsing\EnumerationExpression.hpp">
      <Filter>Header Files</Filter>
    </ClInclude>
    <ClInclude Include="services\language\parsing\ExpressionNode.hpp">
      <Filter>Header Files</Filter>
    </ClInclude>
    <ClInclude Include="services\language\parsing\IdTerminal.hpp">
      <Filter>Header Files</Filter>
    </ClInclude>
    <ClInclude Include="services\language\parsing\NumberTerminal.hpp">
      <Filter>Header Files</Filter>
    </ClInclude>
    <ClInclude Include="services\language\parsing\OperatorTerminal.hpp">
      <Filter>Header Files</Filter>
    </ClInclude>
    <ClInclude Include="services\language\parsing\ParseResult.hpp">
      <Filter>Header Files</Filter>
    </ClInclude>
    <ClInclude Include="services\language\parsing\ParseTreeNode.hpp">
      <Filter>Header Files</Filter>
    </ClInclude>
    <ClInclude Include="services\language\parsing\ReservedWordTerminal.hpp">
      <Filter>Header Files</Filter>
    </ClInclude>
    <ClInclude Include="services\language\parsing\RhsExpression.hpp">
      <Filter>Header Files</Filter>
    </ClInclude>
    <ClInclude Include="services\language\parsing\StringTerminal.hpp">
      <Filter>Header Files</Filter>
    </ClInclude>
    <ClInclude Include="services\language\parsing\SymbolTerminal.hpp">
      <Filter>Header Files</Filter>
    </ClInclude>
    <ClInclude Include="services\language\primitives\impl\AnyParserImpl.hpp">
      <Filter>Header Files</Filter>
    </ClInclude>
    <ClInclude Include="services\language\primitives\impl\BlankParserImpl.hpp">
      <Filter>Header Files</Filter>
    </ClInclude>
    <ClInclude Include="services\language\primitives\impl\EoiParserImpl.hpp">
      <Filter>Header Files</Filter>
    </ClInclude>
    <ClInclude Include="services\language\primitives\impl\EpsilonParserImpl.hpp">
      <Filter>Header Files</Filter>
    </ClInclude>
    <ClInclude Include="services\language\primitives\impl\IdParserImpl.hpp">
      <Filter>Header Files</Filter>
    </ClInclude>
    <ClInclude Include="services\language\primitives\impl\NumberParserImpl.hpp">
      <Filter>Header Files</Filter>
    </ClInclude>
    <ClInclude Include="services\language\primitives\impl\StringParserImpl.hpp">
      <Filter>Header Files</Filter>
    </ClInclude>
    <ClInclude Include="services\language\primitives\AssignmentParser.hpp">
      <Filter>Header Files</Filter>
    </ClInclude>
    <ClInclude Include="services\language\primitives\AtomicExpressionParser.hpp">
      <Filter>Header Files</Filter>
    </ClInclude>
    <ClInclude Include="services\language\primitives\CompositeParser.hpp">
      <Filter>Header Files</Filter>
    </ClInclude>
    <ClInclude Include="services\language\primitives\EnumerationParser.hpp">
      <Filter>Header Files</Filter>
    </ClInclude>
    <ClInclude Include="services\language\primitives\ExpressionList.hpp">
      <Filter>Header Files</Filter>
    </ClInclude>
    <ClInclude Include="services\language\primitives\ExpressionParser.hpp">
      <Filter>Header Files</Filter>
    </ClInclude>
    <ClInclude Include="services\language\primitives\GeneralExpressionParser.hpp">
      <Filter>Header Files</Filter>
    </ClInclude>
    <ClInclude Include="services\language\primitives\OrExpressionParser.hpp">
      <Filter>Header Files</Filter>
    </ClInclude>
    <ClInclude Include="services\language\primitives\Parser.hpp">
      <Filter>Header Files</Filter>
    </ClInclude>
    <ClInclude Include="services\language\primitives\ParserImpl.hpp">
      <Filter>Header Files</Filter>
    </ClInclude>
    <ClInclude Include="services\language\syntax\evaluation\ArrayValue.hpp">
      <Filter>Header Files</Filter>
    </ClInclude>
    <ClInclude Include="services\language\syntax\evaluation\ArrayValueList.hpp">
      <Filter>Header Files</Filter>
    </ClInclude>
    <ClInclude Include="services\language\syntax\evaluation\ArrayValueListImpl.hpp">
      <Filter>Header Files</Filter>
    </ClInclude>
    <ClInclude Include="services\language\syntax\evaluation\AtomicValue.hpp">
      <Filter>Header Files</Filter>
    </ClInclude>
    <ClInclude Include="services\language\syntax\evaluation\IdValue.hpp">
      <Filter>Header Files</Filter>
    </ClInclude>
    <ClInclude Include="services\language\syntax\evaluation\NullValue.hpp">
      <Filter>Header Files</Filter>
    </ClInclude>
    <ClInclude Include="services\language\syntax\evaluation\NumberValue.hpp">
      <Filter>Header Files</Filter>
    </ClInclude>
    <ClInclude Include="services\language\syntax\evaluation\ParameterAssignment.hpp">
      <Filter>Header Files</Filter>
    </ClInclude>
    <ClInclude Include="services\language\syntax\evaluation\ParameterList.hpp">
      <Filter>Header Files</Filter>
    </ClInclude>
    <ClInclude Include="services\language\syntax\evaluation\ParameterListImpl.hpp">
      <Filter>Header Files</Filter>
    </ClInclude>
    <ClInclude Include="services\language\syntax\evaluation\ParameterSyntax.hpp">
      <Filter>Header Files</Filter>
    </ClInclude>
    <ClInclude Include="services\language\syntax\evaluation\ParameterValue.hpp">
      <Filter>Header Files</Filter>
    </ClInclude>
    <ClInclude Include="services\language\syntax\evaluation\StringValue.hpp">
      <Filter>Header Files</Filter>
    </ClInclude>
    <ClInclude Include="services\language\syntax\BlockHeaderParser.hpp">
      <Filter>Header Files</Filter>
    </ClInclude>
    <ClInclude Include="services\language\syntax\BlockTailParser.hpp">
      <Filter>Header Files</Filter>
    </ClInclude>
    <ClInclude Include="services\language\syntax\ParameterListParser.hpp">
      <Filter>Header Files</Filter>
    </ClInclude>
    <ClInclude Include="services\language\syntax\SkipperParser.hpp">
      <Filter>Header Files</Filter>
    </ClInclude>
    <ClInclude Include="services\language\grammar_tokens.hpp">
      <Filter>Header Files</Filter>
    </ClInclude>
    <ClInclude Include="foundation\Axis.Mint.hpp">
      <Filter>Header Files</Filter>
    </ClInclude>
    <ClInclude Include="foundation\definitions\AnalysisSettingsBlockSyntax.hpp">
      <Filter>Header Files</Filter>
    </ClInclude>
    <ClInclude Include="foundation\definitions\AxisInputLanguage.hpp">
      <Filter>Header Files</Filter>
    </ClInclude>
    <ClInclude Include="foundation\definitions\ConfigurationFileDescriptor.hpp">
      <Filter>Header Files</Filter>
    </ClInclude>
    <ClInclude Include="foundation\definitions\ElementBlockSyntax.hpp">
      <Filter>Header Files</Filter>
    </ClInclude>
    <ClInclude Include="foundation\definitions\ElementSetBlockSyntax.hpp">
      <Filter>Header Files</Filter>
    </ClInclude>
    <ClInclude Include="foundation\definitions\NodeBlockSyntax.hpp">
      <Filter>Header Files</Filter>
    </ClInclude>
    <ClInclude Include="foundation\definitions\NodeSetBlockSyntax.hpp">
      <Filter>Header Files</Filter>
    </ClInclude>
    <ClInclude Include="foundation\definitions\OperatorAssociativity.hpp">
      <Filter>Header Files</Filter>
    </ClInclude>
    <ClInclude Include="foundation\definitions\OperatorInformation.hpp">
      <Filter>Header Files</Filter>
    </ClInclude>
    <ClInclude Include="foundation\definitions\OperatorMetadata.hpp">
      <Filter>Header Files</Filter>
    </ClInclude>
    <ClInclude Include="foundation\definitions\PartBlockSyntax.hpp">
      <Filter>Header Files</Filter>
    </ClInclude>
    <ClInclude Include="foundation\definitions\ResultCollectionBlockSyntax.hpp">
      <Filter>Header Files</Filter>
    </ClInclude>
    <ClInclude Include="foundation\definitions\StepBlockSyntax.hpp">
      <Filter>Header Files</Filter>
    </ClInclude>
    <ClInclude Include="foundation\definitions\TokenType.hpp">
      <Filter>Header Files</Filter>
    </ClInclude>
  </ItemGroup>
  <ItemGroup>
    <ClCompile Include="stdafx.cpp">
      <Filter>Source Files</Filter>
    </ClCompile>
    <ClCompile Include="Axis.Mint.cpp">
      <Filter>Source Files</Filter>
    </ClCompile>
    <ClCompile Include="dllmain.cpp">
      <Filter>Source Files</Filter>
    </ClCompile>
    <ClCompile Include="services\language\actions\CallbackAction.cpp">
      <Filter>Source Files</Filter>
    </ClCompile>
    <ClCompile Include="services\language\actions\ChainedAction.cpp">
      <Filter>Source Files</Filter>
    </ClCompile>
    <ClCompile Include="services\language\actions\NopAction.cpp">
      <Filter>Source Files</Filter>
    </ClCompile>
    <ClCompile Include="services\language\actions\ParserAction.cpp">
      <Filter>Source Files</Filter>
    </ClCompile>
    <ClCompile Include="services\language\actions\ParserCallback.cpp">
      <Filter>Source Files</Filter>
    </ClCompile>
    <ClCompile Include="services\language\factories\AxisGrammar.cpp">
      <Filter>Source Files</Filter>
    </ClCompile>
    <ClCompile Include="services\language\factories\IteratorFactory.cpp">
      <Filter>Source Files</Filter>
    </ClCompile>
    <ClCompile Include="services\language\iterators\InputIterator.cpp">
      <Filter>Source Files</Filter>
    </ClCompile>
    <ClCompile Include="services\language\iterators\IteratorLogic.cpp">
      <Filter>Source Files</Filter>
    </ClCompile>
    <ClCompile Include="services\language\iterators\StringIteratorLogic.cpp">
      <Filter>Source Files</Filter>
    </ClCompile>
    <ClCompile Include="services\language\parsing\AssignmentExpression.cpp">
      <Filter>Source Files</Filter>
    </ClCompile>
    <ClCompile Include="services\language\parsing\EmptyNode.cpp">
      <Filter>Source Files</Filter>
    </ClCompile>
    <ClCompile Include="services\language\parsing\EnumerationExpression.cpp">
      <Filter>Source Files</Filter>
    </ClCompile>
    <ClCompile Include="services\language\parsing\ExpressionNode.cpp">
      <Filter>Source Files</Filter>
    </ClCompile>
    <ClCompile Include="services\language\parsing\IdTerminal.cpp">
      <Filter>Source Files</Filter>
    </ClCompile>
    <ClCompile Include="services\language\parsing\NumberTerminal.cpp">
      <Filter>Source Files</Filter>
    </ClCompile>
    <ClCompile Include="services\language\parsing\OperatorTerminal.cpp">
      <Filter>Source Files</Filter>
    </ClCompile>
    <ClCompile Include="services\language\parsing\ParseResult.cpp">
      <Filter>Source Files</Filter>
    </ClCompile>
    <ClCompile Include="services\language\parsing\ParseTreeNode.cpp">
      <Filter>Source Files</Filter>
    </ClCompile>
    <ClCompile Include="services\language\parsing\ReservedWordTerminal.cpp">
      <Filter>Source Files</Filter>
    </ClCompile>
    <ClCompile Include="services\language\parsing\RhsExpression.cpp">
      <Filter>Source Files</Filter>
    </ClCompile>
    <ClCompile Include="services\language\parsing\StringTerminal.cpp">
      <Filter>Source Files</Filter>
    </ClCompile>
    <ClCompile Include="services\language\parsing\SymbolTerminal.cpp">
      <Filter>Source Files</Filter>
    </ClCompile>
    <ClCompile Include="services\language\primitives\impl\AnyParserImpl.cpp">
      <Filter>Source Files</Filter>
    </ClCompile>
    <ClCompile Include="services\language\primitives\impl\BlankParserImpl.cpp">
      <Filter>Source Files</Filter>
    </ClCompile>
    <ClCompile Include="services\language\primitives\impl\EoiParserImpl.cpp">
      <Filter>Source Files</Filter>
    </ClCompile>
    <ClCompile Include="services\language\primitives\impl\EpsilonParserImpl.cpp">
      <Filter>Source Files</Filter>
    </ClCompile>
    <ClCompile Include="services\language\primitives\impl\IdParserImpl.cpp">
      <Filter>Source Files</Filter>
    </ClCompile>
    <ClCompile Include="services\language\primitives\impl\NumberParserImpl.cpp">
      <Filter>Source Files</Filter>
    </ClCompile>
    <ClCompile Include="services\language\primitives\impl\StringParserImpl.cpp">
      <Filter>Source Files</Filter>
    </ClCompile>
    <ClCompile Include="services\language\primitives\AssignmentParser.cpp">
      <Filter>Source Files</Filter>
    </ClCompile>
    <ClCompile Include="services\language\primitives\AtomicExpressionParser.cpp">
      <Filter>Source Files</Filter>
    </ClCompile>
    <ClCompile Include="services\language\primitives\CompositeParser.cpp">
      <Filter>Source Files</Filter>
    </ClCompile>
    <ClCompile Include="services\language\primitives\EnumerationParser.cpp">
      <Filter>Source Files</Filter>
    </ClCompile>
    <ClCompile Include="services\language\primitives\ExpressionList.cpp">
      <Filter>Source Files</Filter>
    </ClCompile>
    <ClCompile Include="services\language\primitives\ExpressionParser.cpp">
      <Filter>Source Files</Filter>
    </ClCompile>
    <ClCompile Include="services\language\primitives\GeneralExpressionParser.cpp">
      <Filter>Source Files</Filter>
    </ClCompile>
    <ClCompile Include="services\language\primitives\OrExpressionParser.cpp">
      <Filter>Source Files</Filter>
    </ClCompile>
    <ClCompile Include="services\language\primitives\Parser.cpp">
      <Filter>Source Files</Filter>
    </ClCompile>
    <ClCompile Include="services\language\primitives\ParserImpl.cpp">
      <Filter>Source Files</Filter>
    </ClCompile>
    <ClCompile Include="services\language\syntax\evaluation\ArrayValue.cpp">
      <Filter>Source Files</Filter>
    </ClCompile>
    <ClCompile Include="services\language\syntax\evaluation\ArrayValueList.cpp">
      <Filter>Source Files</Filter>
    </ClCompile>
    <ClCompile Include="services\language\syntax\evaluation\ArrayValueListImpl.cpp">
      <Filter>Source Files</Filter>
    </ClCompile>
    <ClCompile Include="services\language\syntax\evaluation\AtomicValue.cpp">
      <Filter>Source Files</Filter>
    </ClCompile>
    <ClCompile Include="services\language\syntax\evaluation\IdValue.cpp">
      <Filter>Source Files</Filter>
    </ClCompile>
    <ClCompile Include="services\language\syntax\evaluation\NullValue.cpp">
      <Filter>Source Files</Filter>
    </ClCompile>
    <ClCompile Include="services\language\syntax\evaluation\NumberValue.cpp">
      <Filter>Source Files</Filter>
    </ClCompile>
    <ClCompile Include="services\language\syntax\evaluation\ParameterAssignment.cpp">
      <Filter>Source Files</Filter>
    </ClCompile>
    <ClCompile Include="services\language\syntax\evaluation\ParameterList.cpp">
      <Filter>Source Files</Filter>
    </ClCompile>
    <ClCompile Include="services\language\syntax\evaluation\ParameterListImpl.cpp">
      <Filter>Source Files</Filter>
    </ClCompile>
    <ClCompile Include="services\language\syntax\evaluation\ParameterSyntax.cpp">
      <Filter>Source Files</Filter>
    </ClCompile>
    <ClCompile Include="services\language\syntax\evaluation\ParameterValue.cpp">
      <Filter>Source Files</Filter>
    </ClCompile>
    <ClCompile Include="services\language\syntax\evaluation\StringValue.cpp">
      <Filter>Source Files</Filter>
    </ClCompile>
    <ClCompile Include="services\language\syntax\BlockHeaderParser.cpp">
      <Filter>Source Files</Filter>
    </ClCompile>
    <ClCompile Include="services\language\syntax\BlockTailParser.cpp">
      <Filter>Source Files</Filter>
    </ClCompile>
    <ClCompile Include="services\language\syntax\ParameterListParser.cpp">
      <Filter>Source Files</Filter>
    </ClCompile>
    <ClCompile Include="services\language\syntax\SkipperParser.cpp">
      <Filter>Source Files</Filter>
    </ClCompile>
    <ClCompile Include="foundation\definitions\AnalysisSettingsBlockSyntax.cpp">
      <Filter>Source Files</Filter>
    </ClCompile>
    <ClCompile Include="foundation\definitions\AxisInputLanguage.cpp">
      <Filter>Source Files</Filter>
    </ClCompile>
    <ClCompile Include="foundation\definitions\ConfigurationFileDescriptor.cpp">
      <Filter>Source Files</Filter>
    </ClCompile>
    <ClCompile Include="foundation\definitions\ElementBlockSyntax.cpp">
      <Filter>Source Files</Filter>
    </ClCompile>
    <ClCompile Include="foundation\definitions\ElementSetBlockSyntax.cpp">
      <Filter>Source Files</Filter>
    </ClCompile>
    <ClCompile Include="foundation\definitions\NodeBlockSyntax.cpp">
      <Filter>Source Files</Filter>
    </ClCompile>
    <ClCompile Include="foundation\definitions\NodeSetBlockSyntax.cpp">
      <Filter>Source Files</Filter>
    </ClCompile>
    <ClCompile Include="foundation\definitions\OperatorAssociativity.cpp">
      <Filter>Source Files</Filter>
    </ClCompile>
    <ClCompile Include="foundation\definitions\OperatorInformation.cpp">
      <Filter>Source Files</Filter>
    </ClCompile>
    <ClCompile Include="foundation\definitions\OperatorMetadata.cpp">
      <Filter>Source Files</Filter>
    </ClCompile>
    <ClCompile Include="foundation\definitions\PartBlockSyntax.cpp">
      <Filter>Source Files</Filter>
    </ClCompile>
    <ClCompile Include="foundation\definitions\ResultCollectionBlockSyntax.cpp">
      <Filter>Source Files</Filter>
    </ClCompile>
    <ClCompile Include="foundation\definitions\StepBlockSyntax.cpp">
      <Filter>Source Files</Filter>
    </ClCompile>
    <ClCompile Include="foundation\definitions\TokenType.cpp">
      <Filter>Source Files</Filter>
    </ClCompile>
  </ItemGroup>
</Project>