<?xml version="1.0" encoding="utf-8"?>
<Project ToolsVersion="4.0" xmlns="http://schemas.microsoft.com/developer/msbuild/2003">
  <ItemGroup>
    <Filter Include="Source Files">
      <UniqueIdentifier>{4FC737F1-C7A5-4376-A066-2A32D752A2FF}</UniqueIdentifier>
      <Extensions>cpp;c;cc;cxx;def;odl;idl;hpj;bat;asm;asmx</Extensions>
    </Filter>
    <Filter Include="Header Files">
      <UniqueIdentifier>{93995380-89BD-4b04-88EB-625FBE52EBFB}</UniqueIdentifier>
      <Extensions>h;hpp;hxx;hm;inl;inc;xsd</Extensions>
    </Filter>
    <Filter Include="Resource Files">
      <UniqueIdentifier>{67DA6AB6-F800-4c08-8B7A-83BB121AAD01}</UniqueIdentifier>
      <Extensions>rc;ico;cur;bmp;dlg;rc2;rct;bin;rgs;gif;jpg;jpeg;jpe;resx;tiff;tif;png;wav;mfcribbon-ms</Extensions>
    </Filter>
  </ItemGroup>
  <ItemGroup>
    <None Include="ReadMe.txt" />
  </ItemGroup>
  <ItemGroup>
    <ClInclude Include="blas_dll\stdafx.hpp">
      <Filter>Header Files</Filter>
    </ClInclude>
    <ClInclude Include="blas_dll\targetver.h">
      <Filter>Header Files</Filter>
    </ClInclude>
    <ClInclude Include="Foundation\BLAS\Axis.BLAS.hpp">
      <Filter>Header Files</Filter>
    </ClInclude>
    <ClInclude Include="Foundation\BLAS\blas.hpp">
      <Filter>Header Files</Filter>
    </ClInclude>
    <ClInclude Include="foundation\blas\blas_omp.hpp">
      <Filter>Header Files</Filter>
    </ClInclude>
    <ClInclude Include="Foundation\BLAS\DenseMatrix.hpp">
      <Filter>Header Files</Filter>
    </ClInclude>
    <ClInclude Include="Foundation\BLAS\matrix_compatibility.hpp">
      <Filter>Header Files</Filter>
    </ClInclude>
    <ClInclude Include="Foundation\BLAS\matrix_operations.hpp">
      <Filter>Header Files</Filter>
    </ClInclude>
    <ClInclude Include="Foundation\BLAS\SymmetricMatrix.hpp">
      <Filter>Header Files</Filter>
    </ClInclude>
    <ClInclude Include="Foundation\BLAS\TriangularMatrix.hpp">
      <Filter>Header Files</Filter>
    </ClInclude>
    <ClInclude Include="Foundation\BLAS\vector_operations.hpp">
      <Filter>Header Files</Filter>
    </ClInclude>
    <ClInclude Include="foundation\blas\blas_basic_types.hpp">
      <Filter>Header Files</Filter>
    </ClInclude>
    <ClInclude Include="foundation\blas\linear_algebra.hpp">
      <Filter>Header Files</Filter>
    </ClInclude>
    <ClInclude Include="Foundation\BLAS\VectorView.hpp">
      <Filter>Header Files</Filter>
    </ClInclude>
    <ClInclude Include="foundation\blas\RowVector.hpp">
      <Filter>Header Files</Filter>
    </ClInclude>
    <ClInclude Include="Foundation\BLAS\ColumnVector.hpp">
      <Filter>Header Files</Filter>
    </ClInclude>
    <ClInclude Include="foundation\blas\SubColumnVector.hpp">
      <Filter>Header Files</Filter>
    </ClInclude>
    <ClInclude Include="Foundation\BLAS\SubRowVector.hpp">
      <Filter>Header Files</Filter>
    </ClInclude>
  </ItemGroup>
  <ItemGroup>
    <ClCompile Include="blas_dll\Axis.BLAS.cpp">
      <Filter>Source Files</Filter>
    </ClCompile>
    <ClCompile Include="blas_dll\dllmain.cpp">
      <Filter>Source Files</Filter>
    </ClCompile>
    <ClCompile Include="blas_dll\stdafx.cpp">
      <Filter>Source Files</Filter>
    </ClCompile>
    <ClCompile Include="foundation\blas\VectorView.cpp">
      <Filter>Source Files</Filter>
    </ClCompile>
    <ClCompile Include="foundation\blas\RowVector.cpp" />
    <ClCompile Include="foundation\blas\SubColumnVector.cpp">
      <Filter>Source Files</Filter>
    </ClCompile>
    <ClCompile Include="foundation\blas\ColumnVector.cpp" />
    <ClCompile Include="foundation\blas\DenseMatrix.cpp">
      <Filter>Source Files</Filter>
    </ClCompile>
    <ClCompile Include="foundation\blas\SubRowVector.cpp">
      <Filter>Source Files</Filter>
    </ClCompile>
    <ClCompile Include="foundation\blas\SymmetricMatrix.cpp">
      <Filter>Source Files</Filter>
    </ClCompile>
    <ClCompile Include="foundation\blas\TriangularMatrix.cpp">
      <Filter>Source Files</Filter>
    </ClCompile>
    <ClCompile Include="foundation\blas\matrix_operations.cpp">
      <Filter>Source Files</Filter>
    </ClCompile>
  </ItemGroup>
</Project>