<?xml version="1.0" encoding="utf-8"?>
<Project ToolsVersion="4.0" xmlns="http://schemas.microsoft.com/developer/msbuild/2003">
  <ItemGroup>
    <Filter Include="Source Files">
      <UniqueIdentifier>{4FC737F1-C7A5-4376-A066-2A32D752A2FF}</UniqueIdentifier>
      <Extensions>cpp;c;cc;cxx;def;odl;idl;hpj;bat;asm;asmx</Extensions>
    </Filter>
    <Filter Include="Header Files">
      <UniqueIdentifier>{93995380-89BD-4b04-88EB-625FBE52EBFB}</UniqueIdentifier>
      <Extensions>h;hpp;hxx;hm;inl;inc;xsd</Extensions>
    </Filter>
    <Filter Include="Resource Files">
      <UniqueIdentifier>{67DA6AB6-F800-4c08-8B7A-83BB121AAD01}</UniqueIdentifier>
      <Extensions>rc;ico;cur;bmp;dlg;rc2;rct;bin;rgs;gif;jpg;jpeg;jpe;resx;tiff;tif;png;wav;mfcribbon-ms</Extensions>
    </Filter>
  </ItemGroup>
  <ItemGroup>
    <ClInclude Include="stdafx.h">
      <Filter>Header Files</Filter>
    </ClInclude>
    <ClInclude Include="AxisString.hpp">
      <Filter>Header Files</Filter>
    </ClInclude>
    <ClInclude Include="foundation\date_time\Date.hpp">
      <Filter>Header Files</Filter>
    </ClInclude>
    <ClInclude Include="foundation\date_time\Time.hpp">
      <Filter>Header Files</Filter>
    </ClInclude>
    <ClInclude Include="foundation\date_time\Timespan.hpp">
      <Filter>Header Files</Filter>
    </ClInclude>
    <ClInclude Include="foundation\date_time\Timestamp.hpp">
      <Filter>Header Files</Filter>
    </ClInclude>
    <ClInclude Include="foundation\AnalysisReadException.hpp">
      <Filter>Header Files</Filter>
    </ClInclude>
    <ClInclude Include="foundation\ApplicationErrorException.hpp">
      <Filter>Header Files</Filter>
    </ClInclude>
    <ClInclude Include="foundation\ArenaException.hpp">
      <Filter>Header Files</Filter>
    </ClInclude>
    <ClInclude Include="foundation\ArgumentException.hpp">
      <Filter>Header Files</Filter>
    </ClInclude>
    <ClInclude Include="foundation\AssertionFailedException.hpp">
      <Filter>Header Files</Filter>
    </ClInclude>
    <ClInclude Include="foundation\Axis.SystemBase.hpp">
      <Filter>Header Files</Filter>
    </ClInclude>
    <ClInclude Include="foundation\AxisException.hpp">
      <Filter>Header Files</Filter>
    </ClInclude>
    <ClInclude Include="foundation\AxisParserException.hpp">
      <Filter>Header Files</Filter>
    </ClInclude>
    <ClInclude Include="foundation\BadPluginException.hpp">
      <Filter>Header Files</Filter>
    </ClInclude>
    <ClInclude Include="foundation\ConfigurationNotFoundException.hpp">
      <Filter>Header Files</Filter>
    </ClInclude>
    <ClInclude Include="foundation\ConfigurationSectionNotFoundException.hpp">
      <Filter>Header Files</Filter>
    </ClInclude>
    <ClInclude Include="foundation\CustomParserErrorException.hpp">
      <Filter>Header Files</Filter>
    </ClInclude>
    <ClInclude Include="foundation\DimensionMismatchException.hpp">
      <Filter>Header Files</Filter>
    </ClInclude>
    <ClInclude Include="foundation\ElementNotFoundException.hpp">
      <Filter>Header Files</Filter>
    </ClInclude>
    <ClInclude Include="foundation\EOFException.hpp">
      <Filter>Header Files</Filter>
    </ClInclude>
    <ClInclude Include="foundation\HandledException.hpp">
      <Filter>Header Files</Filter>
    </ClInclude>
    <ClInclude Include="foundation\InputStackFullException.hpp">
      <Filter>Header Files</Filter>
    </ClInclude>
    <ClInclude Include="foundation\InvalidCastException.hpp">
      <Filter>Header Files</Filter>
    </ClInclude>
    <ClInclude Include="foundation\InvalidIdentifierException.hpp">
      <Filter>Header Files</Filter>
    </ClInclude>
    <ClInclude Include="foundation\InvalidIncludeFileException.hpp">
      <Filter>Header Files</Filter>
    </ClInclude>
    <ClInclude Include="foundation\InvalidOperationException.hpp">
      <Filter>Header Files</Filter>
    </ClInclude>
    <ClInclude Include="foundation\InvalidPluginException.hpp">
      <Filter>Header Files</Filter>
    </ClInclude>
    <ClInclude Include="foundation\InvalidPreProcessorDirectiveException.hpp">
      <Filter>Header Files</Filter>
    </ClInclude>
    <ClInclude Include="foundation\InvalidSyntaxException.hpp">
      <Filter>Header Files</Filter>
    </ClInclude>
    <ClInclude Include="foundation\IOException.hpp">
      <Filter>Header Files</Filter>
    </ClInclude>
    <ClInclude Include="foundation\Level2ParserException.hpp">
      <Filter>Header Files</Filter>
    </ClInclude>
    <ClInclude Include="foundation\MissingDelimiterException.hpp">
      <Filter>Header Files</Filter>
    </ClInclude>
    <ClInclude Include="foundation\NotImplementedException.hpp">
      <Filter>Header Files</Filter>
    </ClInclude>
    <ClInclude Include="foundation\NotSupportedException.hpp">
      <Filter>Header Files</Filter>
    </ClInclude>
    <ClInclude Include="foundation\OpenCommentException.hpp">
      <Filter>Header Files</Filter>
    </ClInclude>
    <ClInclude Include="foundation\OutOfBoundsException.hpp">
      <Filter>Header Files</Filter>
    </ClInclude>
    <ClInclude Include="foundation\OutOfMemoryException.hpp">
      <Filter>Header Files</Filter>
    </ClInclude>
    <ClInclude Include="foundation\OutOfRangeException.hpp">
      <Filter>Header Files</Filter>
    </ClInclude>
    <ClInclude Include="foundation\OverflowException.hpp">
      <Filter>Header Files</Filter>
    </ClInclude>
    <ClInclude Include="foundation\PermissionDeniedException.hpp">
      <Filter>Header Files</Filter>
    </ClInclude>
    <ClInclude Include="foundation\PreProcessorException.hpp">
      <Filter>Header Files</Filter>
    </ClInclude>
    <ClInclude Include="foundation\SourceHintCollection.hpp">
      <Filter>Header Files</Filter>
    </ClInclude>
    <ClInclude Include="foundation\SourceHintSet.hpp">
      <Filter>Header Files</Filter>
    </ClInclude>
    <ClInclude Include="foundation\SourceTraceHint.hpp">
      <Filter>Header Files</Filter>
    </ClInclude>
    <ClInclude Include="foundation\StandardTraceHints.hpp">
      <Filter>Header Files</Filter>
    </ClInclude>
    <ClInclude Include="foundation\SymbolRedefinedException.hpp">
      <Filter>Header Files</Filter>
    </ClInclude>
    <ClInclude Include="foundation\SyntaxMismatchException.hpp">
      <Filter>Header Files</Filter>
    </ClInclude>
    <ClInclude Include="foundation\UnexpectedExpressionException.hpp">
      <Filter>Header Files</Filter>
    </ClInclude>
    <ClInclude Include="foundation\assertion\Ascertainable.hpp">
      <Filter>Header Files</Filter>
    </ClInclude>
    <ClInclude Include="foundation\assertion\assertion.hpp">
      <Filter>Header Files</Filter>
    </ClInclude>
    <ClInclude Include="foundation\collections\AssociationSet.hpp">
      <Filter>Header Files</Filter>
    </ClInclude>
    <ClInclude Include="foundation\collections\AssociationSetImpl.hpp">
      <Filter>Header Files</Filter>
    </ClInclude>
    <ClInclude Include="foundation\collections\Collectible.hpp">
      <Filter>Header Files</Filter>
    </ClInclude>
    <ClInclude Include="foundation\collections\ObjectList.hpp">
      <Filter>Header Files</Filter>
    </ClInclude>
    <ClInclude Include="foundation\collections\ObjectListImpl.hpp">
      <Filter>Header Files</Filter>
    </ClInclude>
    <ClInclude Include="foundation\collections\ObjectMap.hpp">
      <Filter>Header Files</Filter>
    </ClInclude>
    <ClInclude Include="foundation\collections\ObjectMapImpl.hpp">
      <Filter>Header Files</Filter>
    </ClInclude>
    <ClInclude Include="foundation\collections\ObjectSet.hpp">
      <Filter>Header Files</Filter>
    </ClInclude>
    <ClInclude Include="foundation\collections\ObjectSetImpl.hpp">
      <Filter>Header Files</Filter>
    </ClInclude>
    <ClInclude Include="foundation\metaprogramming\Factorial.hpp">
      <Filter>Header Files</Filter>
    </ClInclude>
    <ClInclude Include="foundation\metaprogramming\Operations.hpp">
      <Filter>Header Files</Filter>
    </ClInclude>
    <ClInclude Include="foundation\metaprogramming\Power.hpp">
      <Filter>Header Files</Filter>
    </ClInclude>
    <ClInclude Include="foundation\settings\ConfigurationFileSettings.hpp">
      <Filter>Header Files</Filter>
    </ClInclude>
    <ClInclude Include="foundation\settings\SystemSettings.hpp">
      <Filter>Header Files</Filter>
    </ClInclude>
    <ClInclude Include="foundation\units\DigitalUnit.hpp">
      <Filter>Header Files</Filter>
    </ClInclude>
    <ClInclude Include="foundation\uuids\Uuid.hpp">
      <Filter>Header Files</Filter>
    </ClInclude>
    <ClInclude Include="services\diagnostics\AxisDebug.hpp">
      <Filter>Header Files</Filter>
    </ClInclude>
    <ClInclude Include="services\diagnostics\Process.hpp">
      <Filter>Header Files</Filter>
    </ClInclude>
    <ClInclude Include="services\diagnostics\ProcessPimpl.hpp">
      <Filter>Header Files</Filter>
    </ClInclude>
    <ClInclude Include="services\io\BoostRecursiveDirectoryNavigator.hpp">
      <Filter>Header Files</Filter>
    </ClInclude>
    <ClInclude Include="services\io\BoostSingleDirectoryNavigator.hpp">
      <Filter>Header Files</Filter>
    </ClInclude>
    <ClInclude Include="services\io\DirectoryNavigator.hpp">
      <Filter>Header Files</Filter>
    </ClInclude>
    <ClInclude Include="services\io\FileSystem.hpp">
      <Filter>Header Files</Filter>
    </ClInclude>
    <ClInclude Include="services\logging\categories.hpp">
      <Filter>Header Files</Filter>
    </ClInclude>
    <ClInclude Include="services\logging\event_sources.hpp">
      <Filter>Header Files</Filter>
    </ClInclude>
    <ClInclude Include="services\management\GlobalProviderCatalog.hpp">
      <Filter>Header Files</Filter>
    </ClInclude>
    <ClInclude Include="services\management\PluginInfo.hpp">
      <Filter>Header Files</Filter>
    </ClInclude>
    <ClInclude Include="services\management\PluginLink.hpp">
      <Filter>Header Files</Filter>
    </ClInclude>
    <ClInclude Include="services\management\PluginLoader.hpp">
      <Filter>Header Files</Filter>
    </ClInclude>
    <ClInclude Include="services\management\ProcessTime.hpp">
      <Filter>Header Files</Filter>
    </ClInclude>
    <ClInclude Include="services\management\Provider.hpp">
      <Filter>Header Files</Filter>
    </ClInclude>
    <ClInclude Include="services\management\ServiceLocator.hpp">
      <Filter>Header Files</Filter>
    </ClInclude>
    <ClInclude Include="services\messaging\Filters\DefaultMessageFilter.hpp">
      <Filter>Header Files</Filter>
    </ClInclude>
    <ClInclude Include="services\messaging\Filters\EventLogMessageFilter.hpp">
      <Filter>Header Files</Filter>
    </ClInclude>
    <ClInclude Include="services\messaging\Filters\MessageFilter.hpp">
      <Filter>Header Files</Filter>
    </ClInclude>
    <ClInclude Include="services\messaging\Metadata\MetadataCollection.hpp">
      <Filter>Header Files</Filter>
    </ClInclude>
    <ClInclude Include="services\messaging\Metadata\Metadatum.hpp">
      <Filter>Header Files</Filter>
    </ClInclude>
    <ClInclude Include="services\messaging\Metadata\SourceFileMetadata.hpp">
      <Filter>Header Files</Filter>
    </ClInclude>
    <ClInclude Include="services\messaging\CollectorEndpoint.hpp">
      <Filter>Header Files</Filter>
    </ClInclude>
    <ClInclude Include="services\messaging\CollectorHub.hpp">
      <Filter>Header Files</Filter>
    </ClInclude>
    <ClInclude Include="services\messaging\ErrorMessage.hpp">
      <Filter>Header Files</Filter>
    </ClInclude>
    <ClInclude Include="services\messaging\EventMessage.hpp">
      <Filter>Header Files</Filter>
    </ClInclude>
    <ClInclude Include="services\messaging\EventTag.hpp">
      <Filter>Header Files</Filter>
    </ClInclude>
    <ClInclude Include="services\messaging\InfoMessage.hpp">
      <Filter>Header Files</Filter>
    </ClInclude>
    <ClInclude Include="services\messaging\LogMessage.hpp">
      <Filter>Header Files</Filter>
    </ClInclude>
    <ClInclude Include="services\messaging\Message.hpp">
      <Filter>Header Files</Filter>
    </ClInclude>
    <ClInclude Include="services\messaging\MessageListener.hpp">
      <Filter>Header Files</Filter>
    </ClInclude>
    <ClInclude Include="services\messaging\ResultMessage.hpp">
      <Filter>Header Files</Filter>
    </ClInclude>
    <ClInclude Include="services\messaging\TraceInfo.hpp">
      <Filter>Header Files</Filter>
    </ClInclude>
    <ClInclude Include="services\messaging\TraceInfoCollection.hpp">
      <Filter>Header Files</Filter>
    </ClInclude>
    <ClInclude Include="services\messaging\TraceTag.hpp">
      <Filter>Header Files</Filter>
    </ClInclude>
    <ClInclude Include="services\messaging\WarningMessage.hpp">
      <Filter>Header Files</Filter>
    </ClInclude>
    <ClInclude Include="string_traits.hpp">
      <Filter>Header Files</Filter>
    </ClInclude>
    <ClInclude Include="System.hpp">
      <Filter>Header Files</Filter>
    </ClInclude>
    <ClInclude Include="nocopy.hpp">
      <Filter>Header Files</Filter>
    </ClInclude>
    <ClInclude Include="foundation\memory\UnsyncStackArena.hpp">
      <Filter>Header Files</Filter>
    </ClInclude>
    <ClInclude Include="foundation\memory\UnsyncHeapArena.hpp">
      <Filter>Header Files</Filter>
    </ClInclude>
    <ClInclude Include="foundation\ArenaMemoryExhaustedException.hpp">
      <Filter>Header Files</Filter>
    </ClInclude>
    <ClInclude Include="foundation\memory\arena_helper.hpp">
      <Filter>Header Files</Filter>
    </ClInclude>
    <ClInclude Include="foundation\memory\SyncedHeapArena.hpp">
      <Filter>Header Files</Filter>
    </ClInclude>
    <ClInclude Include="foundation\ArenaStackMismatchException.hpp">
      <Filter>Header Files</Filter>
    </ClInclude>
    <ClInclude Include="foundation\DuplicateKeyException.hpp">
      <Filter>Header Files</Filter>
    </ClInclude>
    <ClInclude Include="foundation\memory\RelativePointer.hpp">
      <Filter>Header Files</Filter>
    </ClInclude>
    <ClInclude Include="foundation\fwd\memory_fwd.hpp">
      <Filter>Header Files</Filter>
    </ClInclude>
    <ClInclude Include="foundation\memory\FixedStackArena.hpp">
      <Filter>Header Files</Filter>
    </ClInclude>
    <ClInclude Include="foundation\memory\HeapStackArena.hpp">
      <Filter>Header Files</Filter>
    </ClInclude>
    <ClInclude Include="foundation\memory\HeapBlockArena.hpp">
      <Filter>Header Files</Filter>
    </ClInclude>
    <ClInclude Include="foundation\memory\pointer.hpp">
      <Filter>Header Files</Filter>
    </ClInclude>
    <ClInclude Include="ApplicationEnvironment.hpp">
      <Filter>Header Files</Filter>
    </ClInclude>
    <ClInclude Include="foundation\memory\HeapBlockArena_Pimpl.hpp">
      <Filter>Header Files</Filter>
    </ClInclude>
    <ClInclude Include="foundation\fwd\mirroring_fwd.hpp">
      <Filter>Header Files</Filter>
    </ClInclude>
    <ClInclude Include="foundation\mirroring\HeapReflector.hpp">
      <Filter>Header Files</Filter>
    </ClInclude>
    <ClInclude Include="foundation\mirroring\MemoryAllocator.hpp">
      <Filter>Header Files</Filter>
    </ClInclude>
    <ClInclude Include="foundation\mirroring\MemoryReflector.hpp">
      <Filter>Header Files</Filter>
    </ClInclude>
    <ClInclude Include="foundation\computing\KernelCommand.hpp">
      <Filter>Header Files</Filter>
    </ClInclude>
    <ClInclude Include="Dimension3D.hpp">
      <Filter>Header Files</Filter>
    </ClInclude>
    <ClInclude Include="foundation\basic_types.hpp">
      <Filter>Header Files</Filter>
    </ClInclude>
    <ClInclude Include="services\management\SystemHook.hpp">
      <Filter>Header Files</Filter>
    </ClInclude>
    <ClInclude Include="system_messages.hpp">
      <Filter>Header Files</Filter>
    </ClInclude>
    <ClInclude Include="foundation\computing\NullKernelCommand.hpp">
      <Filter>Header Files</Filter>
    </ClInclude>
  </ItemGroup>
  <ItemGroup>
    <ClCompile Include="stdafx.cpp">
      <Filter>Source Files</Filter>
    </ClCompile>
    <ClCompile Include="foundation\date_time\Date.cpp">
      <Filter>Source Files</Filter>
    </ClCompile>
    <ClCompile Include="foundation\date_time\Time.cpp">
      <Filter>Source Files</Filter>
    </ClCompile>
    <ClCompile Include="foundation\date_time\Timespan.cpp">
      <Filter>Source Files</Filter>
    </ClCompile>
    <ClCompile Include="foundation\date_time\Timestamp.cpp">
      <Filter>Source Files</Filter>
    </ClCompile>
    <ClCompile Include="foundation\AnalysisReadException.cpp">
      <Filter>Source Files</Filter>
    </ClCompile>
    <ClCompile Include="foundation\ApplicationErrorException.cpp">
      <Filter>Source Files</Filter>
    </ClCompile>
    <ClCompile Include="foundation\ArenaException.cpp">
      <Filter>Source Files</Filter>
    </ClCompile>
    <ClCompile Include="foundation\ArgumentException.cpp">
      <Filter>Source Files</Filter>
    </ClCompile>
    <ClCompile Include="foundation\AssertionFailedException.cpp">
      <Filter>Source Files</Filter>
    </ClCompile>
    <ClCompile Include="foundation\AxisException.cpp">
      <Filter>Source Files</Filter>
    </ClCompile>
    <ClCompile Include="foundation\AxisParserException.cpp">
      <Filter>Source Files</Filter>
    </ClCompile>
    <ClCompile Include="foundation\BadPluginException.cpp">
      <Filter>Source Files</Filter>
    </ClCompile>
    <ClCompile Include="foundation\ConfigurationNotFoundException.cpp">
      <Filter>Source Files</Filter>
    </ClCompile>
    <ClCompile Include="foundation\ConfigurationSectionNotFoundException.cpp">
      <Filter>Source Files</Filter>
    </ClCompile>
    <ClCompile Include="foundation\CustomParserErrorException.cpp">
      <Filter>Source Files</Filter>
    </ClCompile>
    <ClCompile Include="foundation\DimensionMismatchException.cpp">
      <Filter>Source Files</Filter>
    </ClCompile>
    <ClCompile Include="foundation\ElementNotFoundException.cpp">
      <Filter>Source Files</Filter>
    </ClCompile>
    <ClCompile Include="foundation\EOFException.cpp">
      <Filter>Source Files</Filter>
    </ClCompile>
    <ClCompile Include="foundation\HandledException.cpp">
      <Filter>Source Files</Filter>
    </ClCompile>
    <ClCompile Include="foundation\InputStackFullException.cpp">
      <Filter>Source Files</Filter>
    </ClCompile>
    <ClCompile Include="foundation\InvalidCastException.cpp">
      <Filter>Source Files</Filter>
    </ClCompile>
    <ClCompile Include="foundation\InvalidIdentifierException.cpp">
      <Filter>Source Files</Filter>
    </ClCompile>
    <ClCompile Include="foundation\InvalidIncludeFileException.cpp">
      <Filter>Source Files</Filter>
    </ClCompile>
    <ClCompile Include="foundation\InvalidOperationException.cpp">
      <Filter>Source Files</Filter>
    </ClCompile>
    <ClCompile Include="foundation\InvalidPluginException.cpp">
      <Filter>Source Files</Filter>
    </ClCompile>
    <ClCompile Include="foundation\InvalidPreProcessorDirectiveException.cpp">
      <Filter>Source Files</Filter>
    </ClCompile>
    <ClCompile Include="foundation\InvalidSyntaxException.cpp">
      <Filter>Source Files</Filter>
    </ClCompile>
    <ClCompile Include="foundation\IOException.cpp">
      <Filter>Source Files</Filter>
    </ClCompile>
    <ClCompile Include="foundation\Level2ParserException.cpp">
      <Filter>Source Files</Filter>
    </ClCompile>
    <ClCompile Include="foundation\MissingDelimiterException.cpp">
      <Filter>Source Files</Filter>
    </ClCompile>
    <ClCompile Include="foundation\NotImplementedException.cpp">
      <Filter>Source Files</Filter>
    </ClCompile>
    <ClCompile Include="foundation\NotSupportedException.cpp">
      <Filter>Source Files</Filter>
    </ClCompile>
    <ClCompile Include="foundation\OpenCommentException.cpp">
      <Filter>Source Files</Filter>
    </ClCompile>
    <ClCompile Include="foundation\OutOfBoundsException.cpp">
      <Filter>Source Files</Filter>
    </ClCompile>
    <ClCompile Include="foundation\OutOfMemoryException.cpp">
      <Filter>Source Files</Filter>
    </ClCompile>
    <ClCompile Include="foundation\OutOfRangeException.cpp">
      <Filter>Source Files</Filter>
    </ClCompile>
    <ClCompile Include="foundation\OverflowException.cpp">
      <Filter>Source Files</Filter>
    </ClCompile>
    <ClCompile Include="foundation\PermissionDeniedException.cpp">
      <Filter>Source Files</Filter>
    </ClCompile>
    <ClCompile Include="foundation\PreProcessorException.cpp">
      <Filter>Source Files</Filter>
    </ClCompile>
    <ClCompile Include="foundation\SourceHintCollection.cpp">
      <Filter>Source Files</Filter>
    </ClCompile>
    <ClCompile Include="foundation\SourceHintSet.cpp">
      <Filter>Source Files</Filter>
    </ClCompile>
    <ClCompile Include="foundation\SourceTraceHint.cpp">
      <Filter>Source Files</Filter>
    </ClCompile>
    <ClCompile Include="foundation\StandardTraceHints.cpp">
      <Filter>Source Files</Filter>
    </ClCompile>
    <ClCompile Include="foundation\SymbolRedefinedException.cpp">
      <Filter>Source Files</Filter>
    </ClCompile>
    <ClCompile Include="foundation\SyntaxMismatchException.cpp">
      <Filter>Source Files</Filter>
    </ClCompile>
    <ClCompile Include="foundation\UnexpectedExpressionException.cpp">
      <Filter>Source Files</Filter>
    </ClCompile>
    <ClCompile Include="foundation\assertion\Ascertainable.cpp">
      <Filter>Source Files</Filter>
    </ClCompile>
    <ClCompile Include="foundation\collections\AssociationSet.cpp">
      <Filter>Source Files</Filter>
    </ClCompile>
    <ClCompile Include="foundation\collections\AssociationSetImpl.cpp">
      <Filter>Source Files</Filter>
    </ClCompile>
    <ClCompile Include="foundation\collections\Collectible.cpp">
      <Filter>Source Files</Filter>
    </ClCompile>
    <ClCompile Include="foundation\collections\ObjectList.cpp">
      <Filter>Source Files</Filter>
    </ClCompile>
    <ClCompile Include="foundation\collections\ObjectListImpl.cpp">
      <Filter>Source Files</Filter>
    </ClCompile>
    <ClCompile Include="foundation\collections\ObjectMap.cpp">
      <Filter>Source Files</Filter>
    </ClCompile>
    <ClCompile Include="foundation\collections\ObjectMapImpl.cpp">
      <Filter>Source Files</Filter>
    </ClCompile>
    <ClCompile Include="foundation\collections\ObjectSet.cpp">
      <Filter>Source Files</Filter>
    </ClCompile>
    <ClCompile Include="foundation\collections\ObjectSetImpl.cpp">
      <Filter>Source Files</Filter>
    </ClCompile>
    <ClCompile Include="foundation\settings\ConfigurationFileSettings.cpp">
      <Filter>Source Files</Filter>
    </ClCompile>
    <ClCompile Include="foundation\settings\SystemSettings.cpp">
      <Filter>Source Files</Filter>
    </ClCompile>
    <ClCompile Include="foundation\units\DigitalUnit.cpp">
      <Filter>Source Files</Filter>
    </ClCompile>
    <ClCompile Include="foundation\uuids\Uuid.cpp">
      <Filter>Source Files</Filter>
    </ClCompile>
    <ClCompile Include="services\diagnostics\AxisDebug.cpp">
      <Filter>Source Files</Filter>
    </ClCompile>
    <ClCompile Include="services\diagnostics\Process.cpp">
      <Filter>Source Files</Filter>
    </ClCompile>
    <ClCompile Include="services\io\BoostRecursiveDirectoryNavigator.cpp">
      <Filter>Source Files</Filter>
    </ClCompile>
    <ClCompile Include="services\io\BoostSingleDirectoryNavigator.cpp">
      <Filter>Source Files</Filter>
    </ClCompile>
    <ClCompile Include="services\io\DirectoryNavigator.cpp">
      <Filter>Source Files</Filter>
    </ClCompile>
    <ClCompile Include="services\io\FileSystem.cpp">
      <Filter>Source Files</Filter>
    </ClCompile>
    <ClCompile Include="services\management\GlobalProviderCatalog.cpp">
      <Filter>Source Files</Filter>
    </ClCompile>
    <ClCompile Include="services\management\PluginInfo.cpp">
      <Filter>Source Files</Filter>
    </ClCompile>
    <ClCompile Include="services\management\PluginLink.cpp">
      <Filter>Source Files</Filter>
    </ClCompile>
    <ClCompile Include="services\management\PluginLoader.cpp">
      <Filter>Source Files</Filter>
    </ClCompile>
    <ClCompile Include="services\management\ProcessTime.cpp">
      <Filter>Source Files</Filter>
    </ClCompile>
    <ClCompile Include="services\management\Provider.cpp">
      <Filter>Source Files</Filter>
    </ClCompile>
    <ClCompile Include="services\management\ServiceLocator.cpp">
      <Filter>Source Files</Filter>
    </ClCompile>
    <ClCompile Include="services\messaging\Filters\DefaultMessageFilter.cpp">
      <Filter>Source Files</Filter>
    </ClCompile>
    <ClCompile Include="services\messaging\Filters\EventLogMessageFilter.cpp">
      <Filter>Source Files</Filter>
    </ClCompile>
    <ClCompile Include="services\messaging\Filters\MessageFilter.cpp">
      <Filter>Source Files</Filter>
    </ClCompile>
    <ClCompile Include="services\messaging\Metadata\MetadataCollection.cpp">
      <Filter>Source Files</Filter>
    </ClCompile>
    <ClCompile Include="services\messaging\Metadata\Metadatum.cpp">
      <Filter>Source Files</Filter>
    </ClCompile>
    <ClCompile Include="services\messaging\Metadata\SourceFileMetadata.cpp">
      <Filter>Source Files</Filter>
    </ClCompile>
    <ClCompile Include="services\messaging\CollectorEndpoint.cpp">
      <Filter>Source Files</Filter>
    </ClCompile>
    <ClCompile Include="services\messaging\CollectorHub.cpp">
      <Filter>Source Files</Filter>
    </ClCompile>
    <ClCompile Include="services\messaging\ErrorMessage.cpp">
      <Filter>Source Files</Filter>
    </ClCompile>
    <ClCompile Include="services\messaging\EventMessage.cpp">
      <Filter>Source Files</Filter>
    </ClCompile>
    <ClCompile Include="services\messaging\EventTag.cpp">
      <Filter>Source Files</Filter>
    </ClCompile>
    <ClCompile Include="services\messaging\InfoMessage.cpp">
      <Filter>Source Files</Filter>
    </ClCompile>
    <ClCompile Include="services\messaging\LogMessage.cpp">
      <Filter>Source Files</Filter>
    </ClCompile>
    <ClCompile Include="services\messaging\Message.cpp">
      <Filter>Source Files</Filter>
    </ClCompile>
    <ClCompile Include="services\messaging\MessageListener.cpp">
      <Filter>Source Files</Filter>
    </ClCompile>
    <ClCompile Include="services\messaging\ResultMessage.cpp">
      <Filter>Source Files</Filter>
    </ClCompile>
    <ClCompile Include="services\messaging\TraceInfo.cpp">
      <Filter>Source Files</Filter>
    </ClCompile>
    <ClCompile Include="services\messaging\TraceInfoCollection.cpp">
      <Filter>Source Files</Filter>
    </ClCompile>
    <ClCompile Include="services\messaging\TraceTag.cpp">
      <Filter>Source Files</Filter>
    </ClCompile>
    <ClCompile Include="services\messaging\WarningMessage.cpp">
      <Filter>Source Files</Filter>
    </ClCompile>
    <ClCompile Include="AxisString.cpp">
      <Filter>Source Files</Filter>
    </ClCompile>
    <ClCompile Include="System.cpp">
      <Filter>Source Files</Filter>
    </ClCompile>
    <ClCompile Include="foundation\memory\UnsyncStackArena.cpp">
      <Filter>Source Files</Filter>
    </ClCompile>
    <ClCompile Include="foundation\memory\UnsyncHeapArena.cpp">
      <Filter>Source Files</Filter>
    </ClCompile>
    <ClCompile Include="foundation\ArenaMemoryExhaustedException.cpp">
      <Filter>Source Files</Filter>
    </ClCompile>
    <ClCompile Include="foundation\memory\SyncedHeapArena.cpp">
      <Filter>Source Files</Filter>
    </ClCompile>
    <ClCompile Include="foundation\ArenaStackMismatchException.cpp">
      <Filter>Source Files</Filter>
    </ClCompile>
    <ClCompile Include="foundation\DuplicateKeyException.cpp">
      <Filter>Source Files</Filter>
    </ClCompile>
    <ClCompile Include="foundation\memory\FixedStackArena.cpp">
      <Filter>Source Files</Filter>
    </ClCompile>
    <ClCompile Include="foundation\memory\HeapStackArena.cpp">
      <Filter>Source Files</Filter>
    </ClCompile>
    <ClCompile Include="ApplicationEnvironment.cpp">
      <Filter>Source Files</Filter>
    </ClCompile>
    <ClCompile Include="foundation\mirroring\HeapReflector.cpp">
      <Filter>Source Files</Filter>
    </ClCompile>
    <ClCompile Include="foundation\mirroring\MemoryAllocator.cpp">
      <Filter>Source Files</Filter>
    </ClCompile>
    <ClCompile Include="foundation\mirroring\MemoryReflector.cpp">
      <Filter>Source Files</Filter>
    </ClCompile>
    <ClCompile Include="foundation\computing\KernelCommand.cpp">
      <Filter>Source Files</Filter>
    </ClCompile>
    <ClCompile Include="Dimension3D.cpp">
      <Filter>Source Files</Filter>
    </ClCompile>
    <ClCompile Include="foundation\memory\HeapBlockArena.cpp">
      <Filter>Source Files</Filter>
    </ClCompile>
    <ClCompile Include="foundation\memory\RelativePointer.cpp">
      <Filter>Source Files</Filter>
    </ClCompile>
    <ClCompile Include="services\management\SystemHook.cpp">
      <Filter>Source Files</Filter>
    </ClCompile>
    <ClCompile Include="foundation\computing\NullKernelCommand.cpp">
      <Filter>Source Files</Filter>
    </ClCompile>
  </ItemGroup>
</Project>