<?xml version="1.0" encoding="utf-8"?>
<Project ToolsVersion="4.0" xmlns="http://schemas.microsoft.com/developer/msbuild/2003">
  <ItemGroup>
    <Filter Include="Source Files">
      <UniqueIdentifier>{4FC737F1-C7A5-4376-A066-2A32D752A2FF}</UniqueIdentifier>
      <Extensions>cpp;c;cc;cxx;def;odl;idl;hpj;bat;asm;asmx</Extensions>
    </Filter>
    <Filter Include="Header Files">
      <UniqueIdentifier>{93995380-89BD-4b04-88EB-625FBE52EBFB}</UniqueIdentifier>
      <Extensions>h;hpp;hxx;hm;inl;inc;xsd</Extensions>
    </Filter>
    <Filter Include="Resource Files">
      <UniqueIdentifier>{67DA6AB6-F800-4c08-8B7A-83BB121AAD01}</UniqueIdentifier>
      <Extensions>rc;ico;cur;bmp;dlg;rc2;rct;bin;rgs;gif;jpg;jpeg;jpe;resx;tiff;tif;png;wav;mfcribbon-ms</Extensions>
    </Filter>
  </ItemGroup>
  <ItemGroup>
    <Text Include="ReadMe.txt" />
  </ItemGroup>
  <ItemGroup>
    <ClInclude Include="stdafx.h">
      <Filter>Header Files</Filter>
    </ClInclude>
    <ClInclude Include="targetver.h">
      <Filter>Header Files</Filter>
    </ClInclude>
    <ClInclude Include="application\factories\algorithms\ClockworkFactory.hpp">
      <Filter>Header Files</Filter>
    </ClInclude>
    <ClInclude Include="application\factories\algorithms\SolverFactory.hpp">
      <Filter>Header Files</Filter>
    </ClInclude>
    <ClInclude Include="application\factories\boundary_conditions\ConstraintFactory.hpp">
      <Filter>Header Files</Filter>
    </ClInclude>
    <ClInclude Include="application\factories\materials\MaterialFactory.hpp">
      <Filter>Header Files</Filter>
    </ClInclude>
    <ClInclude Include="application\factories\workbooks\WorkbookFactory.hpp">
      <Filter>Header Files</Filter>
    </ClInclude>
    <ClInclude Include="application\factories\parsers\BlockProvider.hpp">
      <Filter>Header Files</Filter>
    </ClInclude>
    <ClInclude Include="application\factories\parsers\ElementParserFactory.hpp">
      <Filter>Header Files</Filter>
    </ClInclude>
    <ClInclude Include="application\factories\parsers\StepParserProvider.hpp">
      <Filter>Header Files</Filter>
    </ClInclude>
    <ClInclude Include="application\factories\collectors\CollectorBuildResult.hpp">
      <Filter>Header Files</Filter>
    </ClInclude>
    <ClInclude Include="application\factories\collectors\CollectorFactory.hpp">
      <Filter>Header Files</Filter>
    </ClInclude>
    <ClInclude Include="application\factories\collectors\CollectorParseResult.hpp">
      <Filter>Header Files</Filter>
    </ClInclude>
    <ClInclude Include="application\factories\collectors\CollectorType.hpp">
      <Filter>Header Files</Filter>
    </ClInclude>
    <ClInclude Include="application\factories\collectors\ElementCollectorBuilder.hpp">
      <Filter>Header Files</Filter>
    </ClInclude>
    <ClInclude Include="application\factories\collectors\EntityType.hpp">
      <Filter>Header Files</Filter>
    </ClInclude>
    <ClInclude Include="application\factories\collectors\GeneralElementCollectorBuilder.hpp">
      <Filter>Header Files</Filter>
    </ClInclude>
    <ClInclude Include="application\factories\collectors\GeneralElementCollectorFactory.hpp">
      <Filter>Header Files</Filter>
    </ClInclude>
    <ClInclude Include="application\factories\collectors\GeneralElementCollectorFactory_Pimpl.hpp">
      <Filter>Header Files</Filter>
    </ClInclude>
    <ClInclude Include="application\factories\collectors\GeneralElementCollectorParser.hpp">
      <Filter>Header Files</Filter>
    </ClInclude>
    <ClInclude Include="application\factories\collectors\GeneralNodeCollectorBuilder.hpp">
      <Filter>Header Files</Filter>
    </ClInclude>
    <ClInclude Include="application\factories\collectors\GeneralNodeCollectorFactory.hpp">
      <Filter>Header Files</Filter>
    </ClInclude>
    <ClInclude Include="application\factories\collectors\GeneralNodeCollectorFactory_Pimpl.hpp">
      <Filter>Header Files</Filter>
    </ClInclude>
    <ClInclude Include="application\factories\collectors\GeneralNodeCollectorParser.hpp">
      <Filter>Header Files</Filter>
    </ClInclude>
    <ClInclude Include="application\factories\collectors\GeneralSummaryElementCollectorBuilder.hpp">
      <Filter>Header Files</Filter>
    </ClInclude>
    <ClInclude Include="application\factories\collectors\GeneralSummaryElementCollectorFactory.hpp">
      <Filter>Header Files</Filter>
    </ClInclude>
    <ClInclude Include="application\factories\collectors\GeneralSummaryElementCollectorFactory_Pimpl.hpp">
      <Filter>Header Files</Filter>
    </ClInclude>
    <ClInclude Include="application\factories\collectors\GeneralSummaryNodeCollectorBuilder.hpp">
      <Filter>Header Files</Filter>
    </ClInclude>
    <ClInclude Include="application\factories\collectors\GeneralSummaryNodeCollectorFactory.hpp">
      <Filter>Header Files</Filter>
    </ClInclude>
    <ClInclude Include="application\factories\collectors\GeneralSummaryNodeCollectorFactory_Pimpl.hpp">
      <Filter>Header Files</Filter>
    </ClInclude>
    <ClInclude Include="application\factories\collectors\NodeCollectorBuilder.hpp">
      <Filter>Header Files</Filter>
    </ClInclude>
    <ClInclude Include="application\factories\collectors\SummaryElementCollectorBuilder.hpp">
      <Filter>Header Files</Filter>
    </ClInclude>
    <ClInclude Include="application\factories\collectors\SummaryNodeCollectorBuilder.hpp">
      <Filter>Header Files</Filter>
    </ClInclude>
    <ClInclude Include="application\parsing\core\EntityLabeler.hpp">
      <Filter>Header Files</Filter>
    </ClInclude>
    <ClInclude Include="application\parsing\core\EntityLabeler_Pimpl.hpp">
      <Filter>Header Files</Filter>
    </ClInclude>
    <ClInclude Include="application\parsing\core\EventStatistic.hpp">
      <Filter>Header Files</Filter>
    </ClInclude>
    <ClInclude Include="application\parsing\core\EventStatistic_Pimpl.hpp">
      <Filter>Header Files</Filter>
    </ClInclude>
    <ClInclude Include="application\parsing\core\ParseContext.hpp">
      <Filter>Header Files</Filter>
    </ClInclude>
    <ClInclude Include="application\parsing\core\ParseContext_Pimpl.hpp">
      <Filter>Header Files</Filter>
    </ClInclude>
    <ClInclude Include="application\parsing\core\SymbolTable.hpp">
      <Filter>Header Files</Filter>
    </ClInclude>
    <ClInclude Include="application\parsing\core\SymbolTable_Pimpl.hpp">
      <Filter>Header Files</Filter>
    </ClInclude>
    <ClInclude Include="application\parsing\parsers\BlockParser.hpp">
      <Filter>Header Files</Filter>
    </ClInclude>
    <ClInclude Include="application\parsing\parsers\ConstraintParser.hpp">
      <Filter>Header Files</Filter>
    </ClInclude>
    <ClInclude Include="application\parsing\parsers\ElementParser.hpp">
      <Filter>Header Files</Filter>
    </ClInclude>
    <ClInclude Include="application\parsing\parsers\EmptyBlockParser.hpp">
      <Filter>Header Files</Filter>
    </ClInclude>
    <ClInclude Include="application\parsing\parsers\ResultCollectorParser.hpp">
      <Filter>Header Files</Filter>
    </ClInclude>
    <ClInclude Include="application\parsing\parsers\SnapshotParser.hpp">
      <Filter>Header Files</Filter>
    </ClInclude>
    <ClInclude Include="application\parsing\parsers\StepParser.hpp">
      <Filter>Header Files</Filter>
    </ClInclude>
    <ClInclude Include="application\parsing\parsers\VoidParser.hpp">
      <Filter>Header Files</Filter>
    </ClInclude>
    <ClInclude Include="application\parsing\error_messages.hpp">
      <Filter>Header Files</Filter>
    </ClInclude>
    <ClInclude Include="application\parsing\warning_messages.hpp">
      <Filter>Header Files</Filter>
    </ClInclude>
    <ClInclude Include="application\locators\ClockworkFactoryLocator.hpp">
      <Filter>Header Files</Filter>
    </ClInclude>
    <ClInclude Include="application\locators\ClockworkFactoryLocator_Pimpl.hpp">
      <Filter>Header Files</Filter>
    </ClInclude>
    <ClInclude Include="application\locators\CollectorFactoryLocator.hpp">
      <Filter>Header Files</Filter>
    </ClInclude>
    <ClInclude Include="application\locators\CollectorFactoryLocator_Pimpl.hpp">
      <Filter>Header Files</Filter>
    </ClInclude>
    <ClInclude Include="application\locators\ConstraintParserLocator.hpp">
      <Filter>Header Files</Filter>
    </ClInclude>
    <ClInclude Include="application\locators\ConstraintParserLocator_Pimpl.hpp">
      <Filter>Header Files</Filter>
    </ClInclude>
    <ClInclude Include="application\locators\ElementParserLocator.hpp">
      <Filter>Header Files</Filter>
    </ClInclude>
    <ClInclude Include="application\locators\ElementParserLocator_Pimpl.hpp">
      <Filter>Header Files</Filter>
    </ClInclude>
    <ClInclude Include="application\locators\MaterialFactoryLocator.hpp">
      <Filter>Header Files</Filter>
    </ClInclude>
    <ClInclude Include="application\locators\MaterialFactoryLocator_Pimpl.hpp">
      <Filter>Header Files</Filter>
    </ClInclude>
    <ClInclude Include="application\locators\SolverFactoryLocator.hpp">
      <Filter>Header Files</Filter>
    </ClInclude>
    <ClInclude Include="application\locators\SolverFactoryLocator_Pimpl.hpp">
      <Filter>Header Files</Filter>
    </ClInclude>
    <ClInclude Include="application\locators\WorkbookFactoryLocator.hpp">
      <Filter>Header Files</Filter>
    </ClInclude>
    <ClInclude Include="application\locators\WorkbookFactoryLocator_Pimpl.hpp">
      <Filter>Header Files</Filter>
    </ClInclude>
    <ClInclude Include="application\parsing\core\SectionDefinition.hpp">
      <Filter>Header Files</Filter>
    </ClInclude>
    <ClInclude Include="application\parsing\core\Sketchbook.hpp">
      <Filter>Header Files</Filter>
    </ClInclude>
    <ClInclude Include="application\parsing\core\Sketchbook_Pimpl.hpp">
      <Filter>Header Files</Filter>
    </ClInclude>
    <ClInclude Include="unit_tests\MockParseContext.hpp">
      <Filter>Header Files</Filter>
    </ClInclude>
    <ClInclude Include="unit_tests\MockWorkbookFactory.hpp">
      <Filter>Header Files</Filter>
    </ClInclude>
    <ClInclude Include="unit_tests\MockWorkbook.hpp">
      <Filter>Header Files</Filter>
    </ClInclude>
    <ClInclude Include="unit_tests\MockSolverFactory.hpp">
      <Filter>Header Files</Filter>
    </ClInclude>
    <ClInclude Include="unit_tests\MockSolver.hpp">
      <Filter>Header Files</Filter>
    </ClInclude>
    <ClInclude Include="unit_tests\MockClockwork.hpp">
      <Filter>Header Files</Filter>
    </ClInclude>
    <ClInclude Include="unit_tests\unit_tests.hpp">
      <Filter>Header Files</Filter>
    </ClInclude>
    <ClInclude Include="foundation\Axis.Physalis.hpp">
      <Filter>Header Files</Filter>
    </ClInclude>
    <ClInclude Include="application\fwd\locators_fwd.hpp">
      <Filter>Header Files</Filter>
    </ClInclude>
    <ClInclude Include="application\fwd\parsing_fwd.hpp">
      <Filter>Header Files</Filter>
    </ClInclude>
    <ClInclude Include="application\output\ResultBucketConcrete.hpp">
      <Filter>Header Files</Filter>
    </ClInclude>
    <ClInclude Include="application\output\ResultBucketConcrete_Pimpl.hpp">
      <Filter>Header Files</Filter>
    </ClInclude>
    <ClInclude Include="unit_tests\MockResultBucket.hpp">
      <Filter>Header Files</Filter>
    </ClInclude>
  </ItemGroup>
  <ItemGroup>
    <ClCompile Include="stdafx.cpp">
      <Filter>Source Files</Filter>
    </ClCompile>
    <ClCompile Include="Axis.Physalis.cpp">
      <Filter>Source Files</Filter>
    </ClCompile>
    <ClCompile Include="dllmain.cpp">
      <Filter>Source Files</Filter>
    </ClCompile>
    <ClCompile Include="application\factories\algorithms\ClockworkFactory.cpp">
      <Filter>Source Files</Filter>
    </ClCompile>
    <ClCompile Include="application\factories\algorithms\SolverFactory.cpp">
      <Filter>Source Files</Filter>
    </ClCompile>
    <ClCompile Include="application\factories\boundary_conditions\ConstraintFactory.cpp">
      <Filter>Source Files</Filter>
    </ClCompile>
    <ClCompile Include="application\factories\materials\MaterialFactory.cpp">
      <Filter>Source Files</Filter>
    </ClCompile>
    <ClCompile Include="application\factories\workbooks\WorkbookFactory.cpp">
      <Filter>Source Files</Filter>
    </ClCompile>
    <ClCompile Include="application\factories\parsers\BlockProvider.cpp">
      <Filter>Source Files</Filter>
    </ClCompile>
    <ClCompile Include="application\factories\parsers\ElementParserFactory.cpp">
      <Filter>Source Files</Filter>
    </ClCompile>
    <ClCompile Include="application\factories\parsers\StepParserProvider.cpp">
      <Filter>Source Files</Filter>
    </ClCompile>
    <ClCompile Include="application\factories\collectors\CollectorBuildResult.cpp">
      <Filter>Source Files</Filter>
    </ClCompile>
    <ClCompile Include="application\factories\collectors\CollectorFactory.cpp">
      <Filter>Source Files</Filter>
    </ClCompile>
    <ClCompile Include="application\factories\collectors\CollectorParseResult.cpp">
      <Filter>Source Files</Filter>
    </ClCompile>
    <ClCompile Include="application\factories\collectors\ElementCollectorBuilder.cpp">
      <Filter>Source Files</Filter>
    </ClCompile>
    <ClCompile Include="application\factories\collectors\GeneralElementCollectorBuilder.cpp">
      <Filter>Source Files</Filter>
    </ClCompile>
    <ClCompile Include="application\factories\collectors\GeneralElementCollectorFactory.cpp">
      <Filter>Source Files</Filter>
    </ClCompile>
    <ClCompile Include="application\factories\collectors\GeneralElementCollectorFactory_Pimpl.cpp">
      <Filter>Source Files</Filter>
    </ClCompile>
    <ClCompile Include="application\factories\collectors\GeneralElementCollectorParser.cpp">
      <Filter>Source Files</Filter>
    </ClCompile>
    <ClCompile Include="application\factories\collectors\GeneralNodeCollectorBuilder.cpp">
      <Filter>Source Files</Filter>
    </ClCompile>
    <ClCompile Include="application\factories\collectors\GeneralNodeCollectorFactory.cpp">
      <Filter>Source Files</Filter>
    </ClCompile>
    <ClCompile Include="application\factories\collectors\GeneralNodeCollectorFactory_Pimpl.cpp">
      <Filter>Source Files</Filter>
    </ClCompile>
    <ClCompile Include="application\factories\collectors\GeneralNodeCollectorParser.cpp">
      <Filter>Source Files</Filter>
    </ClCompile>
    <ClCompile Include="application\factories\collectors\GeneralSummaryElementCollectorBuilder.cpp">
      <Filter>Source Files</Filter>
    </ClCompile>
    <ClCompile Include="application\factories\collectors\GeneralSummaryElementCollectorFactory.cpp">
      <Filter>Source Files</Filter>
    </ClCompile>
    <ClCompile Include="application\factories\collectors\GeneralSummaryElementCollectorFactory_Pimpl.cpp">
      <Filter>Source Files</Filter>
    </ClCompile>
    <ClCompile Include="application\factories\collectors\GeneralSummaryNodeCollectorBuilder.cpp">
      <Filter>Source Files</Filter>
    </ClCompile>
    <ClCompile Include="application\factories\collectors\GeneralSummaryNodeCollectorFactory.cpp">
      <Filter>Source Files</Filter>
    </ClCompile>
    <ClCompile Include="application\factories\collectors\GeneralSummaryNodeCollectorFactory_Pimpl.cpp">
      <Filter>Source Files</Filter>
    </ClCompile>
    <ClCompile Include="application\factories\collectors\NodeCollectorBuilder.cpp">
      <Filter>Source Files</Filter>
    </ClCompile>
    <ClCompile Include="application\factories\collectors\SummaryElementCollectorBuilder.cpp">
      <Filter>Source Files</Filter>
    </ClCompile>
    <ClCompile Include="application\factories\collectors\SummaryNodeCollectorBuilder.cpp">
      <Filter>Source Files</Filter>
    </ClCompile>
    <ClCompile Include="application\parsing\core\EntityLabeler.cpp">
      <Filter>Source Files</Filter>
    </ClCompile>
    <ClCompile Include="application\parsing\core\EventStatistic.cpp">
      <Filter>Source Files</Filter>
    </ClCompile>
    <ClCompile Include="application\parsing\core\ParseContext.cpp">
      <Filter>Source Files</Filter>
    </ClCompile>
    <ClCompile Include="application\parsing\core\SymbolTable.cpp">
      <Filter>Source Files</Filter>
    </ClCompile>
    <ClCompile Include="application\parsing\core\SymbolTable_Pimpl.cpp">
      <Filter>Source Files</Filter>
    </ClCompile>
    <ClCompile Include="application\parsing\parsers\BlockParser.cpp">
      <Filter>Source Files</Filter>
    </ClCompile>
    <ClCompile Include="application\parsing\parsers\ConstraintParser.cpp">
      <Filter>Source Files</Filter>
    </ClCompile>
    <ClCompile Include="application\parsing\parsers\ElementParser.cpp">
      <Filter>Source Files</Filter>
    </ClCompile>
    <ClCompile Include="application\parsing\parsers\EmptyBlockParser.cpp">
      <Filter>Source Files</Filter>
    </ClCompile>
    <ClCompile Include="application\parsing\parsers\ResultCollectorParser.cpp">
      <Filter>Source Files</Filter>
    </ClCompile>
    <ClCompile Include="application\parsing\parsers\SnapshotParser.cpp">
      <Filter>Source Files</Filter>
    </ClCompile>
    <ClCompile Include="application\parsing\parsers\StepParser.cpp">
      <Filter>Source Files</Filter>
    </ClCompile>
    <ClCompile Include="application\parsing\parsers\VoidParser.cpp">
      <Filter>Source Files</Filter>
    </ClCompile>
    <ClCompile Include="application\locators\ClockworkFactoryLocator.cpp">
      <Filter>Source Files</Filter>
    </ClCompile>
    <ClCompile Include="application\locators\CollectorFactoryLocator.cpp">
      <Filter>Source Files</Filter>
    </ClCompile>
    <ClCompile Include="application\locators\ConstraintParserLocator.cpp">
      <Filter>Source Files</Filter>
    </ClCompile>
    <ClCompile Include="application\locators\ElementParserLocator.cpp">
      <Filter>Source Files</Filter>
    </ClCompile>
    <ClCompile Include="application\locators\MaterialFactoryLocator.cpp">
      <Filter>Source Files</Filter>
    </ClCompile>
    <ClCompile Include="application\locators\SolverFactoryLocator.cpp">
      <Filter>Source Files</Filter>
    </ClCompile>
    <ClCompile Include="application\locators\WorkbookFactoryLocator.cpp">
      <Filter>Source Files</Filter>
    </ClCompile>
    <ClCompile Include="application\parsing\core\SectionDefinition.cpp">
      <Filter>Source Files</Filter>
    </ClCompile>
    <ClCompile Include="application\parsing\core\Sketchbook.cpp">
      <Filter>Source Files</Filter>
    </ClCompile>
    <ClCompile Include="unit_tests\StandardNodeCollectorParserTest.cpp">
      <Filter>Source Files</Filter>
    </ClCompile>
    <ClCompile Include="unit_tests\MockParseContext.cpp">
      <Filter>Source Files</Filter>
    </ClCompile>
    <ClCompile Include="unit_tests\StandardElementCollectorParserTest.cpp">
      <Filter>Source Files</Filter>
    </ClCompile>
    <ClCompile Include="unit_tests\MockWorkbookFactory.cpp">
      <Filter>Source Files</Filter>
    </ClCompile>
    <ClCompile Include="unit_tests\MockWorkbook.cpp">
      <Filter>Source Files</Filter>
    </ClCompile>
    <ClCompile Include="unit_tests\MockSolverFactory.cpp">
      <Filter>Source Files</Filter>
    </ClCompile>
    <ClCompile Include="unit_tests\MockSolver.cpp">
      <Filter>Source Files</Filter>
    </ClCompile>
    <ClCompile Include="unit_tests\MockClockwork.cpp">
      <Filter>Source Files</Filter>
    </ClCompile>
    <ClCompile Include="unit_tests\ResultWorkbookTest.cpp">
      <Filter>Source Files</Filter>
    </ClCompile>
    <ClCompile Include="unit_tests\SnapshotParserTest.cpp">
      <Filter>Source Files</Filter>
    </ClCompile>
    <ClCompile Include="unit_tests\StepParserTest.cpp">
      <Filter>Source Files</Filter>
    </ClCompile>
    <ClCompile Include="application\output\ResultBucketConcrete.cpp">
      <Filter>Source Files</Filter>
    </ClCompile>
    <ClCompile Include="application\output\ResultBucketConcrete_Pimpl.cpp">
      <Filter>Source Files</Filter>
    </ClCompile>
    <ClCompile Include="unit_tests\MockResultBucket.cpp">
      <Filter>Source Files</Filter>
    </ClCompile>
  </ItemGroup>
</Project>