<?xml version="1.0" encoding="utf-8"?>
<Project ToolsVersion="4.0" xmlns="http://schemas.microsoft.com/developer/msbuild/2003">
  <ItemGroup>
    <Filter Include="Source Files">
      <UniqueIdentifier>{4FC737F1-C7A5-4376-A066-2A32D752A2FF}</UniqueIdentifier>
      <Extensions>cpp;c;cc;cxx;def;odl;idl;hpj;bat;asm;asmx</Extensions>
    </Filter>
    <Filter Include="Header Files">
      <UniqueIdentifier>{93995380-89BD-4b04-88EB-625FBE52EBFB}</UniqueIdentifier>
      <Extensions>h;hpp;hxx;hm;inl;inc;xsd</Extensions>
    </Filter>
    <Filter Include="Resource Files">
      <UniqueIdentifier>{67DA6AB6-F800-4c08-8B7A-83BB121AAD01}</UniqueIdentifier>
      <Extensions>rc;ico;cur;bmp;dlg;rc2;rct;bin;rgs;gif;jpg;jpeg;jpe;resx;tiff;tif;png;wav;mfcribbon-ms</Extensions>
    </Filter>
  </ItemGroup>
  <ItemGroup>
    <None Include="ReadMe.txt" />
  </ItemGroup>
  <ItemGroup>
    <ClInclude Include="targetver.h">
      <Filter>Header Files</Filter>
    </ClInclude>
    <ClInclude Include="CLoader_MyElements.hpp">
      <Filter>Header Files</Filter>
    </ClInclude>
    <ClInclude Include="unit_tests\LinearHexahedronTestFixture.hpp">
      <Filter>Header Files</Filter>
    </ClInclude>
    <ClInclude Include="unit_tests\MockMaterial.hpp">
      <Filter>Header Files</Filter>
    </ClInclude>
    <ClInclude Include="domain\formulations\LinearTetrahedronFormulation.hpp">
      <Filter>Header Files</Filter>
    </ClInclude>
    <ClInclude Include="foundation\Axis.StandardElements.hpp">
      <Filter>Header Files</Filter>
    </ClInclude>
    <ClInclude Include="services\management\MyElementsPluginLoader.hpp">
      <Filter>Header Files</Filter>
    </ClInclude>
    <ClInclude Include="unit_tests\unit_tests.hpp">
      <Filter>Header Files</Filter>
    </ClInclude>
    <ClInclude Include="domain\formulations\LinearHexaFlanaganBelytschkoFormulation.hpp">
      <Filter>Header Files</Filter>
    </ClInclude>
    <ClInclude Include="unit_tests\MockLinearMaterial.hpp">
      <Filter>Header Files</Filter>
    </ClInclude>
    <ClInclude Include="domain\formulations\LinearHexahedralPusoFormulation.hpp">
      <Filter>Header Files</Filter>
    </ClInclude>
    <ClInclude Include="domain\formulations\LinearHexahedralPusoFormulationHelper.hpp">
      <Filter>Header Files</Filter>
    </ClInclude>
    <ClInclude Include="domain\formulations\LinearHexaFlanaganBelytschkoHelper.hpp">
      <Filter>Header Files</Filter>
    </ClInclude>
    <ClInclude Include="application\parsing\parsers\HexahedronElementParser.hpp">
      <Filter>Header Files</Filter>
    </ClInclude>
    <ClInclude Include="application\factories\elements\LinearSimpleHexahedronFactory.hpp">
      <Filter>Header Files</Filter>
    </ClInclude>
    <ClInclude Include="application\factories\elements\HexahedronFactory.hpp">
      <Filter>Header Files</Filter>
    </ClInclude>
    <ClInclude Include="application\factories\elements\LinearFlanaganBelytschkoHexaFactory.hpp">
      <Filter>Header Files</Filter>
    </ClInclude>
    <ClInclude Include="application\factories\elements\LinearPusoHexahedronFactory.hpp">
      <Filter>Header Files</Filter>
    </ClInclude>
    <ClInclude Include="application\factories\parsers\LinearHexahedronFlaBelytschkoParserFactory.hpp">
      <Filter>Header Files</Filter>
    </ClInclude>
    <ClInclude Include="application\factories\parsers\LinearHexahedronSimpleParserFactory.hpp">
      <Filter>Header Files</Filter>
    </ClInclude>
    <ClInclude Include="application\factories\parsers\LinearHexahedronPusoParserFactory.hpp">
      <Filter>Header Files</Filter>
    </ClInclude>
    <ClInclude Include="domain\formulations\LinearHexaReducedFormulation.hpp">
      <Filter>Header Files</Filter>
    </ClInclude>
    <ClInclude Include="domain\formulations\LinearHexaFullFormulation.hpp">
      <Filter>Header Files</Filter>
    </ClInclude>
    <ClInclude Include="services\management\MyElementsHook.hpp">
      <Filter>Header Files</Filter>
    </ClInclude>
    <ClInclude Include="domain\formulations\LinearHexaReducedStrategy.hpp">
      <Filter>Header Files</Filter>
    </ClInclude>
    <ClInclude Include="domain\formulations\lhr_gpu_data.hpp">
      <Filter>Header Files</Filter>
    </ClInclude>
    <ClInclude Include="domain\formulations\lhr_commands\LhrStrainCommand.hpp">
      <Filter>Header Files</Filter>
    </ClInclude>
    <ClInclude Include="domain\formulations\lhr_commands\gpu_lhr_kernel.hpp">
      <Filter>Header Files</Filter>
    </ClInclude>
    <ClInclude Include="domain\formulations\lhr_commands\LhrInternalForceCommand.hpp">
      <Filter>Header Files</Filter>
    </ClInclude>
    <ClInclude Include="domain\formulations\NonLinearHexaReducedFormulation.hpp">
      <Filter>Header Files</Filter>
    </ClInclude>
    <ClInclude Include="application\factories\elements\NonLinearSimpleHexahedronFactory.hpp">
      <Filter>Header Files</Filter>
    </ClInclude>
    <ClInclude Include="application\factories\parsers\NonLinearHexahedronSimpleParserFactory.hpp">
      <Filter>Header Files</Filter>
    </ClInclude>
    <ClInclude Include="domain\formulations\NonLinearHexaReducedStrategy.hpp">
      <Filter>Header Files</Filter>
    </ClInclude>
    <ClInclude Include="domain\formulations\nlhr_commands\NlhrInternalForceCommand.hpp">
      <Filter>Header Files</Filter>
    </ClInclude>
    <ClInclude Include="domain\formulations\nlhr_commands\NlhrStrainCommand.hpp">
      <Filter>Header Files</Filter>
    </ClInclude>
    <ClInclude Include="domain\formulations\nlhr_commands\NlhrUpdateGeometryCommand.hpp">
      <Filter>Header Files</Filter>
    </ClInclude>
    <ClInclude Include="domain\formulations\nlhr_commands\gpu_nlhr_kernel.hpp">
      <Filter>Header Files</Filter>
    </ClInclude>
    <ClInclude Include="domain\formulations\nlhr_gpu_data.hpp">
      <Filter>Header Files</Filter>
    </ClInclude>
    <ClInclude Include="domain\formulations\NonLinearHexaFlanaganBelytschkoFormulation.hpp">
      <Filter>Header Files</Filter>
    </ClInclude>
    <ClInclude Include="domain\formulations\NonLinearHexaFlanaganBelytschkoHelper.hpp">
      <Filter>Header Files</Filter>
    </ClInclude>
    <ClInclude Include="application\factories\elements\NonLinearFlanaganBelytschkoHexaFactory.hpp">
      <Filter>Header Files</Filter>
    </ClInclude>
    <ClInclude Include="application\factories\parsers\NonLinearHexahedronFlaBelytschkoParserFactory.hpp">
      <Filter>Header Files</Filter>
    </ClInclude>
    <ClInclude Include="domain\formulations\nlhr_fb_gpu_data.hpp">
      <Filter>Header Files</Filter>
    </ClInclude>
    <ClInclude Include="domain\formulations\NonLinearHexaFlanaganBelytschkoHelper_GPU.hpp">
      <Filter>Header Files</Filter>
    </ClInclude>
    <ClInclude Include="domain\formulations\NonLinearHexaFBReducedStrategy.hpp">
      <Filter>Header Files</Filter>
    </ClInclude>
    <ClInclude Include="domain\formulations\nlhrfb_commands\NlhrFBInternalForceCommand.hpp">
      <Filter>Header Files</Filter>
    </ClInclude>
    <ClInclude Include="domain\formulations\nlhrfb_commands\gpu_nlhrfb_kernel.hpp">
      <Filter>Header Files</Filter>
    </ClInclude>
    <ClInclude Include="domain\formulations\nlhrfb_commands\NlhrFBUpdateGeometryCommand.hpp">
      <Filter>Header Files</Filter>
    </ClInclude>
    <ClInclude Include="domain\formulations\nlhrfb_commands\NlhrFBStrainCommand.hpp">
      <Filter>Header Files</Filter>
    </ClInclude>
  </ItemGroup>
  <ItemGroup>
    <ClCompile Include="dllmain.cpp">
      <Filter>Source Files</Filter>
    </ClCompile>
    <ClCompile Include="CLoader_MyElements.cpp">
      <Filter>Source Files</Filter>
    </ClCompile>
    <ClCompile Include="unit_tests\LinearGaussLegendreQuadrature3DTest.cpp">
      <Filter>Source Files</Filter>
    </ClCompile>
    <ClCompile Include="unit_tests\LinearHexahedronTestFixture.cpp">
      <Filter>Source Files</Filter>
    </ClCompile>
    <ClCompile Include="unit_tests\MockMaterial.cpp">
      <Filter>Source Files</Filter>
    </ClCompile>
    <ClCompile Include="domain\formulations\LinearTetrahedronFormulation.cpp">
      <Filter>Source Files</Filter>
    </ClCompile>
    <ClCompile Include="services\management\MyElementsPluginLoader.cpp">
      <Filter>Source Files</Filter>
    </ClCompile>
    <ClCompile Include="domain\formulations\LinearHexaFlanaganBelytschkoFormulation.cpp">
      <Filter>Source Files</Filter>
    </ClCompile>
    <ClCompile Include="unit_tests\ElementParserFactoryTest.cpp">
      <Filter>Source Files</Filter>
    </ClCompile>
    <ClCompile Include="unit_tests\LinearHexaFlaBelytschkoTest.cpp">
      <Filter>Source Files</Filter>
    </ClCompile>
    <ClCompile Include="unit_tests\MockLinearMaterial.cpp">
      <Filter>Source Files</Filter>
    </ClCompile>
    <ClCompile Include="domain\formulations\LinearHexahedralPusoFormulation.cpp">
      <Filter>Source Files</Filter>
    </ClCompile>
    <ClCompile Include="application\parsing\parsers\HexahedronElementParser.cpp">
      <Filter>Source Files</Filter>
    </ClCompile>
    <ClCompile Include="application\factories\elements\LinearSimpleHexahedronFactory.cpp">
      <Filter>Source Files</Filter>
    </ClCompile>
    <ClCompile Include="application\factories\elements\HexahedronFactory.cpp">
      <Filter>Source Files</Filter>
    </ClCompile>
    <ClCompile Include="application\factories\elements\LinearFlanaganBelytschkoHexaFactory.cpp">
      <Filter>Source Files</Filter>
    </ClCompile>
    <ClCompile Include="application\factories\elements\LinearPusoHexahedronFactory.cpp">
      <Filter>Source Files</Filter>
    </ClCompile>
    <ClCompile Include="application\factories\parsers\LinearHexahedronFlaBelytschkoParserFactory.cpp">
      <Filter>Source Files</Filter>
    </ClCompile>
    <ClCompile Include="application\factories\parsers\LinearHexahedronPusoParserFactory.cpp">
      <Filter>Source Files</Filter>
    </ClCompile>
    <ClCompile Include="application\factories\parsers\LinearHexahedronSimpleParserFactory.cpp">
      <Filter>Source Files</Filter>
    </ClCompile>
    <ClCompile Include="domain\formulations\LinearHexaReducedFormulation.cpp">
      <Filter>Source Files</Filter>
    </ClCompile>
    <ClCompile Include="domain\formulations\LinearHexaFullFormulation.cpp">
      <Filter>Source Files</Filter>
    </ClCompile>
    <ClCompile Include="domain\formulations\LinearHexaReducedStrategy.cpp">
      <Filter>Source Files</Filter>
    </ClCompile>
    <ClCompile Include="domain\formulations\lhr_commands\LhrStrainCommand.cpp">
      <Filter>Source Files</Filter>
    </ClCompile>
    <ClCompile Include="domain\formulations\lhr_commands\LhrInternalForceCommand.cpp">
      <Filter>Source Files</Filter>
    </ClCompile>
    <ClCompile Include="domain\formulations\NonLinearHexaReducedFormulation.cpp">
      <Filter>Source Files</Filter>
    </ClCompile>
    <ClCompile Include="application\factories\elements\NonLinearSimpleHexahedronFactory.cpp">
      <Filter>Source Files</Filter>
    </ClCompile>
    <ClCompile Include="application\factories\parsers\NonLinearHexahedronSimpleParserFactory.cpp">
      <Filter>Source Files</Filter>
    </ClCompile>
    <ClCompile Include="unit_tests\NonLinearHexaReducedIntegrationTestFixture.cpp">
      <Filter>Source Files</Filter>
    </ClCompile>
    <ClCompile Include="domain\formulations\NonLinearHexaReducedStrategy.cpp">
      <Filter>Source Files</Filter>
    </ClCompile>
    <ClCompile Include="domain\formulations\nlhr_commands\NlhrInternalForceCommand.cpp">
      <Filter>Source Files</Filter>
    </ClCompile>
    <ClCompile Include="domain\formulations\nlhr_commands\NlhrStrainCommand.cpp">
      <Filter>Source Files</Filter>
    </ClCompile>
    <ClCompile Include="domain\formulations\nlhr_commands\NlhrUpdateGeometryCommand.cpp">
      <Filter>Source Files</Filter>
    </ClCompile>
    <ClCompile Include="domain\formulations\NonLinearHexaFlanaganBelytschkoFormulation.cpp">
      <Filter>Source Files</Filter>
    </ClCompile>
    <ClCompile Include="application\factories\elements\NonLinearFlanaganBelytschkoHexaFactory.cpp">
      <Filter>Source Files</Filter>
    </ClCompile>
    <ClCompile Include="application\factories\parsers\NonLinearHexahedronFlaBelytschkoParserFactory.cpp">
      <Filter>Source Files</Filter>
    </ClCompile>
    <ClCompile Include="domain\formulations\NonLinearHexaFBReducedStrategy.cpp">
      <Filter>Source Files</Filter>
    </ClCompile>
    <ClCompile Include="domain\formulations\nlhrfb_commands\NlhrFBInternalForceCommand.cpp">
      <Filter>Source Files</Filter>
    </ClCompile>
    <ClCompile Include="domain\formulations\nlhrfb_commands\NlhrFBUpdateGeometryCommand.cpp">
      <Filter>Source Files</Filter>
    </ClCompile>
    <ClCompile Include="domain\formulations\nlhrfb_commands\NlhrFBStrainCommand.cpp">
      <Filter>Source Files</Filter>
    </ClCompile>
  </ItemGroup>
  <ItemGroup>
    <CudaCompile Include="services\management\MyElementsHook.cpp">
      <Filter>Source Files</Filter>
    </CudaCompile>
    <CudaCompile Include="domain\formulations\lhr_commands\gpu_lhr_kernel.cu" />
    <CudaCompile Include="domain\formulations\nlhr_commands\gpu_nlhr_kernel.cu" />
    <CudaCompile Include="domain\formulations\nlhrfb_commands\gpu_nlhrfb_kernel.cu" />
  </ItemGroup>
</Project>