<?xml version="1.0" encoding="utf-8"?>
<Project ToolsVersion="4.0" xmlns="http://schemas.microsoft.com/developer/msbuild/2003">
  <ItemGroup>
    <Filter Include="Source Files">
      <UniqueIdentifier>{4FC737F1-C7A5-4376-A066-2A32D752A2FF}</UniqueIdentifier>
      <Extensions>cpp;c;cc;cxx;def;odl;idl;hpj;bat;asm;asmx</Extensions>
    </Filter>
    <Filter Include="Header Files">
      <UniqueIdentifier>{93995380-89BD-4b04-88EB-625FBE52EBFB}</UniqueIdentifier>
      <Extensions>h;hpp;hxx;hm;inl;inc;xsd</Extensions>
    </Filter>
    <Filter Include="Resource Files">
      <UniqueIdentifier>{67DA6AB6-F800-4c08-8B7A-83BB121AAD01}</UniqueIdentifier>
      <Extensions>rc;ico;cur;bmp;dlg;rc2;rct;bin;rgs;gif;jpg;jpeg;jpe;resx;tiff;tif;png;wav;mfcribbon-ms</Extensions>
    </Filter>
  </ItemGroup>
  <ItemGroup>
    <None Include="ReadMe.txt" />
  </ItemGroup>
  <ItemGroup>
    <ClInclude Include="stdafx.hpp">
      <Filter>Header Files</Filter>
    </ClInclude>
    <ClInclude Include="targetver.hpp">
      <Filter>Header Files</Filter>
    </ClInclude>
    <ClInclude Include="resource.hpp">
      <Filter>Header Files</Filter>
    </ClInclude>
    <ClInclude Include="macros.hpp">
      <Filter>Header Files</Filter>
    </ClInclude>
    <ClInclude Include="namespaces.hpp">
      <Filter>Header Files</Filter>
    </ClInclude>
    <ClInclude Include="axis_modules.hpp">
      <Filter>Header Files</Filter>
    </ClInclude>
    <ClInclude Include="providers.hpp">
      <Filter>Header Files</Filter>
    </ClInclude>
    <ClInclude Include="unit_tests\LinearStaticSolverParserTestFixture.hpp">
      <Filter>Header Files</Filter>
    </ClInclude>
    <ClInclude Include="unit_tests\TestConjugateGradientSolver.hpp">
      <Filter>Header Files</Filter>
    </ClInclude>
    <ClInclude Include="Foundation\Axis.Solver.hpp">
      <Filter>Header Files</Filter>
    </ClInclude>
    <ClInclude Include="application\factories\algorithms\ExplicitStandardTimeSolverFactory.hpp">
      <Filter>Header Files</Filter>
    </ClInclude>
    <ClInclude Include="application\factories\algorithms\LinearStaticCGSolverFactory.hpp">
      <Filter>Header Files</Filter>
    </ClInclude>
    <ClInclude Include="application\factories\algorithms\RegularClockworkFactory.hpp">
      <Filter>Header Files</Filter>
    </ClInclude>
    <ClInclude Include="application\factories\algorithms\WaveSpeedProportionalClockworkFactory.hpp">
      <Filter>Header Files</Filter>
    </ClInclude>
    <ClInclude Include="unit_tests\unit_tests.hpp">
      <Filter>Header Files</Filter>
    </ClInclude>
    <ClInclude Include="CLoader_Solver.hpp">
      <Filter>Header Files</Filter>
    </ClInclude>
    <ClInclude Include="services\management\MySolverPluginLoader.hpp">
      <Filter>Header Files</Filter>
    </ClInclude>
    <ClInclude Include="domain\algorithms\CPULinearConjugateGradientSolver.hpp">
      <Filter>Header Files</Filter>
    </ClInclude>
    <ClInclude Include="domain\algorithms\RegularClockwork.hpp">
      <Filter>Header Files</Filter>
    </ClInclude>
    <ClInclude Include="domain\algorithms\WaveSpeedProportionalClockwork.hpp">
      <Filter>Header Files</Filter>
    </ClInclude>
    <ClInclude Include="services\management\MySolverHook.hpp">
      <Filter>Header Files</Filter>
    </ClInclude>
    <ClInclude Include="domain\algorithms\UpdateReactionForceCommand.hpp">
      <Filter>Header Files</Filter>
    </ClInclude>
    <ClInclude Include="domain\algorithms\UpdateReactionForceCommand_Kernel.hpp">
      <Filter>Header Files</Filter>
    </ClInclude>
    <ClInclude Include="domain\algorithms\explicit_solver_core.hpp">
      <Filter>Header Files</Filter>
    </ClInclude>
    <ClInclude Include="domain\algorithms\dof_status.hpp">
      <Filter>Header Files</Filter>
    </ClInclude>
    <ClInclude Include="domain\algorithms\ExplicitDynamicSolver.hpp">
      <Filter>Header Files</Filter>
    </ClInclude>
    <ClInclude Include="domain\algorithms\ExplicitDynamicSolver_Helper.hpp">
      <Filter>Header Files</Filter>
    </ClInclude>
    <ClInclude Include="domain\algorithms\ExplicitSolverBeforeCommand.hpp">
      <Filter>Header Files</Filter>
    </ClInclude>
    <ClInclude Include="domain\algorithms\ExplicitSolverAfterCommand.hpp">
      <Filter>Header Files</Filter>
    </ClInclude>
  </ItemGroup>
  <ItemGroup>
    <ClCompile Include="stdafx.cpp">
      <Filter>Source Files</Filter>
    </ClCompile>
    <ClCompile Include="dllmain.cpp">
      <Filter>Source Files</Filter>
    </ClCompile>
    <ClCompile Include="unit_tests\_LinearStaticSolverParserTestFixture.cpp">
      <Filter>Source Files</Filter>
    </ClCompile>
    <ClCompile Include="unit_tests\ConjugateGradientTest.cpp">
      <Filter>Source Files</Filter>
    </ClCompile>
    <ClCompile Include="unit_tests\TestConjugateGradientSolver.cpp">
      <Filter>Source Files</Filter>
    </ClCompile>
    <ClCompile Include="application\factories\algorithms\ExplicitStandardTimeSolverFactory.cpp">
      <Filter>Source Files</Filter>
    </ClCompile>
    <ClCompile Include="application\factories\algorithms\LinearStaticCGSolverFactory.cpp">
      <Filter>Source Files</Filter>
    </ClCompile>
    <ClCompile Include="application\factories\algorithms\RegularClockworkFactory.cpp">
      <Filter>Source Files</Filter>
    </ClCompile>
    <ClCompile Include="application\factories\algorithms\WaveSpeedProportionalClockworkFactory.cpp">
      <Filter>Source Files</Filter>
    </ClCompile>
    <ClCompile Include="CLoader_Solver.cpp">
      <Filter>Source Files</Filter>
    </ClCompile>
    <ClCompile Include="services\management\MySolverPluginLoader.cpp">
      <Filter>Source Files</Filter>
    </ClCompile>
    <ClCompile Include="domain\algorithms\CPULinearConjugateGradientSolver.cpp">
      <Filter>Source Files</Filter>
    </ClCompile>
    <ClCompile Include="domain\algorithms\RegularClockwork.cpp">
      <Filter>Source Files</Filter>
    </ClCompile>
    <ClCompile Include="domain\algorithms\WaveSpeedProportionalClockwork.cpp">
      <Filter>Source Files</Filter>
    </ClCompile>
    <ClCompile Include="domain\algorithms\UpdateReactionForceCommand.cpp">
      <Filter>Source Files</Filter>
    </ClCompile>
    <ClCompile Include="domain\algorithms\ExplicitDynamicSolver_GPU.cpp">
      <Filter>Source Files</Filter>
    </ClCompile>
    <ClCompile Include="domain\algorithms\ExplicitDynamicSolver_CPU.cpp">
      <Filter>Source Files</Filter>
    </ClCompile>
    <ClCompile Include="domain\algorithms\ExplicitDynamicSolver_Helper.cpp">
      <Filter>Source Files</Filter>
    </ClCompile>
    <ClCompile Include="domain\algorithms\ExplicitSolverBeforeCommand.cpp">
      <Filter>Source Files</Filter>
    </ClCompile>
    <ClCompile Include="domain\algorithms\ExplicitSolverAfterCommand.cpp">
      <Filter>Source Files</Filter>
    </ClCompile>
  </ItemGroup>
  <ItemGroup>
    <ResourceCompile Include="Axis.Solver.rc">
      <Filter>Resource Files</Filter>
    </ResourceCompile>
  </ItemGroup>
  <ItemGroup>
    <CudaCompile Include="services\management\MySolverHook.cpp">
      <Filter>Source Files</Filter>
    </CudaCompile>
    <CudaCompile Include="domain\algorithms\UpdateReactionForceCommand_Kernel.cu" />
    <CudaCompile Include="domain\algorithms\explicit_solver_core.cu" />
  </ItemGroup>
</Project>