<?xml version="1.0" encoding="utf-8"?>
<Project ToolsVersion="4.0" xmlns="http://schemas.microsoft.com/developer/msbuild/2003">
  <ItemGroup>
    <Filter Include="Source Files">
      <UniqueIdentifier>{4FC737F1-C7A5-4376-A066-2A32D752A2FF}</UniqueIdentifier>
      <Extensions>cpp;c;cc;cxx;def;odl;idl;hpj;bat;asm;asmx</Extensions>
    </Filter>
    <Filter Include="Header Files">
      <UniqueIdentifier>{93995380-89BD-4b04-88EB-625FBE52EBFB}</UniqueIdentifier>
      <Extensions>h;hpp;hxx;hm;inl;inc;xsd</Extensions>
    </Filter>
    <Filter Include="Resource Files">
      <UniqueIdentifier>{67DA6AB6-F800-4c08-8B7A-83BB121AAD01}</UniqueIdentifier>
      <Extensions>rc;ico;cur;bmp;dlg;rc2;rct;bin;rgs;gif;jpg;jpeg;jpe;resx;tiff;tif;png;wav;mfcribbon-ms</Extensions>
    </Filter>
  </ItemGroup>
  <ItemGroup>
    <Text Include="ReadMe.txt" />
  </ItemGroup>
  <ItemGroup>
    <ClInclude Include="stdafx.h">
      <Filter>Header Files</Filter>
    </ClInclude>
    <ClInclude Include="targetver.h">
      <Filter>Header Files</Filter>
    </ClInclude>
    <ClInclude Include="application\scheduling\dispatchers\CPUDispatcher.hpp">
      <Filter>Header Files</Filter>
    </ClInclude>
    <ClInclude Include="application\scheduling\dispatchers\GPUDispatcher.hpp">
      <Filter>Header Files</Filter>
    </ClInclude>
    <ClInclude Include="foundation\computing\ResourceManager.hpp">
      <Filter>Header Files</Filter>
    </ClInclude>
    <ClInclude Include="foundation\computing\GPUManager.hpp">
      <Filter>Header Files</Filter>
    </ClInclude>
    <ClInclude Include="foundation\computing\GPUCapability.hpp">
      <Filter>Header Files</Filter>
    </ClInclude>
    <ClInclude Include="foundation\capsicum_error.hpp">
      <Filter>Header Files</Filter>
    </ClInclude>
    <ClInclude Include="foundation\capsicum_info.hpp">
      <Filter>Header Files</Filter>
    </ClInclude>
    <ClInclude Include="foundation\capsicum_warning.hpp">
      <Filter>Header Files</Filter>
    </ClInclude>
    <ClInclude Include="foundation\Axis.Capsicum.hpp">
      <Filter>Header Files</Filter>
    </ClInclude>
    <ClInclude Include="application\scheduling\dispatchers\DataCoalescer.hpp">
      <Filter>Header Files</Filter>
    </ClInclude>
    <ClInclude Include="services\scheduling\gpu\KernelConfiguration.hpp">
      <Filter>Header Files</Filter>
    </ClInclude>
    <ClInclude Include="services\scheduling\gpu\GPUTask.hpp">
      <Filter>Header Files</Filter>
    </ClInclude>
    <ClInclude Include="foundation\computing\GPUQueue.hpp">
      <Filter>Header Files</Filter>
    </ClInclude>
    <ClInclude Include="services\scheduling\gpu\KernelScheduler.hpp">
      <Filter>Header Files</Filter>
    </ClInclude>
    <ClInclude Include="services\scheduling\gpu\GPUSink.hpp">
      <Filter>Header Files</Filter>
    </ClInclude>
    <ClInclude Include="foundation\computing\GPUDevice.hpp">
      <Filter>Header Files</Filter>
    </ClInclude>
    <ClInclude Include="application\scheduling\dispatchers\GPUErrorHandler.hpp">
      <Filter>Header Files</Filter>
    </ClInclude>
    <ClInclude Include="fwd\memory_fwd.hpp">
      <Filter>Header Files</Filter>
    </ClInclude>
    <ClInclude Include="foundation\mirroring\gpu\GPUHeapReflector.hpp">
      <Filter>Header Files</Filter>
    </ClInclude>
    <ClInclude Include="foundation\mirroring\gpu\GPUMemoryAllocator.hpp">
      <Filter>Header Files</Filter>
    </ClInclude>
    <ClInclude Include="services\memory\commands\MemoryCommand.hpp">
      <Filter>Header Files</Filter>
    </ClInclude>
    <ClInclude Include="services\memory\commands\NullMemoryCommand.hpp">
      <Filter>Header Files</Filter>
    </ClInclude>
    <ClInclude Include="services\memory\commands\ElementInitializerCommand.hpp">
      <Filter>Header Files</Filter>
    </ClInclude>
    <ClInclude Include="services\memory\MemoryGrid.hpp">
      <Filter>Header Files</Filter>
    </ClInclude>
    <ClInclude Include="services\memory\MemoryLayout.hpp">
      <Filter>Header Files</Filter>
    </ClInclude>
    <ClInclude Include="services\memory\NoMemoryLayout.hpp">
      <Filter>Header Files</Filter>
    </ClInclude>
    <ClInclude Include="application\scheduling\dispatchers\GPUFiniteElementAnalysis.hpp">
      <Filter>Header Files</Filter>
    </ClInclude>
    <ClInclude Include="services\memory\gpu\EBlockLayout.hpp">
      <Filter>Header Files</Filter>
    </ClInclude>
    <ClInclude Include="application\scheduling\broker\ProcessingQueueBroker.hpp">
      <Filter>Header Files</Filter>
    </ClInclude>
    <ClInclude Include="application\scheduling\broker\SchedulerBroker.hpp">
      <Filter>Header Files</Filter>
    </ClInclude>
    <ClInclude Include="application\scheduling\broker\SchedulerAi.hpp">
      <Filter>Header Files</Filter>
    </ClInclude>
    <ClInclude Include="application\scheduling\scheduler\ExecutionScheduler.hpp">
      <Filter>Header Files</Filter>
    </ClInclude>
    <ClInclude Include="application\scheduling\scheduler\ExecutionRequest.hpp">
      <Filter>Header Files</Filter>
    </ClInclude>
    <ClInclude Include="application\scheduling\broker\SchedulingDecision.hpp">
      <Filter>Header Files</Filter>
    </ClInclude>
    <ClInclude Include="application\scheduling\scheduler\ExecutionScheduler_Pimpl.hpp">
      <Filter>Header Files</Filter>
    </ClInclude>
    <ClInclude Include="application\scheduling\broker\ClashReason.hpp">
      <Filter>Header Files</Filter>
    </ClInclude>
    <ClInclude Include="application\scheduling\scheduler\JobInspector.hpp">
      <Filter>Header Files</Filter>
    </ClInclude>
    <ClInclude Include="application\scheduling\broker\QueueStatistics.hpp">
      <Filter>Header Files</Filter>
    </ClInclude>
    <ClInclude Include="application\scheduling\scheduler\SchedulerType.hpp">
      <Filter>Header Files</Filter>
    </ClInclude>
    <ClInclude Include="application\executors\gpu\commands\FiniteElementInitCommand.hpp">
      <Filter>Header Files</Filter>
    </ClInclude>
    <ClInclude Include="application\executors\gpu\commands\GatherVectorCommand.hpp">
      <Filter>Header Files</Filter>
    </ClInclude>
    <ClInclude Include="application\executors\gpu\commands\InitBucketCommand.hpp">
      <Filter>Header Files</Filter>
    </ClInclude>
    <ClInclude Include="application\executors\gpu\commands\SolverInitializerCommand.hpp">
      <Filter>Header Files</Filter>
    </ClInclude>
    <ClInclude Include="application\executors\gpu\facades\GPUModelFacade.hpp">
      <Filter>Header Files</Filter>
    </ClInclude>
    <ClInclude Include="application\executors\gpu\facades\GPUSolverFacade.hpp">
      <Filter>Header Files</Filter>
    </ClInclude>
    <ClInclude Include="services\memory\gpu\BcBlockLayout.hpp">
      <Filter>Header Files</Filter>
    </ClInclude>
    <ClInclude Include="services\memory\gpu\CBlockLayout.hpp">
      <Filter>Header Files</Filter>
    </ClInclude>
    <ClInclude Include="application\executors\gpu\commands\BoundaryConditionInitCommand.hpp">
      <Filter>Header Files</Filter>
    </ClInclude>
    <ClInclude Include="application\executors\gpu\commands\CurveInitCommand.hpp">
      <Filter>Header Files</Filter>
    </ClInclude>
    <ClInclude Include="application\executors\gpu\commands\kernels\gather_vector_kernel.hpp">
      <Filter>Header Files</Filter>
    </ClInclude>
    <ClInclude Include="application\executors\gpu\commands\kernels\init_element_bucket_kernel.hpp">
      <Filter>Header Files</Filter>
    </ClInclude>
    <ClInclude Include="application\executors\gpu\commands\PushBcToVectorCommand.hpp">
      <Filter>Header Files</Filter>
    </ClInclude>
    <ClInclude Include="application\executors\gpu\commands\kernels\push_bc_to_vector_kernel.hpp">
      <Filter>Header Files</Filter>
    </ClInclude>
    <ClInclude Include="foundation\mirroring\MemoryMirror.hpp">
      <Filter>Header Files</Filter>
    </ClInclude>
    <ClInclude Include="foundation\mirroring\gpu\GPUBlockMirror.hpp">
      <Filter>Header Files</Filter>
    </ClInclude>
    <ClInclude Include="foundation\mirroring\gpu\GPUHeapMirror.hpp">
      <Filter>Header Files</Filter>
    </ClInclude>
    <ClInclude Include="foundation\mirroring\NullMemory.hpp">
      <Filter>Header Files</Filter>
    </ClInclude>
  </ItemGroup>
  <ItemGroup>
    <ClCompile Include="stdafx.cpp">
      <Filter>Source Files</Filter>
    </ClCompile>
    <ClCompile Include="dllmain.cpp">
      <Filter>Source Files</Filter>
    </ClCompile>
    <ClCompile Include="application\scheduling\dispatchers\CPUDispatcher.cpp">
      <Filter>Source Files</Filter>
    </ClCompile>
    <ClCompile Include="application\scheduling\dispatchers\GPUDispatcher.cpp">
      <Filter>Source Files</Filter>
    </ClCompile>
    <ClCompile Include="foundation\computing\ResourceManager.cpp">
      <Filter>Source Files</Filter>
    </ClCompile>
    <ClCompile Include="foundation\computing\GPUManager.cpp">
      <Filter>Source Files</Filter>
    </ClCompile>
    <ClCompile Include="foundation\computing\GPUCapability.cpp">
      <Filter>Source Files</Filter>
    </ClCompile>
    <ClCompile Include="application\scheduling\dispatchers\DataCoalescer.cpp">
      <Filter>Source Files</Filter>
    </ClCompile>
    <ClCompile Include="services\scheduling\gpu\KernelConfiguration.cpp">
      <Filter>Source Files</Filter>
    </ClCompile>
    <ClCompile Include="services\scheduling\gpu\GPUTask.cpp">
      <Filter>Source Files</Filter>
    </ClCompile>
    <ClCompile Include="foundation\computing\GPUQueue.cpp">
      <Filter>Source Files</Filter>
    </ClCompile>
    <ClCompile Include="services\scheduling\gpu\KernelScheduler.cpp">
      <Filter>Source Files</Filter>
    </ClCompile>
    <ClCompile Include="services\scheduling\gpu\GPUSink.cpp">
      <Filter>Source Files</Filter>
    </ClCompile>
    <ClCompile Include="foundation\computing\GPUDevice.cpp">
      <Filter>Source Files</Filter>
    </ClCompile>
    <ClCompile Include="application\scheduling\dispatchers\GPUErrorHandler.cpp">
      <Filter>Source Files</Filter>
    </ClCompile>
    <ClCompile Include="foundation\mirroring\gpu\GPUHeapReflector.cpp">
      <Filter>Source Files</Filter>
    </ClCompile>
    <ClCompile Include="foundation\mirroring\gpu\GPUMemoryAllocator.cpp">
      <Filter>Source Files</Filter>
    </ClCompile>
    <ClCompile Include="services\memory\commands\MemoryCommand.cpp">
      <Filter>Source Files</Filter>
    </ClCompile>
    <ClCompile Include="services\memory\commands\NullMemoryCommand.cpp">
      <Filter>Source Files</Filter>
    </ClCompile>
    <ClCompile Include="services\memory\commands\ElementInitializerCommand.cpp">
      <Filter>Source Files</Filter>
    </ClCompile>
    <ClCompile Include="services\memory\MemoryGrid.cpp">
      <Filter>Source Files</Filter>
    </ClCompile>
    <ClCompile Include="services\memory\MemoryLayout.cpp">
      <Filter>Source Files</Filter>
    </ClCompile>
    <ClCompile Include="services\memory\NoMemoryLayout.cpp">
      <Filter>Source Files</Filter>
    </ClCompile>
    <ClCompile Include="application\scheduling\dispatchers\GPUFiniteElementAnalysis.cpp">
      <Filter>Source Files</Filter>
    </ClCompile>
    <ClCompile Include="services\memory\gpu\EBlockLayout.cpp">
      <Filter>Source Files</Filter>
    </ClCompile>
    <ClCompile Include="application\scheduling\broker\ProcessingQueueBroker.cpp">
      <Filter>Source Files</Filter>
    </ClCompile>
    <ClCompile Include="application\scheduling\broker\SchedulerBroker.cpp">
      <Filter>Source Files</Filter>
    </ClCompile>
    <ClCompile Include="application\scheduling\broker\SchedulerAi.cpp">
      <Filter>Source Files</Filter>
    </ClCompile>
    <ClCompile Include="application\scheduling\scheduler\ExecutionScheduler.cpp">
      <Filter>Source Files</Filter>
    </ClCompile>
    <ClCompile Include="application\scheduling\scheduler\ExecutionRequest.cpp">
      <Filter>Source Files</Filter>
    </ClCompile>
    <ClCompile Include="application\scheduling\broker\SchedulingDecision.cpp">
      <Filter>Source Files</Filter>
    </ClCompile>
    <ClCompile Include="application\scheduling\scheduler\ExecutionScheduler_Pimpl.cpp">
      <Filter>Source Files</Filter>
    </ClCompile>
    <ClCompile Include="application\scheduling\scheduler\JobInspector.cpp">
      <Filter>Source Files</Filter>
    </ClCompile>
    <ClCompile Include="application\scheduling\broker\QueueStatistics.cpp">
      <Filter>Source Files</Filter>
    </ClCompile>
    <ClCompile Include="application\executors\gpu\commands\FiniteElementInitCommand.cpp">
      <Filter>Source Files</Filter>
    </ClCompile>
    <ClCompile Include="application\executors\gpu\commands\GatherVectorCommand.cpp">
      <Filter>Source Files</Filter>
    </ClCompile>
    <ClCompile Include="application\executors\gpu\commands\InitBucketCommand.cpp">
      <Filter>Source Files</Filter>
    </ClCompile>
    <ClCompile Include="application\executors\gpu\commands\SolverInitializerCommand.cpp">
      <Filter>Source Files</Filter>
    </ClCompile>
    <ClCompile Include="application\executors\gpu\facades\GPUModelFacade.cpp">
      <Filter>Source Files</Filter>
    </ClCompile>
    <ClCompile Include="application\executors\gpu\facades\GPUSolverFacade.cpp">
      <Filter>Source Files</Filter>
    </ClCompile>
    <ClCompile Include="services\memory\gpu\BcBlockLayout.cpp">
      <Filter>Source Files</Filter>
    </ClCompile>
    <ClCompile Include="services\memory\gpu\CBlockLayout.cpp">
      <Filter>Source Files</Filter>
    </ClCompile>
    <ClCompile Include="application\executors\gpu\commands\BoundaryConditionInitCommand.cpp">
      <Filter>Source Files</Filter>
    </ClCompile>
    <ClCompile Include="application\executors\gpu\commands\CurveInitCommand.cpp">
      <Filter>Source Files</Filter>
    </ClCompile>
    <ClCompile Include="application\executors\gpu\commands\PushBcToVectorCommand.cpp">
      <Filter>Source Files</Filter>
    </ClCompile>
    <ClCompile Include="foundation\mirroring\MemoryMirror.cpp">
      <Filter>Source Files</Filter>
    </ClCompile>
    <ClCompile Include="foundation\mirroring\gpu\GPUBlockMirror.cpp">
      <Filter>Source Files</Filter>
    </ClCompile>
    <ClCompile Include="foundation\mirroring\gpu\GPUHeapMirror.cpp">
      <Filter>Source Files</Filter>
    </ClCompile>
    <ClCompile Include="foundation\mirroring\NullMemory.cpp">
      <Filter>Source Files</Filter>
    </ClCompile>
  </ItemGroup>
  <ItemGroup>
    <CudaCompile Include="application\executors\gpu\commands\kernels\gather_vector_kernel.cu" />
    <CudaCompile Include="application\executors\gpu\commands\kernels\init_element_bucket_kernel.cu" />
    <CudaCompile Include="application\executors\gpu\commands\kernels\push_bc_to_vector_kernel.cu" />
  </ItemGroup>
</Project>