<?xml version="1.0" encoding="utf-8"?>
<Project ToolsVersion="4.0" xmlns="http://schemas.microsoft.com/developer/msbuild/2003">
  <ItemGroup>
    <Filter Include="Source Files">
      <UniqueIdentifier>{4FC737F1-C7A5-4376-A066-2A32D752A2FF}</UniqueIdentifier>
      <Extensions>cpp;c;cc;cxx;def;odl;idl;hpj;bat;asm;asmx</Extensions>
    </Filter>
    <Filter Include="Header Files">
      <UniqueIdentifier>{93995380-89BD-4b04-88EB-625FBE52EBFB}</UniqueIdentifier>
      <Extensions>h;hpp;hxx;hm;inl;inc;xsd</Extensions>
    </Filter>
    <Filter Include="Resource Files">
      <UniqueIdentifier>{67DA6AB6-F800-4c08-8B7A-83BB121AAD01}</UniqueIdentifier>
      <Extensions>rc;ico;cur;bmp;dlg;rc2;rct;bin;rgs;gif;jpg;jpeg;jpe;resx;tiff;tif;png;wav;mfcribbon-ms</Extensions>
    </Filter>
  </ItemGroup>
  <ItemGroup>
    <None Include="ReadMe.txt" />
  </ItemGroup>
  <ItemGroup>
    <ClInclude Include="foundation_dll\stdafx_clr.hpp">
      <Filter>Header Files</Filter>
    </ClInclude>
    <ClInclude Include="foundation_dll\targetver.hpp">
      <Filter>Header Files</Filter>
    </ClInclude>
    <ClInclude Include="foundation_dll\resource.hpp">
      <Filter>Header Files</Filter>
    </ClInclude>
    <ClInclude Include="boost_helper.hpp">
      <Filter>Header Files</Filter>
    </ClInclude>
    <ClInclude Include="common_omp.hpp">
      <Filter>Header Files</Filter>
    </ClInclude>
    <ClInclude Include="Foundation\Axis.CommonLibrary.hpp">
      <Filter>Header Files</Filter>
    </ClInclude>
    <ClInclude Include="Domain\boundary_conditions\BoundaryCondition.hpp">
      <Filter>Header Files</Filter>
    </ClInclude>
    <ClInclude Include="Domain\Algorithms\Clockwork.hpp">
      <Filter>Header Files</Filter>
    </ClInclude>
    <ClInclude Include="Domain\Algorithms\ConjugateGradientSolver.hpp">
      <Filter>Header Files</Filter>
    </ClInclude>
    <ClInclude Include="Domain\Algorithms\Solver.hpp">
      <Filter>Header Files</Filter>
    </ClInclude>
    <ClInclude Include="Domain\Analyses\AnalysisTimeline.hpp">
      <Filter>Header Files</Filter>
    </ClInclude>
    <ClInclude Include="Domain\Analyses\ModelDynamics.hpp">
      <Filter>Header Files</Filter>
    </ClInclude>
    <ClInclude Include="Domain\Analyses\ModelKinematics.hpp">
      <Filter>Header Files</Filter>
    </ClInclude>
    <ClInclude Include="Domain\Analyses\NumericalModel.hpp">
      <Filter>Header Files</Filter>
    </ClInclude>
    <ClInclude Include="Domain\Analyses\SnapshotMark.hpp">
      <Filter>Header Files</Filter>
    </ClInclude>
    <ClInclude Include="Domain\Collections\BoundaryConditionCollection.hpp">
      <Filter>Header Files</Filter>
    </ClInclude>
    <ClInclude Include="Domain\Collections\BoundaryConditionList.hpp">
      <Filter>Header Files</Filter>
    </ClInclude>
    <ClInclude Include="Domain\Collections\CurveSet.hpp">
      <Filter>Header Files</Filter>
    </ClInclude>
    <ClInclude Include="Domain\Collections\DofList.hpp">
      <Filter>Header Files</Filter>
    </ClInclude>
    <ClInclude Include="Domain\Collections\FlagCollection.hpp">
      <Filter>Header Files</Filter>
    </ClInclude>
    <ClInclude Include="Domain\Curves\Curve.hpp">
      <Filter>Header Files</Filter>
    </ClInclude>
    <ClInclude Include="Domain\Elements\DoF.hpp">
      <Filter>Header Files</Filter>
    </ClInclude>
    <ClInclude Include="Domain\Elements\FiniteElement.hpp">
      <Filter>Header Files</Filter>
    </ClInclude>
    <ClInclude Include="Domain\Elements\MatrixOption.hpp">
      <Filter>Header Files</Filter>
    </ClInclude>
    <ClInclude Include="Domain\Elements\Node.hpp">
      <Filter>Header Files</Filter>
    </ClInclude>
    <ClInclude Include="Domain\Formulations\Formulation.hpp">
      <Filter>Header Files</Filter>
    </ClInclude>
    <ClInclude Include="Domain\Integration\IntegrationPoint.hpp">
      <Filter>Header Files</Filter>
    </ClInclude>
    <ClInclude Include="Domain\Materials\MaterialModel.hpp">
      <Filter>Header Files</Filter>
    </ClInclude>
    <ClInclude Include="services\configuration\ComponentMetadata.hpp">
      <Filter>Header Files</Filter>
    </ClInclude>
    <ClInclude Include="Services\Configuration\ConfigurationScript.hpp">
      <Filter>Header Files</Filter>
    </ClInclude>
    <ClInclude Include="Services\Configuration\ScriptFactory.hpp">
      <Filter>Header Files</Filter>
    </ClInclude>
    <ClInclude Include="Services\Configuration\XmlConfigurationScript.hpp">
      <Filter>Header Files</Filter>
    </ClInclude>
    <ClInclude Include="Services\Diagnostics\Information\SolverCapabilities.hpp">
      <Filter>Header Files</Filter>
    </ClInclude>
    <ClInclude Include="Services\IO\FileReader.hpp">
      <Filter>Header Files</Filter>
    </ClInclude>
    <ClInclude Include="services\io\FileStore.hpp">
      <Filter>Header Files</Filter>
    </ClInclude>
    <ClInclude Include="Services\IO\FileStreamWriter.hpp">
      <Filter>Header Files</Filter>
    </ClInclude>
    <ClInclude Include="Services\IO\FileWriter.hpp">
      <Filter>Header Files</Filter>
    </ClInclude>
    <ClInclude Include="Services\IO\StreamReader.hpp">
      <Filter>Header Files</Filter>
    </ClInclude>
    <ClInclude Include="Services\IO\StreamWriter.hpp">
      <Filter>Header Files</Filter>
    </ClInclude>
    <ClInclude Include="services\io\FileStorePimpl.hpp">
      <Filter>Header Files</Filter>
    </ClInclude>
    <ClInclude Include="Services\io\FileStreamWriterPimpl.hpp">
      <Filter>Header Files</Filter>
    </ClInclude>
    <ClInclude Include="domain\collections\NodeSetCollection.hpp">
      <Filter>Header Files</Filter>
    </ClInclude>
    <ClInclude Include="domain\collections\ElementSetCollection.hpp">
      <Filter>Header Files</Filter>
    </ClInclude>
    <ClInclude Include="Domain\Collections\ElementSet.hpp">
      <Filter>Header Files</Filter>
    </ClInclude>
    <ClInclude Include="Domain\Collections\NodeSet.hpp">
      <Filter>Header Files</Filter>
    </ClInclude>
    <ClInclude Include="domain\collections\FlagCollection_Pimpl.hpp">
      <Filter>Header Files</Filter>
    </ClInclude>
    <ClInclude Include="domain\analyses\AnalysisTimeline_Pimpl.hpp">
      <Filter>Header Files</Filter>
    </ClInclude>
    <ClInclude Include="application\jobs\monitoring\Probe.hpp">
      <Filter>Header Files</Filter>
    </ClInclude>
    <ClInclude Include="application\jobs\monitoring\HealthMonitor.hpp">
      <Filter>Header Files</Filter>
    </ClInclude>
    <ClInclude Include="application\jobs\AnalysisStep.hpp">
      <Filter>Header Files</Filter>
    </ClInclude>
    <ClInclude Include="application\jobs\AnalysisStep_Pimpl.hpp">
      <Filter>Header Files</Filter>
    </ClInclude>
    <ClInclude Include="foundation\collections\AssociativeCollection.hpp">
      <Filter>Header Files</Filter>
    </ClInclude>
    <ClInclude Include="foundation\collections\AssociativeCollection_Pimpl.hpp">
      <Filter>Header Files</Filter>
    </ClInclude>
    <ClInclude Include="foundation\collections\BimapSet.hpp">
      <Filter>Header Files</Filter>
    </ClInclude>
    <ClInclude Include="foundation\collections\BimapSet_Pimpl.hpp">
      <Filter>Header Files</Filter>
    </ClInclude>
    <ClInclude Include="foundation\collections\List.hpp">
      <Filter>Header Files</Filter>
    </ClInclude>
    <ClInclude Include="foundation\collections\List_Pimpl.hpp">
      <Filter>Header Files</Filter>
    </ClInclude>
    <ClInclude Include="foundation\collections\MappedSet.hpp">
      <Filter>Header Files</Filter>
    </ClInclude>
    <ClInclude Include="foundation\collections\MappedSet_Pimpl.hpp">
      <Filter>Header Files</Filter>
    </ClInclude>
    <ClInclude Include="application\jobs\WorkFolder.hpp">
      <Filter>Header Files</Filter>
    </ClInclude>
    <ClInclude Include="application\jobs\WorkFolder_Pimpl.hpp">
      <Filter>Header Files</Filter>
    </ClInclude>
    <ClInclude Include="application\jobs\StructuralAnalysis.hpp">
      <Filter>Header Files</Filter>
    </ClInclude>
    <ClInclude Include="application\jobs\StructuralAnalysis_Pimpl.hpp">
      <Filter>Header Files</Filter>
    </ClInclude>
    <ClInclude Include="application\post_processing\PostProcessor.hpp">
      <Filter>Header Files</Filter>
    </ClInclude>
    <ClInclude Include="application\jobs\monitoring\HealthMonitor_Pimpl.hpp">
      <Filter>Header Files</Filter>
    </ClInclude>
    <ClInclude Include="application\jobs\monitoring\Probe_Pimpl.hpp">
      <Filter>Header Files</Filter>
    </ClInclude>
    <ClInclude Include="application\output\collectors\EntityCollector.hpp">
      <Filter>Header Files</Filter>
    </ClInclude>
    <ClInclude Include="application\output\collectors\NodeSetCollector.hpp">
      <Filter>Header Files</Filter>
    </ClInclude>
    <ClInclude Include="application\output\collectors\ElementSetCollector.hpp">
      <Filter>Header Files</Filter>
    </ClInclude>
    <ClInclude Include="application\output\collectors\GenericCollector.hpp">
      <Filter>Header Files</Filter>
    </ClInclude>
    <ClInclude Include="application\output\workbooks\ResultWorkbook.hpp">
      <Filter>Header Files</Filter>
    </ClInclude>
    <ClInclude Include="application\output\CollectorGroup.hpp">
      <Filter>Header Files</Filter>
    </ClInclude>
    <ClInclude Include="application\output\ResultDatabase.hpp">
      <Filter>Header Files</Filter>
    </ClInclude>
    <ClInclude Include="application\output\ResultDatabase_Pimpl.hpp">
      <Filter>Header Files</Filter>
    </ClInclude>
    <ClInclude Include="application\output\recordsets\ResultRecordset.hpp">
      <Filter>Header Files</Filter>
    </ClInclude>
    <ClInclude Include="application\output\collectors\NodeDisplacementCollector.hpp">
      <Filter>Header Files</Filter>
    </ClInclude>
    <ClInclude Include="domain\algorithms\messages\ModelStateUpdateMessage.hpp">
      <Filter>Header Files</Filter>
    </ClInclude>
    <ClInclude Include="application\output\collectors\messages\AnalysisStepStartMessage.hpp">
      <Filter>Header Files</Filter>
    </ClInclude>
    <ClInclude Include="application\output\DataType.hpp">
      <Filter>Header Files</Filter>
    </ClInclude>
    <ClInclude Include="domain\analyses\AnalysisInfo.hpp">
      <Filter>Header Files</Filter>
    </ClInclude>
    <ClInclude Include="domain\analyses\StaticAnalysisInfo.hpp">
      <Filter>Header Files</Filter>
    </ClInclude>
    <ClInclude Include="domain\analyses\TransientAnalysisInfo.hpp">
      <Filter>Header Files</Filter>
    </ClInclude>
    <ClInclude Include="domain\analyses\ModalAnalysisInfo.hpp">
      <Filter>Header Files</Filter>
    </ClInclude>
    <ClInclude Include="application\output\workbooks\ResultWorkbook_Pimpl.hpp">
      <Filter>Header Files</Filter>
    </ClInclude>
    <ClInclude Include="application\output\CollectorChain.hpp">
      <Filter>Header Files</Filter>
    </ClInclude>
    <ClInclude Include="application\output\collectors\messages\AnalysisStepEndMessage.hpp">
      <Filter>Header Files</Filter>
    </ClInclude>
    <ClInclude Include="application\jobs\AnalysisStepInformation.hpp">
      <Filter>Header Files</Filter>
    </ClInclude>
    <ClInclude Include="application\output\ResultBucket.hpp">
      <Filter>Header Files</Filter>
    </ClInclude>
    <ClInclude Include="application\output\ChainMetadata.hpp">
      <Filter>Header Files</Filter>
    </ClInclude>
    <ClInclude Include="application\output\ChainMetadata_Pimpl.hpp">
      <Filter>Header Files</Filter>
    </ClInclude>
    <ClInclude Include="application\output\collectors\NodeStressCollector.hpp">
      <Filter>Header Files</Filter>
    </ClInclude>
    <ClInclude Include="application\output\collectors\NodeStrainCollector.hpp">
      <Filter>Header Files</Filter>
    </ClInclude>
    <ClInclude Include="application\output\collectors\NodeVelocityCollector.hpp">
      <Filter>Header Files</Filter>
    </ClInclude>
    <ClInclude Include="application\output\collectors\NodeAccelerationCollector.hpp">
      <Filter>Header Files</Filter>
    </ClInclude>
    <ClInclude Include="application\output\collectors\NodeReactionForceCollector.hpp">
      <Filter>Header Files</Filter>
    </ClInclude>
    <ClInclude Include="domain\algorithms\messages\SnapshotEndMessage.hpp">
      <Filter>Header Files</Filter>
    </ClInclude>
    <ClInclude Include="domain\algorithms\messages\SnapshotStartMessage.hpp">
      <Filter>Header Files</Filter>
    </ClInclude>
    <ClInclude Include="application\output\collectors\Direction3DState.hpp">
      <Filter>Header Files</Filter>
    </ClInclude>
    <ClInclude Include="application\output\collectors\ElementStressCollector.hpp">
      <Filter>Header Files</Filter>
    </ClInclude>
    <ClInclude Include="application\output\collectors\ElementStrainCollector.hpp">
      <Filter>Header Files</Filter>
    </ClInclude>
    <ClInclude Include="application\output\collectors\summarizers\SummaryNodeDisplacementCollector.hpp">
      <Filter>Header Files</Filter>
    </ClInclude>
    <ClInclude Include="application\output\collectors\summarizers\SummaryType.hpp">
      <Filter>Header Files</Filter>
    </ClInclude>
    <ClInclude Include="application\output\collectors\summarizers\SummaryNode3DCollector.hpp">
      <Filter>Header Files</Filter>
    </ClInclude>
    <ClInclude Include="application\output\collectors\summarizers\SummaryNode6DCollector.hpp">
      <Filter>Header Files</Filter>
    </ClInclude>
    <ClInclude Include="application\output\collectors\summarizers\SummaryElement6DCollector.hpp">
      <Filter>Header Files</Filter>
    </ClInclude>
    <ClInclude Include="application\output\collectors\summarizers\SummaryNodeVelocityCollector.hpp">
      <Filter>Header Files</Filter>
    </ClInclude>
    <ClInclude Include="application\output\collectors\summarizers\SummaryNodeAccelerationCollector.hpp">
      <Filter>Header Files</Filter>
    </ClInclude>
    <ClInclude Include="application\output\collectors\summarizers\SummaryNodeReactionForceCollector.hpp">
      <Filter>Header Files</Filter>
    </ClInclude>
    <ClInclude Include="application\output\collectors\summarizers\SummaryNodeStressCollector.hpp">
      <Filter>Header Files</Filter>
    </ClInclude>
    <ClInclude Include="application\output\collectors\summarizers\SummaryNodeStrainCollector.hpp">
      <Filter>Header Files</Filter>
    </ClInclude>
    <ClInclude Include="application\output\collectors\summarizers\SummaryElementStressCollector.hpp">
      <Filter>Header Files</Filter>
    </ClInclude>
    <ClInclude Include="application\output\collectors\summarizers\SummaryElementStrainCollector.hpp">
      <Filter>Header Files</Filter>
    </ClInclude>
    <ClInclude Include="application\output\collectors\messages\AnalysisEndMessage.hpp">
      <Filter>Header Files</Filter>
    </ClInclude>
    <ClInclude Include="application\output\collectors\messages\AnalysisParseFinishMessage.hpp">
      <Filter>Header Files</Filter>
    </ClInclude>
    <ClInclude Include="application\output\collectors\messages\AnalysisParseStartMessage.hpp">
      <Filter>Header Files</Filter>
    </ClInclude>
    <ClInclude Include="application\output\collectors\messages\AnalysisStartupMessage.hpp">
      <Filter>Header Files</Filter>
    </ClInclude>
    <ClInclude Include="application\output\collectors\filters\AnalysisEventFilter.hpp">
      <Filter>Header Files</Filter>
    </ClInclude>
    <ClInclude Include="application\output\collectors\filters\ApplicationEventFilter.hpp">
      <Filter>Header Files</Filter>
    </ClInclude>
    <ClInclude Include="application\output\collectors\filters\EventMessageFilter.hpp">
      <Filter>Header Files</Filter>
    </ClInclude>
    <ClInclude Include="application\output\collectors\filters\ResultMessageFilter.hpp">
      <Filter>Header Files</Filter>
    </ClInclude>
    <ClInclude Include="application\output\collectors\filters\SingleEventMessageFilter.hpp">
      <Filter>Header Files</Filter>
    </ClInclude>
    <ClInclude Include="application\output\collectors\filters\SingleResultMessageFilter.hpp">
      <Filter>Header Files</Filter>
    </ClInclude>
    <ClInclude Include="application\output\collectors\NodeExternalLoadCollector.hpp">
      <Filter>Header Files</Filter>
    </ClInclude>
    <ClInclude Include="application\output\collectors\summarizers\SummaryNodeExternalLoadCollector.hpp">
      <Filter>Header Files</Filter>
    </ClInclude>
    <ClInclude Include="application\output\collectors\Direction6DState.hpp">
      <Filter>Header Files</Filter>
    </ClInclude>
    <ClInclude Include="domain\fwd\numerical_model.hpp">
      <Filter>Header Files</Filter>
    </ClInclude>
    <ClInclude Include="application\fwd\output_collectors.hpp">
      <Filter>Header Files</Filter>
    </ClInclude>
    <ClInclude Include="application\fwd\parsing.hpp">
      <Filter>Header Files</Filter>
    </ClInclude>
    <ClInclude Include="domain\fwd\finite_element_fwd.hpp">
      <Filter>Header Files</Filter>
    </ClInclude>
    <ClInclude Include="Domain\Elements\ElementGeometry.hpp">
      <Filter>Header Files</Filter>
    </ClInclude>
    <ClInclude Include="domain\physics\UpdatedPhysicalState.hpp">
      <Filter>Header Files</Filter>
    </ClInclude>
    <ClInclude Include="domain\physics\InfinitesimalState.hpp">
      <Filter>Header Files</Filter>
    </ClInclude>
    <ClInclude Include="application\output\collectors\summarizers\SummaryElementScalarCollector.hpp">
      <Filter>Header Files</Filter>
    </ClInclude>
    <ClInclude Include="application\output\collectors\summarizers\SummaryElementArtificialEnergyCollector.hpp">
      <Filter>Header Files</Filter>
    </ClInclude>
    <ClInclude Include="application\output\collectors\ElementArtificialEnergyCollector.hpp">
      <Filter>Header Files</Filter>
    </ClInclude>
    <ClInclude Include="domain\fwd\solver_fwd.hpp">
      <Filter>Header Files</Filter>
    </ClInclude>
    <ClInclude Include="domain\elements\ReverseConnectivityList.hpp">
      <Filter>Header Files</Filter>
    </ClInclude>
    <ClInclude Include="foundation\collections\RelativeMap.hpp">
      <Filter>Header Files</Filter>
    </ClInclude>
    <ClInclude Include="foundation\collections\RelativeMap_Pimpl.hpp">
      <Filter>Header Files</Filter>
    </ClInclude>
    <ClInclude Include="domain\analyses\ReducedNumericalModel.hpp">
      <Filter>Header Files</Filter>
    </ClInclude>
    <ClInclude Include="domain\analyses\ModelOperatorFacade.hpp">
      <Filter>Header Files</Filter>
    </ClInclude>
    <ClInclude Include="domain\algorithms\ExternalSolverFacade.hpp">
      <Filter>Header Files</Filter>
    </ClInclude>
    <ClInclude Include="application\fwd\jobs_fwd.hpp">
      <Filter>Header Files</Filter>
    </ClInclude>
    <ClInclude Include="domain\formulations\FormulationStrategy.hpp">
      <Filter>Header Files</Filter>
    </ClInclude>
    <ClInclude Include="domain\materials\MaterialStrategy.hpp">
      <Filter>Header Files</Filter>
    </ClInclude>
    <ClInclude Include="domain\formulations\NullFormulationStrategy.hpp">
      <Filter>Header Files</Filter>
    </ClInclude>
    <ClInclude Include="domain\materials\NullMaterialStrategy.hpp">
      <Filter>Header Files</Filter>
    </ClInclude>
    <ClInclude Include="domain\formulations\UpdateStrainCommand.hpp">
      <Filter>Header Files</Filter>
    </ClInclude>
    <ClInclude Include="domain\formulations\NullUpdateStrainCommand.hpp">
      <Filter>Header Files</Filter>
    </ClInclude>
    <ClInclude Include="domain\materials\NullUpdateStressCommand.hpp">
      <Filter>Header Files</Filter>
    </ClInclude>
    <ClInclude Include="domain\materials\UpdateStressCommand.hpp">
      <Filter>Header Files</Filter>
    </ClInclude>
    <ClInclude Include="domain\formulations\InternalForceCommand.hpp">
      <Filter>Header Files</Filter>
    </ClInclude>
    <ClInclude Include="domain\formulations\NullInternalForceCommand.hpp">
      <Filter>Header Files</Filter>
    </ClInclude>
    <ClInclude Include="domain\boundary_conditions\NullBoundaryConditionCommand.hpp">
      <Filter>Header Files</Filter>
    </ClInclude>
    <ClInclude Include="domain\curves\CurveUpdateCommand.hpp">
      <Filter>Header Files</Filter>
    </ClInclude>
    <ClInclude Include="domain\curves\NullCurveUpdateCommand.hpp">
      <Filter>Header Files</Filter>
    </ClInclude>
    <ClInclude Include="domain\boundary_conditions\BoundaryConditionUpdateCommand.hpp">
      <Filter>Header Files</Filter>
    </ClInclude>
    <ClInclude Include="application\output\collectors\ElementEffectivePlasticStrainCollector.hpp">
      <Filter>Header Files</Filter>
    </ClInclude>
    <ClInclude Include="application\output\collectors\summarizers\SummaryElementEffectivePlasticStrainCollector.hpp">
      <Filter>Header Files</Filter>
    </ClInclude>
    <ClInclude Include="application\output\collectors\summarizers\SummaryElementPlasticStrainCollector.hpp">
      <Filter>Header Files</Filter>
    </ClInclude>
    <ClInclude Include="application\output\collectors\ElementPlasticStrainCollector.hpp">
      <Filter>Header Files</Filter>
    </ClInclude>
    <ClInclude Include="application\output\collectors\ElementDeformationGradientCollector.hpp">
      <Filter>Header Files</Filter>
    </ClInclude>
    <ClInclude Include="application\output\collectors\summarizers\SummaryElementMatrixCollector.hpp">
      <Filter>Header Files</Filter>
    </ClInclude>
    <ClInclude Include="application\output\collectors\summarizers\SummaryElementDeformationGradientCollector.hpp">
      <Filter>Header Files</Filter>
    </ClInclude>
    <ClInclude Include="domain\formulations\UpdateGeometryCommand.hpp">
      <Filter>Header Files</Filter>
    </ClInclude>
    <ClInclude Include="domain\formulations\NullUpdateGeometryCommand.hpp">
      <Filter>Header Files</Filter>
    </ClInclude>
    <ClInclude Include="services\io\BinaryWriter.hpp">
      <Filter>Header Files</Filter>
    </ClInclude>
    <ClInclude Include="services\io\BinaryReader.hpp">
      <Filter>Header Files</Filter>
    </ClInclude>
  </ItemGroup>
  <ItemGroup>
    <ClCompile Include="foundation_dll\stdafx_clr.cpp">
      <Filter>Source Files</Filter>
    </ClCompile>
    <ClCompile Include="foundation_dll\dllmain.cpp">
      <Filter>Source Files</Filter>
    </ClCompile>
    <ClCompile Include="domain\boundary_conditions\BoundaryCondition.cpp">
      <Filter>Source Files</Filter>
    </ClCompile>
    <ClCompile Include="domain\algorithms\Clockwork.cpp">
      <Filter>Source Files</Filter>
    </ClCompile>
    <ClCompile Include="domain\algorithms\ConjugateGradientSolver.cpp">
      <Filter>Source Files</Filter>
    </ClCompile>
    <ClCompile Include="domain\algorithms\Solver.cpp">
      <Filter>Source Files</Filter>
    </ClCompile>
    <ClCompile Include="domain\analyses\AnalysisTimeline.cpp">
      <Filter>Source Files</Filter>
    </ClCompile>
    <ClCompile Include="domain\analyses\ModelDynamics.cpp">
      <Filter>Source Files</Filter>
    </ClCompile>
    <ClCompile Include="domain\analyses\ModelKinematics.cpp">
      <Filter>Source Files</Filter>
    </ClCompile>
    <ClCompile Include="domain\analyses\NumericalModel.cpp">
      <Filter>Source Files</Filter>
    </ClCompile>
    <ClCompile Include="domain\analyses\SnapshotMark.cpp">
      <Filter>Source Files</Filter>
    </ClCompile>
    <ClCompile Include="domain\collections\BoundaryConditionCollection.cpp">
      <Filter>Source Files</Filter>
    </ClCompile>
    <ClCompile Include="domain\collections\BoundaryConditionList.cpp">
      <Filter>Source Files</Filter>
    </ClCompile>
    <ClCompile Include="domain\collections\CurveSet.cpp">
      <Filter>Source Files</Filter>
    </ClCompile>
    <ClCompile Include="domain\collections\DofList.cpp">
      <Filter>Source Files</Filter>
    </ClCompile>
    <ClCompile Include="domain\collections\FlagCollection.cpp">
      <Filter>Source Files</Filter>
    </ClCompile>
    <ClCompile Include="domain\curves\Curve.cpp">
      <Filter>Source Files</Filter>
    </ClCompile>
    <ClCompile Include="domain\elements\DoF.cpp">
      <Filter>Source Files</Filter>
    </ClCompile>
    <ClCompile Include="domain\elements\FiniteElement.cpp">
      <Filter>Source Files</Filter>
    </ClCompile>
    <ClCompile Include="domain\elements\MatrixOption.cpp">
      <Filter>Source Files</Filter>
    </ClCompile>
    <ClCompile Include="domain\elements\Node.cpp">
      <Filter>Source Files</Filter>
    </ClCompile>
    <ClCompile Include="domain\formulations\Formulation.cpp">
      <Filter>Source Files</Filter>
    </ClCompile>
    <ClCompile Include="domain\integration\IntegrationPoint.cpp">
      <Filter>Source Files</Filter>
    </ClCompile>
    <ClCompile Include="domain\materials\MaterialModel.cpp">
      <Filter>Source Files</Filter>
    </ClCompile>
    <ClCompile Include="services\configuration\ComponentMetadata.cpp">
      <Filter>Source Files</Filter>
    </ClCompile>
    <ClCompile Include="services\configuration\ConfigurationScript.cpp">
      <Filter>Source Files</Filter>
    </ClCompile>
    <ClCompile Include="services\configuration\ScriptFactory.cpp">
      <Filter>Source Files</Filter>
    </ClCompile>
    <ClCompile Include="services\configuration\XmlConfigurationScript.cpp">
      <Filter>Source Files</Filter>
    </ClCompile>
    <ClCompile Include="services\diagnostics\information\SolverCapabilities.cpp">
      <Filter>Source Files</Filter>
    </ClCompile>
    <ClCompile Include="services\io\FileReader.cpp">
      <Filter>Source Files</Filter>
    </ClCompile>
    <ClCompile Include="services\io\FileStore.cpp">
      <Filter>Source Files</Filter>
    </ClCompile>
    <ClCompile Include="services\io\FileStreamWriter.cpp">
      <Filter>Source Files</Filter>
    </ClCompile>
    <ClCompile Include="services\io\FileWriter.cpp">
      <Filter>Source Files</Filter>
    </ClCompile>
    <ClCompile Include="services\io\StreamWriter.cpp">
      <Filter>Source Files</Filter>
    </ClCompile>
    <ClCompile Include="domain\collections\NodeSetCollection.cpp">
      <Filter>Source Files</Filter>
    </ClCompile>
    <ClCompile Include="domain\collections\ElementSetCollection.cpp">
      <Filter>Source Files</Filter>
    </ClCompile>
    <ClCompile Include="domain\collections\ElementSet.cpp">
      <Filter>Source Files</Filter>
    </ClCompile>
    <ClCompile Include="domain\collections\NodeSet.cpp">
      <Filter>Source Files</Filter>
    </ClCompile>
    <ClCompile Include="application\jobs\monitoring\Probe.cpp">
      <Filter>Source Files</Filter>
    </ClCompile>
    <ClCompile Include="application\jobs\monitoring\HealthMonitor.cpp">
      <Filter>Source Files</Filter>
    </ClCompile>
    <ClCompile Include="application\jobs\AnalysisStep.cpp">
      <Filter>Source Files</Filter>
    </ClCompile>
    <ClCompile Include="application\jobs\AnalysisStep_Pimpl.cpp">
      <Filter>Source Files</Filter>
    </ClCompile>
    <ClCompile Include="foundation\collections\AssociativeCollection.cpp">
      <Filter>Source Files</Filter>
    </ClCompile>
    <ClCompile Include="foundation\collections\BimapSet.cpp">
      <Filter>Source Files</Filter>
    </ClCompile>
    <ClCompile Include="foundation\collections\List.cpp">
      <Filter>Source Files</Filter>
    </ClCompile>
    <ClCompile Include="foundation\collections\MappedSet.cpp">
      <Filter>Source Files</Filter>
    </ClCompile>
    <ClCompile Include="application\jobs\WorkFolder.cpp">
      <Filter>Source Files</Filter>
    </ClCompile>
    <ClCompile Include="application\jobs\StructuralAnalysis.cpp">
      <Filter>Source Files</Filter>
    </ClCompile>
    <ClCompile Include="application\jobs\StructuralAnalysis_Pimpl.cpp">
      <Filter>Source Files</Filter>
    </ClCompile>
    <ClCompile Include="application\post_processing\PostProcessor.cpp">
      <Filter>Source Files</Filter>
    </ClCompile>
    <ClCompile Include="application\output\collectors\EntityCollector.cpp">
      <Filter>Source Files</Filter>
    </ClCompile>
    <ClCompile Include="application\output\collectors\NodeSetCollector.cpp">
      <Filter>Source Files</Filter>
    </ClCompile>
    <ClCompile Include="application\output\collectors\ElementSetCollector.cpp">
      <Filter>Source Files</Filter>
    </ClCompile>
    <ClCompile Include="application\output\collectors\GenericCollector.cpp">
      <Filter>Source Files</Filter>
    </ClCompile>
    <ClCompile Include="application\output\workbooks\ResultWorkbook.cpp">
      <Filter>Source Files</Filter>
    </ClCompile>
    <ClCompile Include="application\output\CollectorGroup.cpp">
      <Filter>Source Files</Filter>
    </ClCompile>
    <ClCompile Include="application\output\ResultDatabase.cpp">
      <Filter>Source Files</Filter>
    </ClCompile>
    <ClCompile Include="application\output\ResultDatabase_Pimpl.cpp">
      <Filter>Source Files</Filter>
    </ClCompile>
    <ClCompile Include="application\output\recordsets\ResultRecordset.cpp">
      <Filter>Source Files</Filter>
    </ClCompile>
    <ClCompile Include="application\output\collectors\NodeDisplacementCollector.cpp">
      <Filter>Source Files</Filter>
    </ClCompile>
    <ClCompile Include="domain\algorithms\messages\ModelStateUpdateMessage.cpp">
      <Filter>Source Files</Filter>
    </ClCompile>
    <ClCompile Include="application\output\collectors\messages\AnalysisStepStartMessage.cpp">
      <Filter>Source Files</Filter>
    </ClCompile>
    <ClCompile Include="domain\analyses\AnalysisInfo.cpp">
      <Filter>Source Files</Filter>
    </ClCompile>
    <ClCompile Include="domain\analyses\StaticAnalysisInfo.cpp">
      <Filter>Source Files</Filter>
    </ClCompile>
    <ClCompile Include="domain\analyses\TransientAnalysisInfo.cpp">
      <Filter>Source Files</Filter>
    </ClCompile>
    <ClCompile Include="domain\analyses\ModalAnalysisInfo.cpp">
      <Filter>Source Files</Filter>
    </ClCompile>
    <ClCompile Include="application\output\workbooks\ResultWorkbook_Pimpl.cpp">
      <Filter>Source Files</Filter>
    </ClCompile>
    <ClCompile Include="application\output\CollectorChain.cpp">
      <Filter>Source Files</Filter>
    </ClCompile>
    <ClCompile Include="application\output\collectors\messages\AnalysisStepEndMessage.cpp">
      <Filter>Source Files</Filter>
    </ClCompile>
    <ClCompile Include="application\jobs\AnalysisStepInformation.cpp">
      <Filter>Source Files</Filter>
    </ClCompile>
    <ClCompile Include="application\output\ResultBucket.cpp">
      <Filter>Source Files</Filter>
    </ClCompile>
    <ClCompile Include="application\output\ChainMetadata.cpp">
      <Filter>Source Files</Filter>
    </ClCompile>
    <ClCompile Include="application\output\collectors\NodeStressCollector.cpp">
      <Filter>Source Files</Filter>
    </ClCompile>
    <ClCompile Include="application\output\collectors\NodeStrainCollector.cpp">
      <Filter>Source Files</Filter>
    </ClCompile>
    <ClCompile Include="application\output\collectors\NodeVelocityCollector.cpp">
      <Filter>Source Files</Filter>
    </ClCompile>
    <ClCompile Include="application\output\collectors\NodeAccelerationCollector.cpp">
      <Filter>Source Files</Filter>
    </ClCompile>
    <ClCompile Include="application\output\collectors\NodeReactionForceCollector.cpp">
      <Filter>Source Files</Filter>
    </ClCompile>
    <ClCompile Include="domain\algorithms\messages\SnapshotEndMessage.cpp">
      <Filter>Source Files</Filter>
    </ClCompile>
    <ClCompile Include="domain\algorithms\messages\SnapshotStartMessage.cpp">
      <Filter>Source Files</Filter>
    </ClCompile>
    <ClCompile Include="application\output\collectors\ElementStressCollector.cpp">
      <Filter>Source Files</Filter>
    </ClCompile>
    <ClCompile Include="application\output\collectors\ElementStrainCollector.cpp">
      <Filter>Source Files</Filter>
    </ClCompile>
    <ClCompile Include="application\output\collectors\summarizers\SummaryNodeDisplacementCollector.cpp">
      <Filter>Source Files</Filter>
    </ClCompile>
    <ClCompile Include="application\output\collectors\summarizers\SummaryNode3DCollector.cpp">
      <Filter>Source Files</Filter>
    </ClCompile>
    <ClCompile Include="application\output\collectors\summarizers\SummaryNode6DCollector.cpp">
      <Filter>Source Files</Filter>
    </ClCompile>
    <ClCompile Include="application\output\collectors\summarizers\SummaryElement6DCollector.cpp">
      <Filter>Source Files</Filter>
    </ClCompile>
    <ClCompile Include="application\output\collectors\summarizers\SummaryNodeVelocityCollector.cpp">
      <Filter>Source Files</Filter>
    </ClCompile>
    <ClCompile Include="application\output\collectors\summarizers\SummaryNodeAccelerationCollector.cpp">
      <Filter>Source Files</Filter>
    </ClCompile>
    <ClCompile Include="application\output\collectors\summarizers\SummaryNodeReactionForceCollector.cpp">
      <Filter>Source Files</Filter>
    </ClCompile>
    <ClCompile Include="application\output\collectors\summarizers\SummaryNodeStressCollector.cpp">
      <Filter>Source Files</Filter>
    </ClCompile>
    <ClCompile Include="application\output\collectors\summarizers\SummaryNodeStrainCollector.cpp">
      <Filter>Source Files</Filter>
    </ClCompile>
    <ClCompile Include="application\output\collectors\summarizers\SummaryElementStressCollector.cpp">
      <Filter>Source Files</Filter>
    </ClCompile>
    <ClCompile Include="application\output\collectors\summarizers\SummaryElementStrainCollector.cpp">
      <Filter>Source Files</Filter>
    </ClCompile>
    <ClCompile Include="application\output\collectors\messages\AnalysisEndMessage.cpp">
      <Filter>Source Files</Filter>
    </ClCompile>
    <ClCompile Include="application\output\collectors\messages\AnalysisParseFinishMessage.cpp">
      <Filter>Source Files</Filter>
    </ClCompile>
    <ClCompile Include="application\output\collectors\messages\AnalysisParseStartMessage.cpp">
      <Filter>Source Files</Filter>
    </ClCompile>
    <ClCompile Include="application\output\collectors\messages\AnalysisStartupMessage.cpp">
      <Filter>Source Files</Filter>
    </ClCompile>
    <ClCompile Include="application\output\collectors\filters\AnalysisEventFilter.cpp">
      <Filter>Source Files</Filter>
    </ClCompile>
    <ClCompile Include="application\output\collectors\filters\ApplicationEventFilter.cpp">
      <Filter>Source Files</Filter>
    </ClCompile>
    <ClCompile Include="application\output\collectors\filters\EventMessageFilter.cpp">
      <Filter>Source Files</Filter>
    </ClCompile>
    <ClCompile Include="application\output\collectors\filters\ResultMessageFilter.cpp">
      <Filter>Source Files</Filter>
    </ClCompile>
    <ClCompile Include="application\output\collectors\filters\SingleEventMessageFilter.cpp">
      <Filter>Source Files</Filter>
    </ClCompile>
    <ClCompile Include="application\output\collectors\filters\SingleResultMessageFilter.cpp">
      <Filter>Source Files</Filter>
    </ClCompile>
    <ClCompile Include="application\output\collectors\NodeExternalLoadCollector.cpp">
      <Filter>Source Files</Filter>
    </ClCompile>
    <ClCompile Include="application\output\collectors\summarizers\SummaryNodeExternalLoadCollector.cpp">
      <Filter>Source Files</Filter>
    </ClCompile>
    <ClCompile Include="domain\elements\ElementGeometry.cpp">
      <Filter>Source Files</Filter>
    </ClCompile>
    <ClCompile Include="domain\physics\UpdatedPhysicalState.cpp">
      <Filter>Source Files</Filter>
    </ClCompile>
    <ClCompile Include="domain\physics\InfinitesimalState.cpp">
      <Filter>Source Files</Filter>
    </ClCompile>
    <ClCompile Include="application\output\collectors\summarizers\SummaryElementScalarCollector.cpp">
      <Filter>Source Files</Filter>
    </ClCompile>
    <ClCompile Include="application\output\collectors\summarizers\SummaryElementArtificialEnergyCollector.cpp">
      <Filter>Source Files</Filter>
    </ClCompile>
    <ClCompile Include="application\output\collectors\ElementArtificialEnergyCollector.cpp">
      <Filter>Source Files</Filter>
    </ClCompile>
    <ClCompile Include="domain\elements\ReverseConnectivityList.cpp">
      <Filter>Source Files</Filter>
    </ClCompile>
    <ClCompile Include="foundation\collections\RelativeMap.cpp">
      <Filter>Source Files</Filter>
    </ClCompile>
    <ClCompile Include="domain\analyses\ReducedNumericalModel.cpp">
      <Filter>Source Files</Filter>
    </ClCompile>
    <ClCompile Include="domain\analyses\ModelOperatorFacade.cpp">
      <Filter>Source Files</Filter>
    </ClCompile>
    <ClCompile Include="domain\algorithms\ExternalSolverFacade.cpp">
      <Filter>Source Files</Filter>
    </ClCompile>
    <ClCompile Include="domain\formulations\FormulationStrategy.cpp">
      <Filter>Source Files</Filter>
    </ClCompile>
    <ClCompile Include="domain\materials\MaterialStrategy.cpp">
      <Filter>Source Files</Filter>
    </ClCompile>
    <ClCompile Include="domain\formulations\NullFormulationStrategy.cpp">
      <Filter>Source Files</Filter>
    </ClCompile>
    <ClCompile Include="domain\materials\NullMaterialStrategy.cpp">
      <Filter>Source Files</Filter>
    </ClCompile>
    <ClCompile Include="domain\formulations\UpdateStrainCommand.cpp">
      <Filter>Source Files</Filter>
    </ClCompile>
    <ClCompile Include="domain\formulations\NullUpdateStrainCommand.cpp">
      <Filter>Source Files</Filter>
    </ClCompile>
    <ClCompile Include="domain\materials\NullUpdateStressCommand.cpp">
      <Filter>Source Files</Filter>
    </ClCompile>
    <ClCompile Include="domain\materials\UpdateStressCommand.cpp">
      <Filter>Source Files</Filter>
    </ClCompile>
    <ClCompile Include="domain\formulations\InternalForceCommand.cpp">
      <Filter>Source Files</Filter>
    </ClCompile>
    <ClCompile Include="domain\formulations\NullInternalForceCommand.cpp">
      <Filter>Source Files</Filter>
    </ClCompile>
    <ClCompile Include="domain\boundary_conditions\NullBoundaryConditionCommand.cpp">
      <Filter>Source Files</Filter>
    </ClCompile>
    <ClCompile Include="domain\curves\CurveUpdateCommand.cpp">
      <Filter>Source Files</Filter>
    </ClCompile>
    <ClCompile Include="domain\curves\NullCurveUpdateCommand.cpp">
      <Filter>Source Files</Filter>
    </ClCompile>
    <ClCompile Include="domain\boundary_conditions\BoundaryConditionUpdateCommand.cpp">
      <Filter>Source Files</Filter>
    </ClCompile>
    <ClCompile Include="application\output\collectors\ElementEffectivePlasticStrainCollector.cpp">
      <Filter>Source Files</Filter>
    </ClCompile>
    <ClCompile Include="application\output\collectors\summarizers\SummaryElementEffectivePlasticStrainCollector.cpp">
      <Filter>Source Files</Filter>
    </ClCompile>
    <ClCompile Include="application\output\collectors\summarizers\SummaryElementPlasticStrainCollector.cpp">
      <Filter>Source Files</Filter>
    </ClCompile>
    <ClCompile Include="application\output\collectors\ElementPlasticStrainCollector.cpp">
      <Filter>Source Files</Filter>
    </ClCompile>
    <ClCompile Include="application\output\collectors\ElementDeformationGradientCollector.cpp">
      <Filter>Source Files</Filter>
    </ClCompile>
    <ClCompile Include="application\output\collectors\summarizers\SummaryElementMatrixCollector.cpp">
      <Filter>Source Files</Filter>
    </ClCompile>
    <ClCompile Include="application\output\collectors\summarizers\SummaryElementDeformationGradientCollector.cpp">
      <Filter>Source Files</Filter>
    </ClCompile>
    <ClCompile Include="domain\formulations\UpdateGeometryCommand.cpp">
      <Filter>Source Files</Filter>
    </ClCompile>
    <ClCompile Include="domain\formulations\NullUpdateGeometryCommand.cpp">
      <Filter>Source Files</Filter>
    </ClCompile>
    <ClCompile Include="services\io\BinaryWriter.cpp">
      <Filter>Source Files</Filter>
    </ClCompile>
    <ClCompile Include="services\io\BinaryReader.cpp">
      <Filter>Source Files</Filter>
    </ClCompile>
  </ItemGroup>
  <ItemGroup>
    <ResourceCompile Include="Axis.CommonLibrary.rc">
      <Filter>Resource Files</Filter>
    </ResourceCompile>
  </ItemGroup>
</Project>